// !$*UTF8*$!
{
	archiveVersion = 1;
	classes = {
	};
	objectVersion = 56;
	objects = {

/* Begin PBXBuildFile section */
		A5000000000000000000000A /* Hello-iOS.c in Sources */ = {isa = PBXBuildFile; fileRef = A2000000000000000000000A; };
		A5000000000000000000000B /* HelloViewController.c in Sources */ = {isa = PBXBuildFile; fileRef = A2000000000000000000000B; };
		A5000000000000000000000C /* Hello-Scene.c in Sources */ = {isa = PBXBuildFile; fileRef = A2000000000000000000000C; };
		A5000000000000000000000D /* HelloViewController.json in Resources */ = {isa = PBXBuildFile; fileRef = A2000000000000000000000F; };
		A5000000000000000000000F /* SDL3.xcframework in Frameworks */ = {isa = PBXBuildFile; fileRef = A3000000000000000000000A; };
		2E94AB988299C8983B542DD2 /* SDL3_image.xcframework in Frameworks */ = {isa = PBXBuildFile; fileRef = A3000000000000000000000B; };
		81116FD6761DF07A38435E1D /* SDL3_ttf.xcframework in Frameworks */ = {isa = PBXBuildFile; fileRef = A3000000000000000000000C; };
		2C0BA0893180951355A61AE3 /* libcurl.xcframework in Frameworks */ = {isa = PBXBuildFile; fileRef = A3000000000000000000000D; };
		BC453B5ACB1EBC2E5687F378 /* Objectively.xcframework in Frameworks */ = {isa = PBXBuildFile; fileRef = A3000000000000000000000E; };
		416334CD9DAE9E0C04C8CD6B /* ObjectivelyMVC.xcframework in Frameworks */ = {isa = PBXBuildFile; fileRef = A3000000000000000000000F; };
		36E765DC03929454299BB061 /* UIKit.framework in Frameworks */ = {isa = PBXBuildFile; fileRef = A4000000000000000000000A; };
		3C2C7F82AAECA509187D8ABB /* Foundation.framework in Frameworks */ = {isa = PBXBuildFile; fileRef = A4000000000000000000000B; };
		6C53967CED82F80BF291D091 /* OpenGLES.framework in Frameworks */ = {isa = PBXBuildFile; fileRef = A4000000000000000000000C; };
		DDD43DF4F14E143B84AA6C3B /* Metal.framework in Frameworks */ = {isa = PBXBuildFile; fileRef = A4000000000000000000000D; };
		DF13067A2F197AB9FAC9300D /* AudioToolbox.framework in Frameworks */ = {isa = PBXBuildFile; fileRef = A4000000000000000000000E; };
		4D9B6337A95BBE21BB3D728D /* CoreGraphics.framework in Frameworks */ = {isa = PBXBuildFile; fileRef = A4000000000000000000000F; };
		E50F32A708E1A421D284D049 /* GameController.framework in Frameworks */ = {isa = PBXBuildFile; fileRef = 1B4B35C12209312206F7333E; };
		10885AD51E7A23CA45F201E8 /* CoreMotion.framework in Frameworks */ = {isa = PBXBuildFile; fileRef = 8D0393D583C8CE8294502F28; };
		0F9C92B1338F7FD88BB24B1B /* AVFoundation.framework in Frameworks */ = {isa = PBXBuildFile; fileRef = 3AB6D11D5834D4E883AD15B8; };
		91EEC5B6DE7627B0BEC54664 /* CoreVideo.framework in Frameworks */ = {isa = PBXBuildFile; fileRef = B01F26553ECA53B13DA110B0; };
		A277FF0120D49A8885A9D3B8 /* QuartzCore.framework in Frameworks */ = {isa = PBXBuildFile; fileRef = 1CBDEC9FB3FC3F1052A55091; };
		FCD706A23646D172A4896F2D /* CoreBluetooth.framework in Frameworks */ = {isa = PBXBuildFile; fileRef = C05D575DD9FF4FA831631DF5; };
		12AF1EDF76EA4642048618B7 /* CoreHaptics.framework in Frameworks */ = {isa = PBXBuildFile; fileRef = 3B6DCD9A13B80930BB312F7F; };
		9B405BB52CBC245D274DC478 /* CoreMedia.framework in Frameworks */ = {isa = PBXBuildFile; fileRef = 2CC4359A5B375081B5AE4B14; };
		99A7011F6C286938C58C689C /* CoreText.framework in Frameworks */ = {isa = PBXBuildFile; fileRef = B835388C0E0D158233F913F7; };
		A6000000000000000000000A /* ImageIO.framework in Frameworks */ = {isa = PBXBuildFile; fileRef = 92B80DE81A585DFE106B5B47; };
		A6000000000000000000000B /* MobileCoreServices.framework in Frameworks */ = {isa = PBXBuildFile; fileRef = 33CF1742C09AE669A2473DFF; };
		A6000000000000000000000C /* UniformTypeIdentifiers.framework in Frameworks */ = {isa = PBXBuildFile; fileRef = 862CEB9E5DBFEF452BD8A698; };
		A6000000000000000000000D /* Network.framework in Frameworks */ = {isa = PBXBuildFile; fileRef = F51A82E1ED1DCCB1869C1BB2; };
/* End PBXBuildFile section */

/* Begin PBXFileReference section */
		FC91E91159444BA919556978 /* Hello.app */ = {isa = PBXFileReference; explicitFileType = wrapper.application; includeInIndex = 0; path = Hello.app; sourceTree = BUILT_PRODUCTS_DIR; };
		A2000000000000000000000A /* Hello-iOS.c */ = {isa = PBXFileReference; fileEncoding = 4; lastKnownFileType = sourcecode.c.c; path = "Hello-iOS.c"; sourceTree = "<group>"; };
		A2000000000000000000000B /* HelloViewController.c */ = {isa = PBXFileReference; fileEncoding = 4; lastKnownFileType = sourcecode.c.c; name = HelloViewController.c; path = ../HelloViewController.c; sourceTree = "<group>"; };
		A2000000000000000000000C /* Hello-Scene.c */ = {isa = PBXFileReference; fileEncoding = 4; lastKnownFileType = sourcecode.c.c; name = "Hello-Scene.c"; path = "../Hello-Scene.c"; sourceTree = "<group>"; };
		A2000000000000000000000D /* HelloViewController.h */ = {isa = PBXFileReference; fileEncoding = 4; lastKnownFileType = sourcecode.c.h; name = HelloViewController.h; path = ../HelloViewController.h; sourceTree = "<group>"; };
		A2000000000000000000000E /* Hello-Scene.h */ = {isa = PBXFileReference; fileEncoding = 4; lastKnownFileType = sourcecode.c.h; name = "Hello-Scene.h"; path = "../Hello-Scene.h"; sourceTree = "<group>"; };
		A2000000000000000000000F /* HelloViewController.json */ = {isa = PBXFileReference; fileEncoding = 4; lastKnownFileType = text.json; name = HelloViewController.json; path = ../HelloViewController.json; sourceTree = "<group>"; };
		E21EB5BD51389DFCFE4AB9DF /* Info.plist */ = {isa = PBXFileReference; fileEncoding = 4; lastKnownFileType = text.plist.xml; path = Info.plist; sourceTree = "<group>"; };
		A3000000000000000000000A /* SDL3.xcframework */ = {isa = PBXFileReference; lastKnownFileType = wrapper.xcframework; name = SDL3.xcframework; path = ../../Frameworks/SDL3.xcframework; sourceTree = "<group>"; };
		A3000000000000000000000B /* SDL3_image.xcframework */ = {isa = PBXFileReference; lastKnownFileType = wrapper.xcframework; name = SDL3_image.xcframework; path = ../../Frameworks/SDL3_image.xcframework; sourceTree = "<group>"; };
		A3000000000000000000000C /* SDL3_ttf.xcframework */ = {isa = PBXFileReference; lastKnownFileType = wrapper.xcframework; name = SDL3_ttf.xcframework; path = ../../Frameworks/SDL3_ttf.xcframework; sourceTree = "<group>"; };
		A3000000000000000000000D /* libcurl.xcframework */ = {isa = PBXFileReference; lastKnownFileType = wrapper.xcframework; name = libcurl.xcframework; path = ../../Frameworks/libcurl.xcframework; sourceTree = "<group>"; };
		A3000000000000000000000E /* Objectively.xcframework */ = {isa = PBXFileReference; lastKnownFileType = wrapper.xcframework; name = Objectively.xcframework; path = ../../Frameworks/Objectively.xcframework; sourceTree = "<group>"; };
		A3000000000000000000000F /* ObjectivelyMVC.xcframework */ = {isa = PBXFileReference; lastKnownFileType = wrapper.xcframework; name = ObjectivelyMVC.xcframework; path = ../../Frameworks/ObjectivelyMVC.xcframework; sourceTree = "<group>"; };
		A4000000000000000000000A /* UIKit.framework */ = {isa = PBXFileReference; lastKnownFileType = wrapper.framework; name = UIKit.framework; path = System/Library/Frameworks/UIKit.framework; sourceTree = SDKROOT; };
		A4000000000000000000000B /* Foundation.framework */ = {isa = PBXFileReference; lastKnownFileType = wrapper.framework; name = Foundation.framework; path = System/Library/Frameworks/Foundation.framework; sourceTree = SDKROOT; };
		A4000000000000000000000C /* OpenGLES.framework */ = {isa = PBXFileReference; lastKnownFileType = wrapper.framework; name = OpenGLES.framework; path = System/Library/Frameworks/OpenGLES.framework; sourceTree = SDKROOT; };
		A4000000000000000000000D /* Metal.framework */ = {isa = PBXFileReference; lastKnownFileType = wrapper.framework; name = Metal.framework; path = System/Library/Frameworks/Metal.framework; sourceTree = SDKROOT; };
		A4000000000000000000000E /* AudioToolbox.framework */ = {isa = PBXFileReference; lastKnownFileType = wrapper.framework; name = AudioToolbox.framework; path = System/Library/Frameworks/AudioToolbox.framework; sourceTree = SDKROOT; };
		A4000000000000000000000F /* CoreGraphics.framework */ = {isa = PBXFileReference; lastKnownFileType = wrapper.framework; name = CoreGraphics.framework; path = System/Library/Frameworks/CoreGraphics.framework; sourceTree = SDKROOT; };
		1B4B35C12209312206F7333E /* GameController.framework */ = {isa = PBXFileReference; lastKnownFileType = wrapper.framework; name = GameController.framework; path = System/Library/Frameworks/GameController.framework; sourceTree = SDKROOT; };
		8D0393D583C8CE8294502F28 /* CoreMotion.framework */ = {isa = PBXFileReference; lastKnownFileType = wrapper.framework; name = CoreMotion.framework; path = System/Library/Frameworks/CoreMotion.framework; sourceTree = SDKROOT; };
		3AB6D11D5834D4E883AD15B8 /* AVFoundation.framework */ = {isa = PBXFileReference; lastKnownFileType = wrapper.framework; name = AVFoundation.framework; path = System/Library/Frameworks/AVFoundation.framework; sourceTree = SDKROOT; };
		B01F26553ECA53B13DA110B0 /* CoreVideo.framework */ = {isa = PBXFileReference; lastKnownFileType = wrapper.framework; name = CoreVideo.framework; path = System/Library/Frameworks/CoreVideo.framework; sourceTree = SDKROOT; };
		1CBDEC9FB3FC3F1052A55091 /* QuartzCore.framework */ = {isa = PBXFileReference; lastKnownFileType = wrapper.framework; name = QuartzCore.framework; path = System/Library/Frameworks/QuartzCore.framework; sourceTree = SDKROOT; };
		C05D575DD9FF4FA831631DF5 /* CoreBluetooth.framework */ = {isa = PBXFileReference; lastKnownFileType = wrapper.framework; name = CoreBluetooth.framework; path = System/Library/Frameworks/CoreBluetooth.framework; sourceTree = SDKROOT; };
		3B6DCD9A13B80930BB312F7F /* CoreHaptics.framework */ = {isa = PBXFileReference; lastKnownFileType = wrapper.framework; name = CoreHaptics.framework; path = System/Library/Frameworks/CoreHaptics.framework; sourceTree = SDKROOT; };
		2CC4359A5B375081B5AE4B14 /* CoreMedia.framework */ = {isa = PBXFileReference; lastKnownFileType = wrapper.framework; name = CoreMedia.framework; path = System/Library/Frameworks/CoreMedia.framework; sourceTree = SDKROOT; };
		B835388C0E0D158233F913F7 /* CoreText.framework */ = {isa = PBXFileReference; lastKnownFileType = wrapper.framework; name = CoreText.framework; path = System/Library/Frameworks/CoreText.framework; sourceTree = SDKROOT; };
		92B80DE81A585DFE106B5B47 /* ImageIO.framework */ = {isa = PBXFileReference; lastKnownFileType = wrapper.framework; name = ImageIO.framework; path = System/Library/Frameworks/ImageIO.framework; sourceTree = SDKROOT; };
		33CF1742C09AE669A2473DFF /* MobileCoreServices.framework */ = {isa = PBXFileReference; lastKnownFileType = wrapper.framework; name = MobileCoreServices.framework; path = System/Library/Frameworks/MobileCoreServices.framework; sourceTree = SDKROOT; };
		862CEB9E5DBFEF452BD8A698 /* UniformTypeIdentifiers.framework */ = {isa = PBXFileReference; lastKnownFileType = wrapper.framework; name = UniformTypeIdentifiers.framework; path = System/Library/Frameworks/UniformTypeIdentifiers.framework; sourceTree = SDKROOT; };
		F51A82E1ED1DCCB1869C1BB2 /* Network.framework */ = {isa = PBXFileReference; lastKnownFileType = wrapper.framework; name = Network.framework; path = System/Library/Frameworks/Network.framework; sourceTree = SDKROOT; };
/* End PBXFileReference section */

/* Begin PBXFrameworksBuildPhase section */
		E56ADA9CCF08CA76DC2CE48D /* Frameworks */ = {
			isa = PBXFrameworksBuildPhase;
			buildActionMask = 2147483647;
			files = (
				A5000000000000000000000F /* SDL3.xcframework in Frameworks */,
				2E94AB988299C8983B542DD2 /* SDL3_image.xcframework in Frameworks */,
				81116FD6761DF07A38435E1D /* SDL3_ttf.xcframework in Frameworks */,
				2C0BA0893180951355A61AE3 /* libcurl.xcframework in Frameworks */,
				BC453B5ACB1EBC2E5687F378 /* Objectively.xcframework in Frameworks */,
				416334CD9DAE9E0C04C8CD6B /* ObjectivelyMVC.xcframework in Frameworks */,
				36E765DC03929454299BB061 /* UIKit.framework in Frameworks */,
				3C2C7F82AAECA509187D8ABB /* Foundation.framework in Frameworks */,
				6C53967CED82F80BF291D091 /* OpenGLES.framework in Frameworks */,
				DDD43DF4F14E143B84AA6C3B /* Metal.framework in Frameworks */,
				DF13067A2F197AB9FAC9300D /* AudioToolbox.framework in Frameworks */,
				4D9B6337A95BBE21BB3D728D /* CoreGraphics.framework in Frameworks */,
				E50F32A708E1A421D284D049 /* GameController.framework in Frameworks */,
				10885AD51E7A23CA45F201E8 /* CoreMotion.framework in Frameworks */,
				0F9C92B1338F7FD88BB24B1B /* AVFoundation.framework in Frameworks */,
				91EEC5B6DE7627B0BEC54664 /* CoreVideo.framework in Frameworks */,
				A277FF0120D49A8885A9D3B8 /* QuartzCore.framework in Frameworks */,
				FCD706A23646D172A4896F2D /* CoreBluetooth.framework in Frameworks */,
				12AF1EDF76EA4642048618B7 /* CoreHaptics.framework in Frameworks */,
				9B405BB52CBC245D274DC478 /* CoreMedia.framework in Frameworks */,
				99A7011F6C286938C58C689C /* CoreText.framework in Frameworks */,
				A6000000000000000000000A /* ImageIO.framework in Frameworks */,
				A6000000000000000000000B /* MobileCoreServices.framework in Frameworks */,
				A6000000000000000000000C /* UniformTypeIdentifiers.framework in Frameworks */,
				A6000000000000000000000D /* Network.framework in Frameworks */,
			);
			runOnlyForDeploymentPostprocessing = 0;
		};
/* End PBXFrameworksBuildPhase section */

/* Begin PBXGroup section */
		40EE27BD50C3EAF5F9DC0C42 = {
			isa = PBXGroup;
			children = (
				6A51FC8ED89BA5BF5B39F7B4 /* Hello-iOS */,
				FEB6CAD96B99185C9D65483F /* Shared */,
				8D01AE8EFC41D1FCB599B2B3 /* Frameworks */,
				A42741ABF4C04B6EED06F3FC /* Products */,
			);
			sourceTree = "<group>";
		};
		A42741ABF4C04B6EED06F3FC /* Products */ = {
			isa = PBXGroup;
			children = (FC91E91159444BA919556978 /* Hello.app */,);
			name = Products;
			sourceTree = "<group>";
		};
		8D01AE8EFC41D1FCB599B2B3 /* Frameworks */ = {
			isa = PBXGroup;
			children = (
				A3000000000000000000000A /* SDL3.xcframework */,
				A3000000000000000000000B /* SDL3_image.xcframework */,
				A3000000000000000000000C /* SDL3_ttf.xcframework */,
				A3000000000000000000000D /* libcurl.xcframework */,
				A3000000000000000000000E /* Objectively.xcframework */,
				A3000000000000000000000F /* ObjectivelyMVC.xcframework */,
				A4000000000000000000000A /* UIKit.framework */,
				A4000000000000000000000B /* Foundation.framework */,
				A4000000000000000000000C /* OpenGLES.framework */,
				A4000000000000000000000D /* Metal.framework */,
				A4000000000000000000000E /* AudioToolbox.framework */,
				A4000000000000000000000F /* CoreGraphics.framework */,
				1B4B35C12209312206F7333E /* GameController.framework */,
				8D0393D583C8CE8294502F28 /* CoreMotion.framework */,
				3AB6D11D5834D4E883AD15B8 /* AVFoundation.framework */,
				B01F26553ECA53B13DA110B0 /* CoreVideo.framework */,
				1CBDEC9FB3FC3F1052A55091 /* QuartzCore.framework */,
				C05D575DD9FF4FA831631DF5 /* CoreBluetooth.framework */,
				3B6DCD9A13B80930BB312F7F /* CoreHaptics.framework */,
				2CC4359A5B375081B5AE4B14 /* CoreMedia.framework */,
				B835388C0E0D158233F913F7 /* CoreText.framework */,
				92B80DE81A585DFE106B5B47 /* ImageIO.framework */,
				33CF1742C09AE669A2473DFF /* MobileCoreServices.framework */,
				862CEB9E5DBFEF452BD8A698 /* UniformTypeIdentifiers.framework */,
				F51A82E1ED1DCCB1869C1BB2 /* Network.framework */,
			);
			name = Frameworks;
			sourceTree = "<group>";
		};
		6A51FC8ED89BA5BF5B39F7B4 /* Hello-iOS */ = {
			isa = PBXGroup;
			children = (
				A2000000000000000000000A /* Hello-iOS.c */,
				E21EB5BD51389DFCFE4AB9DF /* Info.plist */,
			);
			name = "Hello-iOS";
			sourceTree = "<group>";
		};
		FEB6CAD96B99185C9D65483F /* Shared */ = {
			isa = PBXGroup;
			children = (
				A2000000000000000000000B /* HelloViewController.c */,
				A2000000000000000000000C /* Hello-Scene.c */,
				A2000000000000000000000D /* HelloViewController.h */,
				A2000000000000000000000E /* Hello-Scene.h */,
				A2000000000000000000000F /* HelloViewController.json */,
			);
			name = Shared;
			sourceTree = "<group>";
		};
/* End PBXGroup section */

/* Begin PBXNativeTarget section */
		A1000000000000000000000E /* Hello */ = {
			isa = PBXNativeTarget;
			buildConfigurationList = A1000000000000000000000F;
			buildPhases = (
				871B29E4B97C0439F46BC4A2 /* Sources */,
				E56ADA9CCF08CA76DC2CE48D /* Frameworks */,
				950FBD6FAB8971CB0704E699 /* Resources */,
			);
			buildRules = ();
			dependencies = ();
			name = Hello;
			productName = Hello;
			productReference = FC91E91159444BA919556978;
			productType = "com.apple.product-type.application";
		};
/* End PBXNativeTarget section */

/* Begin PBXProject section */
		A1000000000000000000000A /* Project object */ = {
			isa = PBXProject;
			attributes = {
				BuildIndependentTargetsInParallel = 1;
				LastUpgradeCheck = 1500;
				TargetAttributes = { A1000000000000000000000E = { CreatedOnToolsVersion = 15.0; }; };
			};
			buildConfigurationList = A1000000000000000000000B;
			compatibilityVersion = "Xcode 14.0";
			developmentRegion = en;
			hasScannedForEncodings = 0;
			knownRegions = (en, Base,);
			mainGroup = 40EE27BD50C3EAF5F9DC0C42;
			productRefGroup = A42741ABF4C04B6EED06F3FC;
			projectDirPath = "";
			projectRoot = "";
			targets = (A1000000000000000000000E /* Hello */,);
		};
/* End PBXProject section */

/* Begin PBXResourcesBuildPhase section */
		950FBD6FAB8971CB0704E699 /* Resources */ = {
			isa = PBXResourcesBuildPhase;
			buildActionMask = 2147483647;
			files = (A5000000000000000000000D /* HelloViewController.json in Resources */,);
			runOnlyForDeploymentPostprocessing = 0;
		};
/* End PBXResourcesBuildPhase section */

/* Begin PBXSourcesBuildPhase section */
		871B29E4B97C0439F46BC4A2 /* Sources */ = {
			isa = PBXSourcesBuildPhase;
			buildActionMask = 2147483647;
			files = (
				A5000000000000000000000A /* Hello-iOS.c in Sources */,
				A5000000000000000000000B /* HelloViewController.c in Sources */,
				A5000000000000000000000C /* Hello-Scene.c in Sources */,
			);
			runOnlyForDeploymentPostprocessing = 0;
		};
/* End PBXSourcesBuildPhase section */

/* Begin XCBuildConfiguration section */
		A1000000000000000000000C /* Debug */ = {
			isa = XCBuildConfiguration;
			buildSettings = {
				ALWAYS_SEARCH_USER_PATHS = NO;
				CLANG_ENABLE_MODULES = NO;
				CLANG_ENABLE_OBJC_ARC = NO;
				DEBUG_INFORMATION_FORMAT = dwarf;
				GCC_C_LANGUAGE_STANDARD = gnu11;
				GCC_OPTIMIZATION_LEVEL = 0;
				GCC_PREPROCESSOR_DEFINITIONS = ("DEBUG=1", "$(inherited)",);
				IPHONEOS_DEPLOYMENT_TARGET = 14.0;
				ONLY_ACTIVE_ARCH = YES;
				SDKROOT = iphoneos;
			};
			name = Debug;
		};
		A1000000000000000000000D /* Release */ = {
			isa = XCBuildConfiguration;
			buildSettings = {
				ALWAYS_SEARCH_USER_PATHS = NO;
				CLANG_ENABLE_MODULES = NO;
				CLANG_ENABLE_OBJC_ARC = NO;
				DEBUG_INFORMATION_FORMAT = "dwarf-with-dsym";
				GCC_C_LANGUAGE_STANDARD = gnu11;
				IPHONEOS_DEPLOYMENT_TARGET = 14.0;
				SDKROOT = iphoneos;
				VALIDATE_PRODUCT = YES;
			};
			name = Release;
		};
		45D3381DBD86ABD96F48666C /* Debug */ = {
			isa = XCBuildConfiguration;
			buildSettings = {
				FRAMEWORK_SEARCH_PATHS = (
					"$(SRCROOT)/../../Frameworks",
					"$(inherited)",
				);
				GCC_C_LANGUAGE_STANDARD = gnu11;
				HEADER_SEARCH_PATHS = (
					"$(SRCROOT)/../../Frameworks/SDL3.xcframework/ios-arm64/Headers",
					"$(SRCROOT)/../../Frameworks/SDL3_image.xcframework/ios-arm64/Headers",
					"$(SRCROOT)/../../Frameworks/SDL3_ttf.xcframework/ios-arm64/Headers",
					"$(SRCROOT)/../../Frameworks/libcurl.xcframework/ios-arm64/Headers",
					"$(SRCROOT)/../../Frameworks/Objectively.xcframework/ios-arm64/Headers",
					"$(SRCROOT)/../../Frameworks/ObjectivelyMVC.xcframework/ios-arm64/Headers",
					"$(SRCROOT)/..",
					"$(inherited)",
				);
				INFOPLIST_FILE = "$(SRCROOT)/Info.plist";
				IPHONEOS_DEPLOYMENT_TARGET = 14.0;
				LD_RUNPATH_SEARCH_PATHS = (
					"$(inherited)",
					"@executable_path/Frameworks",
				);
				OTHER_LDFLAGS = (
					"-lz",
					"-liconv",
					"-lc++",
					"-lsqlite3",
				);
				PRODUCT_BUNDLE_IDENTIFIER = "com.jaydolan.Hello-iOS";
				PRODUCT_NAME = "$(TARGET_NAME)";
				SDKROOT = iphoneos;
				TARGETED_DEVICE_FAMILY = "1,2";
			};
			name = Debug;
		};
		3CC00D99663300527CC6B985 /* Release */ = {
			isa = XCBuildConfiguration;
			buildSettings = {
				FRAMEWORK_SEARCH_PATHS = (
					"$(SRCROOT)/../../Frameworks",
					"$(inherited)",
				);
				GCC_C_LANGUAGE_STANDARD = gnu11;
				HEADER_SEARCH_PATHS = (
					"$(SRCROOT)/../../Frameworks/SDL3.xcframework/ios-arm64/Headers",
					"$(SRCROOT)/../../Frameworks/SDL3_image.xcframework/ios-arm64/Headers",
					"$(SRCROOT)/../../Frameworks/SDL3_ttf.xcframework/ios-arm64/Headers",
					"$(SRCROOT)/../../Frameworks/libcurl.xcframework/ios-arm64/Headers",
					"$(SRCROOT)/../../Frameworks/Objectively.xcframework/ios-arm64/Headers",
					"$(SRCROOT)/../../Frameworks/ObjectivelyMVC.xcframework/ios-arm64/Headers",
					"$(SRCROOT)/..",
					"$(inherited)",
				);
				INFOPLIST_FILE = "$(SRCROOT)/Info.plist";
				IPHONEOS_DEPLOYMENT_TARGET = 14.0;
				LD_RUNPATH_SEARCH_PATHS = (
					"$(inherited)",
					"@executable_path/Frameworks",
				);
				OTHER_LDFLAGS = (
					"-lz",
					"-liconv",
					"-lc++",
					"-lsqlite3",
				);
				PRODUCT_BUNDLE_IDENTIFIER = "com.jaydolan.Hello-iOS";
				PRODUCT_NAME = "$(TARGET_NAME)";
				SDKROOT = iphoneos;
				TARGETED_DEVICE_FAMILY = "1,2";
			};
			name = Release;
		};
/* End XCBuildConfiguration section */

/* Begin XCConfigurationList section */
		A1000000000000000000000B /* Build configuration list for PBXProject "Hello-iOS" */ = {
			isa = XCConfigurationList;
			buildConfigurations = (A1000000000000000000000C /* Debug */, A1000000000000000000000D /* Release */,);
			defaultConfigurationIsVisible = 0;
			defaultConfigurationName = Release;
		};
		A1000000000000000000000F /* Build configuration list for PBXNativeTarget "Hello" */ = {
			isa = XCConfigurationList;
			buildConfigurations = (45D3381DBD86ABD96F48666C /* Debug */, 3CC00D99663300527CC6B985 /* Release */,);
			defaultConfigurationIsVisible = 0;
			defaultConfigurationName = Release;
		};
/* End XCConfigurationList section */

	};
	rootObject = A1000000000000000000000A /* Project object */;
}
