// !$*UTF8*$!
{
	archiveVersion = 1;
	classes = {
	};
	objectVersion = 46;
	objects = {

/* Begin PBXAggregateTarget section */
		CE3CB2991F40F9A100FAA016 /* ObjectivelyMVC-Examples */ = {
			isa = PBXAggregateTarget;
			buildConfigurationList = CE3CB29C1F40F9A100FAA016 /* Build configuration list for PBXAggregateTarget "ObjectivelyMVC-Examples" */;
			buildPhases = (
			);
			dependencies = (
				CE3CB29E1F40F9A700FAA016 /* PBXTargetDependency */,
			);
			name = "ObjectivelyMVC-Examples";
			productName = "ObjectivelyMVC-Examples";
		};
		CE423A451F534657002767E7 /* ObjectivelyMVC-Tests */ = {
			isa = PBXAggregateTarget;
			buildConfigurationList = CE423A481F534657002767E7 /* Build configuration list for PBXAggregateTarget "ObjectivelyMVC-Tests" */;
			buildPhases = (
				CE423A4D1F5346A7002767E7 /* ShellScript */,
			);
			dependencies = (
				CE34C8A51FB2A0210025F231 /* PBXTargetDependency */,
				CE88199A1F91B0DA000D5AB7 /* PBXTargetDependency */,
				CE34C8A71FB2A0210025F231 /* PBXTargetDependency */,
			);
			name = "ObjectivelyMVC-Tests";
			productName = "ObjectivelyMVC-Examples";
		};
/* End PBXAggregateTarget section */

/* Begin PBXBuildFile section */
		CE0943A71D60F1A300C11408 /* TableColumn.c in Sources */ = {isa = PBXBuildFile; fileRef = CE0943A61D60F1A300C11408 /* TableColumn.c */; };
		CE0943A91D60F23100C11408 /* TableColumn.h in Headers */ = {isa = PBXBuildFile; fileRef = CE0943A81D60F23100C11408 /* TableColumn.h */; settings = {ATTRIBUTES = (Private, ); }; };
		CE0943AC1D60FFEC00C11408 /* TableRowView.c in Sources */ = {isa = PBXBuildFile; fileRef = CE0943AA1D60FFEC00C11408 /* TableRowView.c */; };
		CE0943AD1D60FFEC00C11408 /* TableRowView.h in Headers */ = {isa = PBXBuildFile; fileRef = CE0943AB1D60FFEC00C11408 /* TableRowView.h */; settings = {ATTRIBUTES = (Private, ); }; };
		CE0943B01D615CF800C11408 /* TableHeaderCellView.c in Sources */ = {isa = PBXBuildFile; fileRef = CE0943AE1D615CF800C11408 /* TableHeaderCellView.c */; };
		CE0943B11D615CF800C11408 /* TableHeaderCellView.h in Headers */ = {isa = PBXBuildFile; fileRef = CE0943AF1D615CF800C11408 /* TableHeaderCellView.h */; settings = {ATTRIBUTES = (Private, ); }; };
		CE0AD09A1C77AF73003E3CF7 /* Slider.c in Sources */ = {isa = PBXBuildFile; fileRef = CE0AD0981C77AF73003E3CF7 /* Slider.c */; };
		CE0AD09B1C77AF73003E3CF7 /* Slider.h in Headers */ = {isa = PBXBuildFile; fileRef = CE0AD0991C77AF73003E3CF7 /* Slider.h */; settings = {ATTRIBUTES = (Private, ); }; };
		CE12D43C1C4C38B500CD0B13 /* Colors.c in Sources */ = {isa = PBXBuildFile; fileRef = CE12D4071C4C367100CD0B13 /* Colors.c */; };
		CE12D43D1C4C38B500CD0B13 /* Font.c in Sources */ = {isa = PBXBuildFile; fileRef = CE12D4091C4C367100CD0B13 /* Font.c */; };
		CE12D43E1C4C38B500CD0B13 /* ImageView.c in Sources */ = {isa = PBXBuildFile; fileRef = CE12D40B1C4C367100CD0B13 /* ImageView.c */; };
		CE12D43F1C4C38B500CD0B13 /* Text.c in Sources */ = {isa = PBXBuildFile; fileRef = CE12D40D1C4C367100CD0B13 /* Text.c */; };
		CE12D4401C4C38B500CD0B13 /* View.c in Sources */ = {isa = PBXBuildFile; fileRef = CE12D4231C4C367100CD0B13 /* View.c */; };
		CE12D4411C4C38B500CD0B13 /* ViewController.c in Sources */ = {isa = PBXBuildFile; fileRef = CE12D4251C4C367100CD0B13 /* ViewController.c */; };
		CE12D4421C4C38C700CD0B13 /* Colors.h in Headers */ = {isa = PBXBuildFile; fileRef = CE12D4081C4C367100CD0B13 /* Colors.h */; settings = {ATTRIBUTES = (Private, ); }; };
		CE12D4431C4C38C700CD0B13 /* Font.h in Headers */ = {isa = PBXBuildFile; fileRef = CE12D40A1C4C367100CD0B13 /* Font.h */; settings = {ATTRIBUTES = (Private, ); }; };
		CE12D4441C4C38C700CD0B13 /* ImageView.h in Headers */ = {isa = PBXBuildFile; fileRef = CE12D40C1C4C367100CD0B13 /* ImageView.h */; settings = {ATTRIBUTES = (Private, ); }; };
		CE12D4451C4C38C700CD0B13 /* Text.h in Headers */ = {isa = PBXBuildFile; fileRef = CE12D40E1C4C367100CD0B13 /* Text.h */; settings = {ATTRIBUTES = (Private, ); }; };
		CE12D4461C4C38C700CD0B13 /* View.h in Headers */ = {isa = PBXBuildFile; fileRef = CE12D4241C4C367100CD0B13 /* View.h */; settings = {ATTRIBUTES = (Private, ); }; };
		CE12D4471C4C38C700CD0B13 /* ViewController.h in Headers */ = {isa = PBXBuildFile; fileRef = CE12D4261C4C367100CD0B13 /* ViewController.h */; settings = {ATTRIBUTES = (Private, ); }; };
		CE12D4481C4C38C700CD0B13 /* ObjectivelyMVC.h in Headers */ = {isa = PBXBuildFile; fileRef = CE12D4271C4C367100CD0B13 /* ObjectivelyMVC.h */; settings = {ATTRIBUTES = (Public, ); }; };
		CE12D4601C4C8F2400CD0B13 /* libSDL2-2.0.0.dylib in Frameworks */ = {isa = PBXBuildFile; fileRef = CED157E61C4BF45D00FBA2DE /* libSDL2-2.0.0.dylib */; };
		CE12D4611C4C8F2A00CD0B13 /* libObjectivelyMVC.dylib in Frameworks */ = {isa = PBXBuildFile; fileRef = CED157CD1C4BF3AC00FBA2DE /* libObjectivelyMVC.dylib */; };
		CE12D4621C4C8F4800CD0B13 /* Hello.c in Sources */ = {isa = PBXBuildFile; fileRef = CE12D42B1C4C37E500CD0B13 /* Hello.c */; };
		CE12D4661C4D587E00CD0B13 /* Log.h in Headers */ = {isa = PBXBuildFile; fileRef = CE12D4651C4D587E00CD0B13 /* Log.h */; settings = {ATTRIBUTES = (Private, ); }; };
		CE12D46B1C4D810F00CD0B13 /* Button.c in Sources */ = {isa = PBXBuildFile; fileRef = CE12D4691C4D810F00CD0B13 /* Button.c */; };
		CE12D46C1C4D810F00CD0B13 /* Button.h in Headers */ = {isa = PBXBuildFile; fileRef = CE12D46A1C4D810F00CD0B13 /* Button.h */; settings = {ATTRIBUTES = (Private, ); }; };
		CE12D46F1C4D82AF00CD0B13 /* Control.c in Sources */ = {isa = PBXBuildFile; fileRef = CE12D46D1C4D82AF00CD0B13 /* Control.c */; };
		CE12D4701C4D82AF00CD0B13 /* Control.h in Headers */ = {isa = PBXBuildFile; fileRef = CE12D46E1C4D82AF00CD0B13 /* Control.h */; settings = {ATTRIBUTES = (Private, ); }; };
		CE12D4731C4DAF6100CD0B13 /* Action.c in Sources */ = {isa = PBXBuildFile; fileRef = CE12D4711C4DAF6100CD0B13 /* Action.c */; };
		CE12D4741C4DAF6100CD0B13 /* Action.h in Headers */ = {isa = PBXBuildFile; fileRef = CE12D4721C4DAF6100CD0B13 /* Action.h */; settings = {ATTRIBUTES = (Private, ); }; };
		CE12D47A1C4EAD3C00CD0B13 /* HelloViewController.c in Sources */ = {isa = PBXBuildFile; fileRef = CE12D4751C4EAD3100CD0B13 /* HelloViewController.c */; };
		CE12D47E1C4F35DF00CD0B13 /* Checkbox.c in Sources */ = {isa = PBXBuildFile; fileRef = CE12D47C1C4F35DF00CD0B13 /* Checkbox.c */; };
		CE12D47F1C4F35DF00CD0B13 /* Checkbox.h in Headers */ = {isa = PBXBuildFile; fileRef = CE12D47D1C4F35DF00CD0B13 /* Checkbox.h */; settings = {ATTRIBUTES = (Private, ); }; };
		CE12D4821C4F3A1600CD0B13 /* Image.c in Sources */ = {isa = PBXBuildFile; fileRef = CE12D4801C4F3A1600CD0B13 /* Image.c */; };
		CE12D4831C4F3A1600CD0B13 /* Image.h in Headers */ = {isa = PBXBuildFile; fileRef = CE12D4811C4F3A1600CD0B13 /* Image.h */; settings = {ATTRIBUTES = (Private, ); }; };
		CE12D4951C547BDD00CD0B13 /* StackView.c in Sources */ = {isa = PBXBuildFile; fileRef = CE12D4931C547BDD00CD0B13 /* StackView.c */; };
		CE12D4961C547BDD00CD0B13 /* StackView.h in Headers */ = {isa = PBXBuildFile; fileRef = CE12D4941C547BDD00CD0B13 /* StackView.h */; settings = {ATTRIBUTES = (Private, ); }; };
		CE12D4991C55013700CD0B13 /* OpenGL.framework in Frameworks */ = {isa = PBXBuildFile; fileRef = CE12D4981C55013700CD0B13 /* OpenGL.framework */; };
		CE12D49E1C568A7600CD0B13 /* TextView.c in Sources */ = {isa = PBXBuildFile; fileRef = CE12D49C1C568A7600CD0B13 /* TextView.c */; };
		CE12D49F1C568A7600CD0B13 /* TextView.h in Headers */ = {isa = PBXBuildFile; fileRef = CE12D49D1C568A7600CD0B13 /* TextView.h */; settings = {ATTRIBUTES = (Private, ); }; };
		CE12D8791C5CF4C600CD0B13 /* OpenGL.framework in Frameworks */ = {isa = PBXBuildFile; fileRef = CE12D4981C55013700CD0B13 /* OpenGL.framework */; };
		CE14A8CC1C66D89900B576FB /* Select.c in Sources */ = {isa = PBXBuildFile; fileRef = CE14A8CA1C66D89900B576FB /* Select.c */; };
		CE14A8CD1C66D89900B576FB /* Select.h in Headers */ = {isa = PBXBuildFile; fileRef = CE14A8CB1C66D89900B576FB /* Select.h */; settings = {ATTRIBUTES = (Private, ); }; };
		CE14A8D01C68CE3C00B576FB /* Option.c in Sources */ = {isa = PBXBuildFile; fileRef = CE14A8CE1C68CE3C00B576FB /* Option.c */; };
		CE14A8D11C68CE3C00B576FB /* Option.h in Headers */ = {isa = PBXBuildFile; fileRef = CE14A8CF1C68CE3C00B576FB /* Option.h */; settings = {ATTRIBUTES = (Private, ); }; };
		CE1CCDA41D9E859F00891F05 /* View+JSON.c in Sources */ = {isa = PBXBuildFile; fileRef = CE1CCDA21D9E859F00891F05 /* View+JSON.c */; };
		CE1CCDA51D9E859F00891F05 /* View+JSON.h in Headers */ = {isa = PBXBuildFile; fileRef = CE1CCDA31D9E859F00891F05 /* View+JSON.h */; settings = {ATTRIBUTES = (Private, ); }; };
		CE34C89B1FB29F700025F231 /* libcheck.0.dylib in Frameworks */ = {isa = PBXBuildFile; fileRef = CE423A431F53457D002767E7 /* libcheck.0.dylib */; };
		CE34C89C1FB29F700025F231 /* libObjectively.dylib in Frameworks */ = {isa = PBXBuildFile; fileRef = CEF1D8901D4270150099A857 /* libObjectively.dylib */; };
		CE34C89D1FB29F700025F231 /* libObjectivelyMVC.dylib in Frameworks */ = {isa = PBXBuildFile; fileRef = CED157CD1C4BF3AC00FBA2DE /* libObjectivelyMVC.dylib */; };
		CE34C8A31FB29F8B0025F231 /* Stylesheet.c in Sources */ = {isa = PBXBuildFile; fileRef = CE34C8941FB29F3A0025F231 /* Stylesheet.c */; };
		CE3A45A0216594D5005ACAD6 /* libObjectively.dylib in Frameworks */ = {isa = PBXBuildFile; fileRef = CEF1D8901D4270150099A857 /* libObjectively.dylib */; };
		CE55C1C21F944C6D00D5A326 /* libcheck.0.dylib in Frameworks */ = {isa = PBXBuildFile; fileRef = CE423A431F53457D002767E7 /* libcheck.0.dylib */; };
		CE55C1C31F944C6D00D5A326 /* libObjectively.dylib in Frameworks */ = {isa = PBXBuildFile; fileRef = CEF1D8901D4270150099A857 /* libObjectively.dylib */; };
		CE55C1C41F944C6D00D5A326 /* libObjectivelyMVC.dylib in Frameworks */ = {isa = PBXBuildFile; fileRef = CED157CD1C4BF3AC00FBA2DE /* libObjectivelyMVC.dylib */; };
		CE55C1CA1F944C7E00D5A326 /* Selector.c in Sources */ = {isa = PBXBuildFile; fileRef = CE55C1BB1F944C1B00D5A326 /* Selector.c */; };
		CE55C1CD1F94CFB200D5A326 /* SimpleSelector.c in Sources */ = {isa = PBXBuildFile; fileRef = CE55C1CB1F94CFB200D5A326 /* SimpleSelector.c */; };
		CE55C1CE1F94CFB200D5A326 /* SimpleSelector.h in Headers */ = {isa = PBXBuildFile; fileRef = CE55C1CC1F94CFB200D5A326 /* SimpleSelector.h */; settings = {ATTRIBUTES = (Private, ); }; };
		CE5604D11EAB9F4B00E42E53 /* TabViewController.c in Sources */ = {isa = PBXBuildFile; fileRef = CE5604CF1EAB9F4B00E42E53 /* TabViewController.c */; };
		CE5604D21EAB9F4B00E42E53 /* TabViewController.h in Headers */ = {isa = PBXBuildFile; fileRef = CE5604D01EAB9F4B00E42E53 /* TabViewController.h */; settings = {ATTRIBUTES = (Private, ); }; };
		CE5604D91EABA06E00E42E53 /* TabViewItem.c in Sources */ = {isa = PBXBuildFile; fileRef = CE5604D71EABA06E00E42E53 /* TabViewItem.c */; };
		CE5604DA1EABA06E00E42E53 /* TabViewItem.h in Headers */ = {isa = PBXBuildFile; fileRef = CE5604D81EABA06E00E42E53 /* TabViewItem.h */; settings = {ATTRIBUTES = (Private, ); }; };
		CE5604DD1EABA0FB00E42E53 /* TabView.c in Sources */ = {isa = PBXBuildFile; fileRef = CE5604DB1EABA0FB00E42E53 /* TabView.c */; };
		CE5604DE1EABA0FB00E42E53 /* TabView.h in Headers */ = {isa = PBXBuildFile; fileRef = CE5604DC1EABA0FB00E42E53 /* TabView.h */; settings = {ATTRIBUTES = (Private, ); }; };
		CE5604E11EADBE9400E42E53 /* PageView.c in Sources */ = {isa = PBXBuildFile; fileRef = CE5604DF1EADBE9400E42E53 /* PageView.c */; };
		CE5604E21EADBE9400E42E53 /* PageView.h in Headers */ = {isa = PBXBuildFile; fileRef = CE5604E01EADBE9400E42E53 /* PageView.h */; settings = {ATTRIBUTES = (Private, ); }; };
		CE562EBC1D6876AB006DF143 /* NavigationViewController.c in Sources */ = {isa = PBXBuildFile; fileRef = CE562EBA1D6876AB006DF143 /* NavigationViewController.c */; };
		CE562EBD1D6876AB006DF143 /* NavigationViewController.h in Headers */ = {isa = PBXBuildFile; fileRef = CE562EBB1D6876AB006DF143 /* NavigationViewController.h */; settings = {ATTRIBUTES = (Private, ); }; };
		CE562EC01D6A08DD006DF143 /* CollectionView.c in Sources */ = {isa = PBXBuildFile; fileRef = CE562EBE1D6A08DD006DF143 /* CollectionView.c */; };
		CE562EC11D6A08DD006DF143 /* CollectionView.h in Headers */ = {isa = PBXBuildFile; fileRef = CE562EBF1D6A08DD006DF143 /* CollectionView.h */; settings = {ATTRIBUTES = (Private, ); }; };
		CE562EC41D6A0A17006DF143 /* CollectionItemView.c in Sources */ = {isa = PBXBuildFile; fileRef = CE562EC21D6A0A17006DF143 /* CollectionItemView.c */; };
		CE562EC51D6A0A17006DF143 /* CollectionItemView.h in Headers */ = {isa = PBXBuildFile; fileRef = CE562EC31D6A0A17006DF143 /* CollectionItemView.h */; settings = {ATTRIBUTES = (Private, ); }; };
		CE66037B1CBBF93E00EB86CF /* ScrollView.c in Sources */ = {isa = PBXBuildFile; fileRef = CE6603791CBBF93E00EB86CF /* ScrollView.c */; };
		CE66037C1CBBF93E00EB86CF /* ScrollView.h in Headers */ = {isa = PBXBuildFile; fileRef = CE66037A1CBBF93E00EB86CF /* ScrollView.h */; settings = {ATTRIBUTES = (Private, ); }; };
		CE6BC16F1D79B3840070FB2D /* HelloViewController.json in CopyFiles */ = {isa = PBXBuildFile; fileRef = CE6BC16E1D79B2920070FB2D /* HelloViewController.json */; };
		CE6BC1821D837D550070FB2D /* Label.c in Sources */ = {isa = PBXBuildFile; fileRef = CE6BC1801D837D550070FB2D /* Label.c */; };
		CE6BC1831D837D550070FB2D /* Label.h in Headers */ = {isa = PBXBuildFile; fileRef = CE6BC1811D837D550070FB2D /* Label.h */; settings = {ATTRIBUTES = (Private, ); }; };
		CE6EE37B1F6EA91900FBC830 /* HSVColorPicker.c in Sources */ = {isa = PBXBuildFile; fileRef = CE6EE3791F6EA91900FBC830 /* HSVColorPicker.c */; };
		CE6EE37C1F6EA91900FBC830 /* HSVColorPicker.h in Headers */ = {isa = PBXBuildFile; fileRef = CE6EE37A1F6EA91900FBC830 /* HSVColorPicker.h */; settings = {ATTRIBUTES = (Private, ); }; };
		CE6EE3CC1F7156BC00FBC830 /* HueColorPicker.c in Sources */ = {isa = PBXBuildFile; fileRef = CE6EE3CA1F7156BC00FBC830 /* HueColorPicker.c */; };
		CE6EE3CD1F7156BC00FBC830 /* HueColorPicker.h in Headers */ = {isa = PBXBuildFile; fileRef = CE6EE3CB1F7156BC00FBC830 /* HueColorPicker.h */; settings = {ATTRIBUTES = (Private, ); }; };
		CE76279E1D4A5A5800EEEE78 /* Renderer.c in Sources */ = {isa = PBXBuildFile; fileRef = CE76279C1D4A5A5800EEEE78 /* Renderer.c */; };
		CE76279F1D4A5A5800EEEE78 /* Renderer.h in Headers */ = {isa = PBXBuildFile; fileRef = CE76279D1D4A5A5800EEEE78 /* Renderer.h */; settings = {ATTRIBUTES = (Private, ); }; };
		CE84C6CD1FFC917600F72267 /* DebugViewController.h in Headers */ = {isa = PBXBuildFile; fileRef = CE84C6CB1FFC917600F72267 /* DebugViewController.h */; settings = {ATTRIBUTES = (Private, ); }; };
		CE84C6CE1FFC917600F72267 /* DebugViewController.c in Sources */ = {isa = PBXBuildFile; fileRef = CE84C6CC1FFC917600F72267 /* DebugViewController.c */; };
		CE862AD91F79FB82005C3B10 /* ProgressBar.c in Sources */ = {isa = PBXBuildFile; fileRef = CE862AD71F79FB82005C3B10 /* ProgressBar.c */; };
		CE862ADA1F79FB82005C3B10 /* ProgressBar.h in Headers */ = {isa = PBXBuildFile; fileRef = CE862AD81F79FB82005C3B10 /* ProgressBar.h */; settings = {ATTRIBUTES = (Private, ); }; };
		CE8819661F8AAC00000D5AB7 /* Notification.c in Sources */ = {isa = PBXBuildFile; fileRef = CE8819641F8AAC00000D5AB7 /* Notification.c */; };
		CE8819671F8AAC00000D5AB7 /* Notification.h in Headers */ = {isa = PBXBuildFile; fileRef = CE8819651F8AAC00000D5AB7 /* Notification.h */; settings = {ATTRIBUTES = (Private, ); }; };
		CE88196A1F8AAC25000D5AB7 /* Window.c in Sources */ = {isa = PBXBuildFile; fileRef = CE8819681F8AAC25000D5AB7 /* Window.c */; };
		CE88196B1F8AAC25000D5AB7 /* Window.h in Headers */ = {isa = PBXBuildFile; fileRef = CE8819691F8AAC25000D5AB7 /* Window.h */; settings = {ATTRIBUTES = (Private, ); }; };
		CE8819821F8CFD60000D5AB7 /* Theme.c in Sources */ = {isa = PBXBuildFile; fileRef = CE8819801F8CFD60000D5AB7 /* Theme.c */; };
		CE8819831F8CFD60000D5AB7 /* Theme.h in Headers */ = {isa = PBXBuildFile; fileRef = CE8819811F8CFD60000D5AB7 /* Theme.h */; settings = {ATTRIBUTES = (Private, ); }; };
		CE8819861F8DAC96000D5AB7 /* Style.c in Sources */ = {isa = PBXBuildFile; fileRef = CE8819841F8DAC96000D5AB7 /* Style.c */; };
		CE8819871F8DAC96000D5AB7 /* Style.h in Headers */ = {isa = PBXBuildFile; fileRef = CE8819851F8DAC96000D5AB7 /* Style.h */; settings = {ATTRIBUTES = (Private, ); }; };
		CE8819901F91B0BE000D5AB7 /* libcheck.0.dylib in Frameworks */ = {isa = PBXBuildFile; fileRef = CE423A431F53457D002767E7 /* libcheck.0.dylib */; };
		CE8819911F91B0BE000D5AB7 /* libObjectively.dylib in Frameworks */ = {isa = PBXBuildFile; fileRef = CEF1D8901D4270150099A857 /* libObjectively.dylib */; };
		CE8819921F91B0BE000D5AB7 /* libObjectivelyMVC.dylib in Frameworks */ = {isa = PBXBuildFile; fileRef = CED157CD1C4BF3AC00FBA2DE /* libObjectivelyMVC.dylib */; };
		CE8819981F91B0CE000D5AB7 /* Style.c in Sources */ = {isa = PBXBuildFile; fileRef = CE8819891F91B094000D5AB7 /* Style.c */; };
		CE88199D1F9231AF000D5AB7 /* Selector.c in Sources */ = {isa = PBXBuildFile; fileRef = CE88199B1F9231AE000D5AB7 /* Selector.c */; };
		CE88199E1F9231AF000D5AB7 /* Selector.h in Headers */ = {isa = PBXBuildFile; fileRef = CE88199C1F9231AF000D5AB7 /* Selector.h */; settings = {ATTRIBUTES = (Private, ); }; };
		CE8E7FF61C7FAD9100F4C3D4 /* Input.c in Sources */ = {isa = PBXBuildFile; fileRef = CE8E7FF41C7FAD9100F4C3D4 /* Input.c */; };
		CE8E7FF71C7FAD9100F4C3D4 /* Input.h in Headers */ = {isa = PBXBuildFile; fileRef = CE8E7FF51C7FAD9100F4C3D4 /* Input.h */; settings = {ATTRIBUTES = (Private, ); }; };
		CE8E7FFA1C84E36100F4C3D4 /* TableView.c in Sources */ = {isa = PBXBuildFile; fileRef = CE8E7FF81C84E36100F4C3D4 /* TableView.c */; };
		CE8E7FFB1C84E36100F4C3D4 /* TableView.h in Headers */ = {isa = PBXBuildFile; fileRef = CE8E7FF91C84E36100F4C3D4 /* TableView.h */; settings = {ATTRIBUTES = (Private, ); }; };
		CE8E7FFE1C84E8DA00F4C3D4 /* TableHeaderView.c in Sources */ = {isa = PBXBuildFile; fileRef = CE8E7FFC1C84E8DA00F4C3D4 /* TableHeaderView.c */; };
		CE8E7FFF1C84E8DA00F4C3D4 /* TableHeaderView.h in Headers */ = {isa = PBXBuildFile; fileRef = CE8E7FFD1C84E8DA00F4C3D4 /* TableHeaderView.h */; settings = {ATTRIBUTES = (Private, ); }; };
		CE8E80021C84F25400F4C3D4 /* TableCellView.c in Sources */ = {isa = PBXBuildFile; fileRef = CE8E80001C84F25400F4C3D4 /* TableCellView.c */; };
		CE8E80031C84F25400F4C3D4 /* TableCellView.h in Headers */ = {isa = PBXBuildFile; fileRef = CE8E80011C84F25400F4C3D4 /* TableCellView.h */; settings = {ATTRIBUTES = (Private, ); }; };
		CE9305C41D9B27F900D62770 /* Config.h in Headers */ = {isa = PBXBuildFile; fileRef = CE9305C31D9B27F900D62770 /* Config.h */; };
		CE9351681F9B6ED000B46882 /* SelectorSequence.c in Sources */ = {isa = PBXBuildFile; fileRef = CE9351661F9B6ED000B46882 /* SelectorSequence.c */; };
		CE9351691F9B6ED000B46882 /* SelectorSequence.h in Headers */ = {isa = PBXBuildFile; fileRef = CE9351671F9B6ED000B46882 /* SelectorSequence.h */; settings = {ATTRIBUTES = (Private, ); }; };
		CE9EB86F1EA50FD10087BD1D /* RGBColorPicker.c in Sources */ = {isa = PBXBuildFile; fileRef = CE9EB86D1EA50FD10087BD1D /* RGBColorPicker.c */; };
		CE9EB8701EA50FD10087BD1D /* RGBColorPicker.h in Headers */ = {isa = PBXBuildFile; fileRef = CE9EB86E1EA50FD10087BD1D /* RGBColorPicker.h */; settings = {ATTRIBUTES = (Private, ); }; };
		CEA8FC1E1FB153A5002CCB08 /* Stylesheet.c in Sources */ = {isa = PBXBuildFile; fileRef = CEA8FC1C1FB153A5002CCB08 /* Stylesheet.c */; };
		CEA8FC1F1FB153A5002CCB08 /* Stylesheet.h in Headers */ = {isa = PBXBuildFile; fileRef = CEA8FC1D1FB153A5002CCB08 /* Stylesheet.h */; settings = {ATTRIBUTES = (Private, ); }; };
		CEBCB6D521664EB1009E6289 /* Types.h in Headers */ = {isa = PBXBuildFile; fileRef = CEF1D8BB1D4704950099A857 /* Types.h */; settings = {ATTRIBUTES = (Private, ); }; };
		CED157E91C4BF45D00FBA2DE /* libSDL2_ttf-2.0.0.dylib in Frameworks */ = {isa = PBXBuildFile; fileRef = CED157E51C4BF45D00FBA2DE /* libSDL2_ttf-2.0.0.dylib */; };
		CED157EA1C4BF45D00FBA2DE /* libSDL2-2.0.0.dylib in Frameworks */ = {isa = PBXBuildFile; fileRef = CED157E61C4BF45D00FBA2DE /* libSDL2-2.0.0.dylib */; };
		CEDCFC7520497979008A4252 /* libSDL2_image-2.0.0.dylib in Frameworks */ = {isa = PBXBuildFile; fileRef = CED157E41C4BF45D00FBA2DE /* libSDL2_image-2.0.0.dylib */; };
		CEDCFC7720497B07008A4252 /* libObjectively.dylib in Frameworks */ = {isa = PBXBuildFile; fileRef = CEF1D8901D4270150099A857 /* libObjectively.dylib */; };
		CEF1D88E1D4265A70099A857 /* Panel.h in Headers */ = {isa = PBXBuildFile; fileRef = CEF1D88C1D4265A70099A857 /* Panel.h */; settings = {ATTRIBUTES = (Private, ); }; };
		CEF1D88F1D426F8C0099A857 /* Panel.c in Sources */ = {isa = PBXBuildFile; fileRef = CEF1D88B1D4265A70099A857 /* Panel.c */; };
		CEF1D8A01D440C7B0099A857 /* Box.c in Sources */ = {isa = PBXBuildFile; fileRef = CEF1D89E1D440C7B0099A857 /* Box.c */; };
		CEF1D8A11D440C7B0099A857 /* Box.h in Headers */ = {isa = PBXBuildFile; fileRef = CEF1D89F1D440C7B0099A857 /* Box.h */; settings = {ATTRIBUTES = (Private, ); }; };
		CEF1D8AC1D4630D20099A857 /* WindowController.c in Sources */ = {isa = PBXBuildFile; fileRef = CEF1D8AA1D4630D20099A857 /* WindowController.c */; };
		CEF1D8AD1D4630D20099A857 /* WindowController.h in Headers */ = {isa = PBXBuildFile; fileRef = CEF1D8AB1D4630D20099A857 /* WindowController.h */; settings = {ATTRIBUTES = (Private, ); }; };
/* End PBXBuildFile section */

/* Begin PBXContainerItemProxy section */
		CE12D4631C4C8F5400CD0B13 /* PBXContainerItemProxy */ = {
			isa = PBXContainerItemProxy;
			containerPortal = CED157931C4BEA8900FBA2DE /* Project object */;
			proxyType = 1;
			remoteGlobalIDString = CED157CC1C4BF3AC00FBA2DE;
			remoteInfo = "ObjectivelyMVC-Xcode";
		};
		CE34C8971FB29F700025F231 /* PBXContainerItemProxy */ = {
			isa = PBXContainerItemProxy;
			containerPortal = CED157931C4BEA8900FBA2DE /* Project object */;
			proxyType = 1;
			remoteGlobalIDString = CED157CC1C4BF3AC00FBA2DE;
			remoteInfo = "ObjectivelyMVC-Xcode";
		};
		CE34C8A41FB2A0210025F231 /* PBXContainerItemProxy */ = {
			isa = PBXContainerItemProxy;
			containerPortal = CED157931C4BEA8900FBA2DE /* Project object */;
			proxyType = 1;
			remoteGlobalIDString = CE55C1BC1F944C6D00D5A326;
			remoteInfo = "ObjectivelyMVC-Selector";
		};
		CE34C8A61FB2A0210025F231 /* PBXContainerItemProxy */ = {
			isa = PBXContainerItemProxy;
			containerPortal = CED157931C4BEA8900FBA2DE /* Project object */;
			proxyType = 1;
			remoteGlobalIDString = CE34C8951FB29F700025F231;
			remoteInfo = "ObjectivelyMVC-Stylesheet";
		};
		CE3CB29D1F40F9A700FAA016 /* PBXContainerItemProxy */ = {
			isa = PBXContainerItemProxy;
			containerPortal = CED157931C4BEA8900FBA2DE /* Project object */;
			proxyType = 1;
			remoteGlobalIDString = CE12D4541C4C8E8E00CD0B13;
			remoteInfo = "ObjectivelyMVC-Hello";
		};
		CE55C1BE1F944C6D00D5A326 /* PBXContainerItemProxy */ = {
			isa = PBXContainerItemProxy;
			containerPortal = CED157931C4BEA8900FBA2DE /* Project object */;
			proxyType = 1;
			remoteGlobalIDString = CED157CC1C4BF3AC00FBA2DE;
			remoteInfo = "ObjectivelyMVC-Xcode";
		};
		CE88198C1F91B0BE000D5AB7 /* PBXContainerItemProxy */ = {
			isa = PBXContainerItemProxy;
			containerPortal = CED157931C4BEA8900FBA2DE /* Project object */;
			proxyType = 1;
			remoteGlobalIDString = CED157CC1C4BF3AC00FBA2DE;
			remoteInfo = "ObjectivelyMVC-Xcode";
		};
		CE8819991F91B0DA000D5AB7 /* PBXContainerItemProxy */ = {
			isa = PBXContainerItemProxy;
			containerPortal = CED157931C4BEA8900FBA2DE /* Project object */;
			proxyType = 1;
			remoteGlobalIDString = CE88198A1F91B0BE000D5AB7;
			remoteInfo = "ObjectivelyMVC-Style";
		};
/* End PBXContainerItemProxy section */

/* Begin PBXCopyFilesBuildPhase section */
		CE12D4531C4C8E8E00CD0B13 /* CopyFiles */ = {
			isa = PBXCopyFilesBuildPhase;
			buildActionMask = 12;
			dstPath = "";
			dstSubfolderSpec = 7;
			files = (
				CE6BC16F1D79B3840070FB2D /* HelloViewController.json in CopyFiles */,
			);
			runOnlyForDeploymentPostprocessing = 0;
		};
		CE34C89E1FB29F700025F231 /* CopyFiles */ = {
			isa = PBXCopyFilesBuildPhase;
			buildActionMask = 12;
			dstPath = "";
			dstSubfolderSpec = 7;
			files = (
			);
			runOnlyForDeploymentPostprocessing = 0;
		};
		CE55C1C51F944C6D00D5A326 /* CopyFiles */ = {
			isa = PBXCopyFilesBuildPhase;
			buildActionMask = 12;
			dstPath = "";
			dstSubfolderSpec = 7;
			files = (
			);
			runOnlyForDeploymentPostprocessing = 0;
		};
		CE8819931F91B0BE000D5AB7 /* CopyFiles */ = {
			isa = PBXCopyFilesBuildPhase;
			buildActionMask = 12;
			dstPath = "";
			dstSubfolderSpec = 7;
			files = (
			);
			runOnlyForDeploymentPostprocessing = 0;
		};
/* End PBXCopyFilesBuildPhase section */

/* Begin PBXFileReference section */
		CE0943A61D60F1A300C11408 /* TableColumn.c */ = {isa = PBXFileReference; fileEncoding = 4; lastKnownFileType = sourcecode.c.c; path = TableColumn.c; sourceTree = "<group>"; };
		CE0943A81D60F23100C11408 /* TableColumn.h */ = {isa = PBXFileReference; fileEncoding = 4; lastKnownFileType = sourcecode.c.h; path = TableColumn.h; sourceTree = "<group>"; };
		CE0943AA1D60FFEC00C11408 /* TableRowView.c */ = {isa = PBXFileReference; fileEncoding = 4; lastKnownFileType = sourcecode.c.c; path = TableRowView.c; sourceTree = "<group>"; };
		CE0943AB1D60FFEC00C11408 /* TableRowView.h */ = {isa = PBXFileReference; fileEncoding = 4; lastKnownFileType = sourcecode.c.h; path = TableRowView.h; sourceTree = "<group>"; };
		CE0943AE1D615CF800C11408 /* TableHeaderCellView.c */ = {isa = PBXFileReference; fileEncoding = 4; lastKnownFileType = sourcecode.c.c; path = TableHeaderCellView.c; sourceTree = "<group>"; };
		CE0943AF1D615CF800C11408 /* TableHeaderCellView.h */ = {isa = PBXFileReference; fileEncoding = 4; lastKnownFileType = sourcecode.c.h; path = TableHeaderCellView.h; sourceTree = "<group>"; };
		CE0AD0971C7241DE003E3CF7 /* style.css */ = {isa = PBXFileReference; fileEncoding = 4; lastKnownFileType = text.css; path = style.css; sourceTree = "<group>"; };
		CE0AD0981C77AF73003E3CF7 /* Slider.c */ = {isa = PBXFileReference; fileEncoding = 4; lastKnownFileType = sourcecode.c.c; path = Slider.c; sourceTree = "<group>"; };
		CE0AD0991C77AF73003E3CF7 /* Slider.h */ = {isa = PBXFileReference; fileEncoding = 4; lastKnownFileType = sourcecode.c.h; lineEnding = 0; path = Slider.h; sourceTree = "<group>"; xcLanguageSpecificationIdentifier = xcode.lang.objcpp; };
		CE12D4071C4C367100CD0B13 /* Colors.c */ = {isa = PBXFileReference; fileEncoding = 4; lastKnownFileType = sourcecode.c.c; path = Colors.c; sourceTree = "<group>"; };
		CE12D4081C4C367100CD0B13 /* Colors.h */ = {isa = PBXFileReference; fileEncoding = 4; lastKnownFileType = sourcecode.c.h; path = Colors.h; sourceTree = "<group>"; };
		CE12D4091C4C367100CD0B13 /* Font.c */ = {isa = PBXFileReference; fileEncoding = 4; lastKnownFileType = sourcecode.c.c; path = Font.c; sourceTree = "<group>"; };
		CE12D40A1C4C367100CD0B13 /* Font.h */ = {isa = PBXFileReference; fileEncoding = 4; lastKnownFileType = sourcecode.c.h; lineEnding = 0; path = Font.h; sourceTree = "<group>"; xcLanguageSpecificationIdentifier = xcode.lang.objcpp; };
		CE12D40B1C4C367100CD0B13 /* ImageView.c */ = {isa = PBXFileReference; fileEncoding = 4; lastKnownFileType = sourcecode.c.c; path = ImageView.c; sourceTree = "<group>"; };
		CE12D40C1C4C367100CD0B13 /* ImageView.h */ = {isa = PBXFileReference; fileEncoding = 4; lastKnownFileType = sourcecode.c.h; lineEnding = 0; path = ImageView.h; sourceTree = "<group>"; xcLanguageSpecificationIdentifier = xcode.lang.objcpp; };
		CE12D40D1C4C367100CD0B13 /* Text.c */ = {isa = PBXFileReference; fileEncoding = 4; lastKnownFileType = sourcecode.c.c; path = Text.c; sourceTree = "<group>"; };
		CE12D40E1C4C367100CD0B13 /* Text.h */ = {isa = PBXFileReference; fileEncoding = 4; lastKnownFileType = sourcecode.c.h; path = Text.h; sourceTree = "<group>"; };
		CE12D4211C4C367100CD0B13 /* Makefile.am */ = {isa = PBXFileReference; fileEncoding = 4; lastKnownFileType = text; path = Makefile.am; sourceTree = "<group>"; };
		CE12D4231C4C367100CD0B13 /* View.c */ = {isa = PBXFileReference; fileEncoding = 4; lastKnownFileType = sourcecode.c.c; path = View.c; sourceTree = "<group>"; };
		CE12D4241C4C367100CD0B13 /* View.h */ = {isa = PBXFileReference; fileEncoding = 4; lastKnownFileType = sourcecode.c.h; path = View.h; sourceTree = "<group>"; };
		CE12D4251C4C367100CD0B13 /* ViewController.c */ = {isa = PBXFileReference; fileEncoding = 4; lastKnownFileType = sourcecode.c.c; path = ViewController.c; sourceTree = "<group>"; };
		CE12D4261C4C367100CD0B13 /* ViewController.h */ = {isa = PBXFileReference; fileEncoding = 4; lastKnownFileType = sourcecode.c.h; path = ViewController.h; sourceTree = "<group>"; };
		CE12D4271C4C367100CD0B13 /* ObjectivelyMVC.h */ = {isa = PBXFileReference; fileEncoding = 4; lastKnownFileType = sourcecode.c.h; path = ObjectivelyMVC.h; sourceTree = "<group>"; };
		CE12D42B1C4C37E500CD0B13 /* Hello.c */ = {isa = PBXFileReference; fileEncoding = 4; lastKnownFileType = sourcecode.c.c; path = Hello.c; sourceTree = "<group>"; };
		CE12D42D1C4C383D00CD0B13 /* Makefile.am */ = {isa = PBXFileReference; fileEncoding = 4; lastKnownFileType = text; path = Makefile.am; sourceTree = "<group>"; };
		CE12D4551C4C8E8E00CD0B13 /* ObjectivelyMVC-Hello */ = {isa = PBXFileReference; explicitFileType = "compiled.mach-o.executable"; includeInIndex = 0; path = "ObjectivelyMVC-Hello"; sourceTree = BUILT_PRODUCTS_DIR; };
		CE12D4651C4D587E00CD0B13 /* Log.h */ = {isa = PBXFileReference; fileEncoding = 4; lastKnownFileType = sourcecode.c.h; path = Log.h; sourceTree = "<group>"; };
		CE12D4691C4D810F00CD0B13 /* Button.c */ = {isa = PBXFileReference; fileEncoding = 4; lastKnownFileType = sourcecode.c.c; path = Button.c; sourceTree = "<group>"; };
		CE12D46A1C4D810F00CD0B13 /* Button.h */ = {isa = PBXFileReference; fileEncoding = 4; lastKnownFileType = sourcecode.c.h; lineEnding = 0; path = Button.h; sourceTree = "<group>"; xcLanguageSpecificationIdentifier = xcode.lang.objcpp; };
		CE12D46D1C4D82AF00CD0B13 /* Control.c */ = {isa = PBXFileReference; fileEncoding = 4; lastKnownFileType = sourcecode.c.c; path = Control.c; sourceTree = "<group>"; };
		CE12D46E1C4D82AF00CD0B13 /* Control.h */ = {isa = PBXFileReference; fileEncoding = 4; lastKnownFileType = sourcecode.c.h; lineEnding = 0; path = Control.h; sourceTree = "<group>"; xcLanguageSpecificationIdentifier = xcode.lang.objcpp; };
		CE12D4711C4DAF6100CD0B13 /* Action.c */ = {isa = PBXFileReference; fileEncoding = 4; lastKnownFileType = sourcecode.c.c; path = Action.c; sourceTree = "<group>"; };
		CE12D4721C4DAF6100CD0B13 /* Action.h */ = {isa = PBXFileReference; fileEncoding = 4; lastKnownFileType = sourcecode.c.h; lineEnding = 0; path = Action.h; sourceTree = "<group>"; xcLanguageSpecificationIdentifier = xcode.lang.objcpp; };
		CE12D4751C4EAD3100CD0B13 /* HelloViewController.c */ = {isa = PBXFileReference; fileEncoding = 4; lastKnownFileType = sourcecode.c.c; path = HelloViewController.c; sourceTree = "<group>"; };
		CE12D4761C4EAD3100CD0B13 /* HelloViewController.h */ = {isa = PBXFileReference; fileEncoding = 4; lastKnownFileType = sourcecode.c.h; path = HelloViewController.h; sourceTree = "<group>"; };
		CE12D47C1C4F35DF00CD0B13 /* Checkbox.c */ = {isa = PBXFileReference; fileEncoding = 4; lastKnownFileType = sourcecode.c.c; path = Checkbox.c; sourceTree = "<group>"; };
		CE12D47D1C4F35DF00CD0B13 /* Checkbox.h */ = {isa = PBXFileReference; fileEncoding = 4; lastKnownFileType = sourcecode.c.h; lineEnding = 0; path = Checkbox.h; sourceTree = "<group>"; xcLanguageSpecificationIdentifier = xcode.lang.objcpp; };
		CE12D4801C4F3A1600CD0B13 /* Image.c */ = {isa = PBXFileReference; fileEncoding = 4; lastKnownFileType = sourcecode.c.c; path = Image.c; sourceTree = "<group>"; };
		CE12D4811C4F3A1600CD0B13 /* Image.h */ = {isa = PBXFileReference; fileEncoding = 4; lastKnownFileType = sourcecode.c.h; lineEnding = 0; path = Image.h; sourceTree = "<group>"; xcLanguageSpecificationIdentifier = xcode.lang.objcpp; };
		CE12D4851C4F3C5900CD0B13 /* check.png */ = {isa = PBXFileReference; lastKnownFileType = image.png; path = check.png; sourceTree = "<group>"; };
		CE12D48F1C505FB400CD0B13 /* index.md */ = {isa = PBXFileReference; fileEncoding = 4; lastKnownFileType = net.daringfireball.markdown; path = index.md; sourceTree = "<group>"; };
		CE12D4901C505FB400CD0B13 /* layout.xml */ = {isa = PBXFileReference; fileEncoding = 4; lastKnownFileType = text.xml; path = layout.xml; sourceTree = "<group>"; };
		CE12D4921C50605000CD0B13 /* Doxyfile */ = {isa = PBXFileReference; fileEncoding = 4; lastKnownFileType = text; path = Doxyfile; sourceTree = "<group>"; };
		CE12D4931C547BDD00CD0B13 /* StackView.c */ = {isa = PBXFileReference; fileEncoding = 4; lastKnownFileType = sourcecode.c.c; path = StackView.c; sourceTree = "<group>"; };
		CE12D4941C547BDD00CD0B13 /* StackView.h */ = {isa = PBXFileReference; fileEncoding = 4; lastKnownFileType = sourcecode.c.h; lineEnding = 0; path = StackView.h; sourceTree = "<group>"; xcLanguageSpecificationIdentifier = xcode.lang.objcpp; };
		CE12D4981C55013700CD0B13 /* OpenGL.framework */ = {isa = PBXFileReference; lastKnownFileType = wrapper.framework; name = OpenGL.framework; path = System/Library/Frameworks/OpenGL.framework; sourceTree = SDKROOT; };
		CE12D49A1C5506F700CD0B13 /* GLUT.framework */ = {isa = PBXFileReference; lastKnownFileType = wrapper.framework; name = GLUT.framework; path = System/Library/Frameworks/GLUT.framework; sourceTree = SDKROOT; };
		CE12D49C1C568A7600CD0B13 /* TextView.c */ = {isa = PBXFileReference; fileEncoding = 4; lastKnownFileType = sourcecode.c.c; path = TextView.c; sourceTree = "<group>"; };
		CE12D49D1C568A7600CD0B13 /* TextView.h */ = {isa = PBXFileReference; fileEncoding = 4; lastKnownFileType = sourcecode.c.h; path = TextView.h; sourceTree = "<group>"; };
		CE12D8731C5CF43500CD0B13 /* libObjectively.dylib */ = {isa = PBXFileReference; lastKnownFileType = "compiled.mach-o.dylib"; name = libObjectively.dylib; path = "../../Library/Developer/Xcode/DerivedData/ObjectivelyMVC-fspcccelrviltualajoobfoxkekj/Build/Products/Debug/libObjectively.dylib"; sourceTree = "<group>"; };
		CE14A8CA1C66D89900B576FB /* Select.c */ = {isa = PBXFileReference; fileEncoding = 4; lastKnownFileType = sourcecode.c.c; path = Select.c; sourceTree = "<group>"; };
		CE14A8CB1C66D89900B576FB /* Select.h */ = {isa = PBXFileReference; fileEncoding = 4; lastKnownFileType = sourcecode.c.h; lineEnding = 0; path = Select.h; sourceTree = "<group>"; xcLanguageSpecificationIdentifier = xcode.lang.objcpp; };
		CE14A8CE1C68CE3C00B576FB /* Option.c */ = {isa = PBXFileReference; fileEncoding = 4; lastKnownFileType = sourcecode.c.c; path = Option.c; sourceTree = "<group>"; };
		CE14A8CF1C68CE3C00B576FB /* Option.h */ = {isa = PBXFileReference; fileEncoding = 4; lastKnownFileType = sourcecode.c.h; lineEnding = 0; path = Option.h; sourceTree = "<group>"; xcLanguageSpecificationIdentifier = xcode.lang.objcpp; };
		CE1CCDA21D9E859F00891F05 /* View+JSON.c */ = {isa = PBXFileReference; fileEncoding = 4; lastKnownFileType = sourcecode.c.c; path = "View+JSON.c"; sourceTree = "<group>"; };
		CE1CCDA31D9E859F00891F05 /* View+JSON.h */ = {isa = PBXFileReference; fileEncoding = 4; lastKnownFileType = sourcecode.c.h; path = "View+JSON.h"; sourceTree = "<group>"; };
		CE34C8941FB29F3A0025F231 /* Stylesheet.c */ = {isa = PBXFileReference; lastKnownFileType = sourcecode.c.c; path = Stylesheet.c; sourceTree = "<group>"; };
		CE34C8A21FB29F700025F231 /* ObjectivelyMVC-Stylesheet */ = {isa = PBXFileReference; explicitFileType = "compiled.mach-o.executable"; includeInIndex = 0; path = "ObjectivelyMVC-Stylesheet"; sourceTree = BUILT_PRODUCTS_DIR; };
		CE423A2C1F534127002767E7 /* Makefile.am */ = {isa = PBXFileReference; lastKnownFileType = text; path = Makefile.am; sourceTree = "<group>"; };
		CE423A431F53457D002767E7 /* libcheck.0.dylib */ = {isa = PBXFileReference; lastKnownFileType = "compiled.mach-o.dylib"; name = libcheck.0.dylib; path = ../../../../opt/local/lib/libcheck.0.dylib; sourceTree = "<group>"; };
		CE423A4F1F53BA44002767E7 /* Makefile.am */ = {isa = PBXFileReference; lastKnownFileType = text; path = Makefile.am; sourceTree = "<group>"; };
		CE55C1BB1F944C1B00D5A326 /* Selector.c */ = {isa = PBXFileReference; lastKnownFileType = sourcecode.c.c; path = Selector.c; sourceTree = "<group>"; };
		CE55C1C91F944C6D00D5A326 /* ObjectivelyMVC-Selector */ = {isa = PBXFileReference; explicitFileType = "compiled.mach-o.executable"; includeInIndex = 0; path = "ObjectivelyMVC-Selector"; sourceTree = BUILT_PRODUCTS_DIR; };
		CE55C1CB1F94CFB200D5A326 /* SimpleSelector.c */ = {isa = PBXFileReference; lastKnownFileType = sourcecode.c.c; path = SimpleSelector.c; sourceTree = "<group>"; };
		CE55C1CC1F94CFB200D5A326 /* SimpleSelector.h */ = {isa = PBXFileReference; lastKnownFileType = sourcecode.c.h; path = SimpleSelector.h; sourceTree = "<group>"; };
		CE5604CF1EAB9F4B00E42E53 /* TabViewController.c */ = {isa = PBXFileReference; fileEncoding = 4; lastKnownFileType = sourcecode.c.c; path = TabViewController.c; sourceTree = "<group>"; };
		CE5604D01EAB9F4B00E42E53 /* TabViewController.h */ = {isa = PBXFileReference; fileEncoding = 4; lastKnownFileType = sourcecode.c.h; path = TabViewController.h; sourceTree = "<group>"; };
		CE5604D71EABA06E00E42E53 /* TabViewItem.c */ = {isa = PBXFileReference; fileEncoding = 4; lastKnownFileType = sourcecode.c.c; path = TabViewItem.c; sourceTree = "<group>"; };
		CE5604D81EABA06E00E42E53 /* TabViewItem.h */ = {isa = PBXFileReference; fileEncoding = 4; lastKnownFileType = sourcecode.c.h; path = TabViewItem.h; sourceTree = "<group>"; };
		CE5604DB1EABA0FB00E42E53 /* TabView.c */ = {isa = PBXFileReference; fileEncoding = 4; lastKnownFileType = sourcecode.c.c; path = TabView.c; sourceTree = "<group>"; };
		CE5604DC1EABA0FB00E42E53 /* TabView.h */ = {isa = PBXFileReference; fileEncoding = 4; lastKnownFileType = sourcecode.c.h; path = TabView.h; sourceTree = "<group>"; };
		CE5604DF1EADBE9400E42E53 /* PageView.c */ = {isa = PBXFileReference; fileEncoding = 4; lastKnownFileType = sourcecode.c.c; path = PageView.c; sourceTree = "<group>"; };
		CE5604E01EADBE9400E42E53 /* PageView.h */ = {isa = PBXFileReference; fileEncoding = 4; lastKnownFileType = sourcecode.c.h; path = PageView.h; sourceTree = "<group>"; };
		CE562EBA1D6876AB006DF143 /* NavigationViewController.c */ = {isa = PBXFileReference; fileEncoding = 4; lastKnownFileType = sourcecode.c.c; path = NavigationViewController.c; sourceTree = "<group>"; };
		CE562EBB1D6876AB006DF143 /* NavigationViewController.h */ = {isa = PBXFileReference; fileEncoding = 4; lastKnownFileType = sourcecode.c.h; lineEnding = 0; path = NavigationViewController.h; sourceTree = "<group>"; xcLanguageSpecificationIdentifier = xcode.lang.objcpp; };
		CE562EBE1D6A08DD006DF143 /* CollectionView.c */ = {isa = PBXFileReference; fileEncoding = 4; lastKnownFileType = sourcecode.c.c; path = CollectionView.c; sourceTree = "<group>"; };
		CE562EBF1D6A08DD006DF143 /* CollectionView.h */ = {isa = PBXFileReference; fileEncoding = 4; lastKnownFileType = sourcecode.c.h; lineEnding = 0; path = CollectionView.h; sourceTree = "<group>"; xcLanguageSpecificationIdentifier = xcode.lang.objcpp; };
		CE562EC21D6A0A17006DF143 /* CollectionItemView.c */ = {isa = PBXFileReference; fileEncoding = 4; lastKnownFileType = sourcecode.c.c; path = CollectionItemView.c; sourceTree = "<group>"; };
		CE562EC31D6A0A17006DF143 /* CollectionItemView.h */ = {isa = PBXFileReference; fileEncoding = 4; lastKnownFileType = sourcecode.c.h; lineEnding = 0; path = CollectionItemView.h; sourceTree = "<group>"; xcLanguageSpecificationIdentifier = xcode.lang.objcpp; };
		CE5BD5921D3EDD7400C43B85 /* ObjectivelyMVC.pc.in */ = {isa = PBXFileReference; fileEncoding = 4; lastKnownFileType = text; path = ObjectivelyMVC.pc.in; sourceTree = "<group>"; };
		CE6603791CBBF93E00EB86CF /* ScrollView.c */ = {isa = PBXFileReference; fileEncoding = 4; lastKnownFileType = sourcecode.c.c; path = ScrollView.c; sourceTree = "<group>"; };
		CE66037A1CBBF93E00EB86CF /* ScrollView.h */ = {isa = PBXFileReference; fileEncoding = 4; lastKnownFileType = sourcecode.c.h; lineEnding = 0; path = ScrollView.h; sourceTree = "<group>"; xcLanguageSpecificationIdentifier = xcode.lang.objcpp; };
		CE6BC16E1D79B2920070FB2D /* HelloViewController.json */ = {isa = PBXFileReference; fileEncoding = 4; lastKnownFileType = text.json; path = HelloViewController.json; sourceTree = "<group>"; };
		CE6BC1801D837D550070FB2D /* Label.c */ = {isa = PBXFileReference; fileEncoding = 4; lastKnownFileType = sourcecode.c.c; path = Label.c; sourceTree = "<group>"; };
		CE6BC1811D837D550070FB2D /* Label.h */ = {isa = PBXFileReference; fileEncoding = 4; lastKnownFileType = sourcecode.c.h; lineEnding = 0; path = Label.h; sourceTree = "<group>"; xcLanguageSpecificationIdentifier = xcode.lang.objcpp; };
		CE6EE3791F6EA91900FBC830 /* HSVColorPicker.c */ = {isa = PBXFileReference; fileEncoding = 4; lastKnownFileType = sourcecode.c.c; path = HSVColorPicker.c; sourceTree = "<group>"; };
		CE6EE37A1F6EA91900FBC830 /* HSVColorPicker.h */ = {isa = PBXFileReference; fileEncoding = 4; lastKnownFileType = sourcecode.c.h; path = HSVColorPicker.h; sourceTree = "<group>"; };
		CE6EE3CA1F7156BC00FBC830 /* HueColorPicker.c */ = {isa = PBXFileReference; fileEncoding = 4; lastKnownFileType = sourcecode.c.c; path = HueColorPicker.c; sourceTree = "<group>"; };
		CE6EE3CB1F7156BC00FBC830 /* HueColorPicker.h */ = {isa = PBXFileReference; fileEncoding = 4; lastKnownFileType = sourcecode.c.h; path = HueColorPicker.h; sourceTree = "<group>"; };
		CE76279C1D4A5A5800EEEE78 /* Renderer.c */ = {isa = PBXFileReference; fileEncoding = 4; lastKnownFileType = sourcecode.c.c; path = Renderer.c; sourceTree = "<group>"; };
		CE76279D1D4A5A5800EEEE78 /* Renderer.h */ = {isa = PBXFileReference; fileEncoding = 4; lastKnownFileType = sourcecode.c.h; lineEnding = 0; path = Renderer.h; sourceTree = "<group>"; xcLanguageSpecificationIdentifier = xcode.lang.objcpp; };
		CE7CBD7E202942B300C5316A /* coda.ttf */ = {isa = PBXFileReference; lastKnownFileType = file; path = coda.ttf; sourceTree = "<group>"; };
		CE7CBD7F20294B9B00C5316A /* coda.ttf.h */ = {isa = PBXFileReference; fileEncoding = 4; lastKnownFileType = sourcecode.c.h; path = coda.ttf.h; sourceTree = "<group>"; };
		CE7EA4CC1D479A9000BD37A3 /* demo.gif */ = {isa = PBXFileReference; lastKnownFileType = image.gif; path = demo.gif; sourceTree = "<group>"; };
		CE7EA4CD1D479A9000BD37A3 /* quetoo.jpg */ = {isa = PBXFileReference; lastKnownFileType = image.jpeg; path = quetoo.jpg; sourceTree = "<group>"; };
		CE84C6CA1FFC8E9E00F72267 /* debug.json */ = {isa = PBXFileReference; lastKnownFileType = text.json; path = debug.json; sourceTree = "<group>"; };
		CE84C6CB1FFC917600F72267 /* DebugViewController.h */ = {isa = PBXFileReference; lastKnownFileType = sourcecode.c.h; path = DebugViewController.h; sourceTree = "<group>"; };
		CE84C6CC1FFC917600F72267 /* DebugViewController.c */ = {isa = PBXFileReference; lastKnownFileType = sourcecode.c.c; path = DebugViewController.c; sourceTree = "<group>"; };
		CE862AD71F79FB82005C3B10 /* ProgressBar.c */ = {isa = PBXFileReference; fileEncoding = 4; lastKnownFileType = sourcecode.c.c; path = ProgressBar.c; sourceTree = "<group>"; };
		CE862AD81F79FB82005C3B10 /* ProgressBar.h */ = {isa = PBXFileReference; fileEncoding = 4; lastKnownFileType = sourcecode.c.h; path = ProgressBar.h; sourceTree = "<group>"; };
		CE8819641F8AAC00000D5AB7 /* Notification.c */ = {isa = PBXFileReference; lastKnownFileType = sourcecode.c.c; path = Notification.c; sourceTree = "<group>"; };
		CE8819651F8AAC00000D5AB7 /* Notification.h */ = {isa = PBXFileReference; lastKnownFileType = sourcecode.c.h; path = Notification.h; sourceTree = "<group>"; };
		CE8819681F8AAC25000D5AB7 /* Window.c */ = {isa = PBXFileReference; lastKnownFileType = sourcecode.c.c; path = Window.c; sourceTree = "<group>"; };
		CE8819691F8AAC25000D5AB7 /* Window.h */ = {isa = PBXFileReference; lastKnownFileType = sourcecode.c.h; path = Window.h; sourceTree = "<group>"; };
		CE8819801F8CFD60000D5AB7 /* Theme.c */ = {isa = PBXFileReference; lastKnownFileType = sourcecode.c.c; path = Theme.c; sourceTree = "<group>"; };
		CE8819811F8CFD60000D5AB7 /* Theme.h */ = {isa = PBXFileReference; lastKnownFileType = sourcecode.c.h; path = Theme.h; sourceTree = "<group>"; };
		CE8819841F8DAC96000D5AB7 /* Style.c */ = {isa = PBXFileReference; lastKnownFileType = sourcecode.c.c; path = Style.c; sourceTree = "<group>"; };
		CE8819851F8DAC96000D5AB7 /* Style.h */ = {isa = PBXFileReference; lastKnownFileType = sourcecode.c.h; path = Style.h; sourceTree = "<group>"; };
		CE8819891F91B094000D5AB7 /* Style.c */ = {isa = PBXFileReference; lastKnownFileType = sourcecode.c.c; path = Style.c; sourceTree = "<group>"; };
		CE8819971F91B0BE000D5AB7 /* ObjectivelyMVC-Style */ = {isa = PBXFileReference; explicitFileType = "compiled.mach-o.executable"; includeInIndex = 0; path = "ObjectivelyMVC-Style"; sourceTree = BUILT_PRODUCTS_DIR; };
		CE88199B1F9231AE000D5AB7 /* Selector.c */ = {isa = PBXFileReference; lastKnownFileType = sourcecode.c.c; path = Selector.c; sourceTree = "<group>"; };
		CE88199C1F9231AF000D5AB7 /* Selector.h */ = {isa = PBXFileReference; lastKnownFileType = sourcecode.c.h; path = Selector.h; sourceTree = "<group>"; };
		CE8E7FF41C7FAD9100F4C3D4 /* Input.c */ = {isa = PBXFileReference; fileEncoding = 4; lastKnownFileType = sourcecode.c.c; lineEnding = 0; path = Input.c; sourceTree = "<group>"; xcLanguageSpecificationIdentifier = xcode.lang.c; };
		CE8E7FF51C7FAD9100F4C3D4 /* Input.h */ = {isa = PBXFileReference; fileEncoding = 4; lastKnownFileType = sourcecode.c.h; lineEnding = 0; path = Input.h; sourceTree = "<group>"; xcLanguageSpecificationIdentifier = xcode.lang.objcpp; };
		CE8E7FF81C84E36100F4C3D4 /* TableView.c */ = {isa = PBXFileReference; fileEncoding = 4; lastKnownFileType = sourcecode.c.c; path = TableView.c; sourceTree = "<group>"; };
		CE8E7FF91C84E36100F4C3D4 /* TableView.h */ = {isa = PBXFileReference; fileEncoding = 4; lastKnownFileType = sourcecode.c.h; path = TableView.h; sourceTree = "<group>"; };
		CE8E7FFC1C84E8DA00F4C3D4 /* TableHeaderView.c */ = {isa = PBXFileReference; fileEncoding = 4; lastKnownFileType = sourcecode.c.c; path = TableHeaderView.c; sourceTree = "<group>"; };
		CE8E7FFD1C84E8DA00F4C3D4 /* TableHeaderView.h */ = {isa = PBXFileReference; fileEncoding = 4; lastKnownFileType = sourcecode.c.h; path = TableHeaderView.h; sourceTree = "<group>"; };
		CE8E80001C84F25400F4C3D4 /* TableCellView.c */ = {isa = PBXFileReference; fileEncoding = 4; lastKnownFileType = sourcecode.c.c; path = TableCellView.c; sourceTree = "<group>"; };
		CE8E80011C84F25400F4C3D4 /* TableCellView.h */ = {isa = PBXFileReference; fileEncoding = 4; lastKnownFileType = sourcecode.c.h; lineEnding = 0; path = TableCellView.h; sourceTree = "<group>"; xcLanguageSpecificationIdentifier = xcode.lang.objcpp; };
		CE92C5141FE01F6300FDB0DF /* stylesheet.css */ = {isa = PBXFileReference; lastKnownFileType = text.css; path = stylesheet.css; sourceTree = "<group>"; };
		CE92C5151FE029BF00FDB0DF /* stylesheet.css.h */ = {isa = PBXFileReference; lastKnownFileType = sourcecode.c.h; path = stylesheet.css.h; sourceTree = "<group>"; };
		CE92C5161FE029BF00FDB0DF /* check.png.h */ = {isa = PBXFileReference; lastKnownFileType = sourcecode.c.h; path = check.png.h; sourceTree = "<group>"; };
		CE92C5171FE029C000FDB0DF /* resize.png.h */ = {isa = PBXFileReference; lastKnownFileType = sourcecode.c.h; path = resize.png.h; sourceTree = "<group>"; };
		CE9305C21D9B277E00D62770 /* Config.h.in */ = {isa = PBXFileReference; fileEncoding = 4; lastKnownFileType = text; path = Config.h.in; sourceTree = "<group>"; };
		CE9305C31D9B27F900D62770 /* Config.h */ = {isa = PBXFileReference; fileEncoding = 4; lastKnownFileType = sourcecode.c.h; path = Config.h; sourceTree = "<group>"; };
		CE9351661F9B6ED000B46882 /* SelectorSequence.c */ = {isa = PBXFileReference; lastKnownFileType = sourcecode.c.c; path = SelectorSequence.c; sourceTree = "<group>"; };
		CE9351671F9B6ED000B46882 /* SelectorSequence.h */ = {isa = PBXFileReference; lastKnownFileType = sourcecode.c.h; path = SelectorSequence.h; sourceTree = "<group>"; };
		CE9EB86D1EA50FD10087BD1D /* RGBColorPicker.c */ = {isa = PBXFileReference; fileEncoding = 4; lastKnownFileType = sourcecode.c.c; path = RGBColorPicker.c; sourceTree = "<group>"; };
		CE9EB86E1EA50FD10087BD1D /* RGBColorPicker.h */ = {isa = PBXFileReference; fileEncoding = 4; lastKnownFileType = sourcecode.c.h; path = RGBColorPicker.h; sourceTree = "<group>"; };
		CE9FECD5201D5F2A00F954ED /* debug.css */ = {isa = PBXFileReference; lastKnownFileType = text.css; path = debug.css; sourceTree = "<group>"; };
		CE9FECD6201D5F8000F954ED /* debug.css.h */ = {isa = PBXFileReference; fileEncoding = 4; lastKnownFileType = sourcecode.c.h; path = debug.css.h; sourceTree = "<group>"; };
		CE9FECD7201D5F8000F954ED /* debug.json.h */ = {isa = PBXFileReference; fileEncoding = 4; lastKnownFileType = sourcecode.c.h; path = debug.json.h; sourceTree = "<group>"; };
		CEA8FC1C1FB153A5002CCB08 /* Stylesheet.c */ = {isa = PBXFileReference; lastKnownFileType = sourcecode.c.c; path = Stylesheet.c; sourceTree = "<group>"; };
		CEA8FC1D1FB153A5002CCB08 /* Stylesheet.h */ = {isa = PBXFileReference; lastKnownFileType = sourcecode.c.h; path = Stylesheet.h; sourceTree = "<group>"; };
		CED1579D1C4BF32A00FBA2DE /* configure.ac */ = {isa = PBXFileReference; fileEncoding = 4; lastKnownFileType = text; path = configure.ac; sourceTree = "<group>"; };
		CED1579E1C4BF32A00FBA2DE /* Makefile.am */ = {isa = PBXFileReference; fileEncoding = 4; lastKnownFileType = text; path = Makefile.am; sourceTree = "<group>"; };
		CED1579F1C4BF32A00FBA2DE /* README.md */ = {isa = PBXFileReference; fileEncoding = 4; lastKnownFileType = net.daringfireball.markdown; path = README.md; sourceTree = "<group>"; };
		CED157B51C4BF32A00FBA2DE /* Makefile.am */ = {isa = PBXFileReference; fileEncoding = 4; lastKnownFileType = text; path = Makefile.am; sourceTree = "<group>"; };
		CED157CD1C4BF3AC00FBA2DE /* libObjectivelyMVC.dylib */ = {isa = PBXFileReference; explicitFileType = "compiled.mach-o.dylib"; includeInIndex = 0; path = libObjectivelyMVC.dylib; sourceTree = BUILT_PRODUCTS_DIR; };
		CED157E31C4BF45C00FBA2DE /* libfontconfig.1.dylib */ = {isa = PBXFileReference; lastKnownFileType = "compiled.mach-o.dylib"; name = libfontconfig.1.dylib; path = /opt/local/lib/libfontconfig.1.dylib; sourceTree = "<absolute>"; };
		CED157E41C4BF45D00FBA2DE /* libSDL2_image-2.0.0.dylib */ = {isa = PBXFileReference; lastKnownFileType = "compiled.mach-o.dylib"; name = "libSDL2_image-2.0.0.dylib"; path = "/opt/local/lib/libSDL2_image-2.0.0.dylib"; sourceTree = "<absolute>"; };
		CED157E51C4BF45D00FBA2DE /* libSDL2_ttf-2.0.0.dylib */ = {isa = PBXFileReference; lastKnownFileType = "compiled.mach-o.dylib"; name = "libSDL2_ttf-2.0.0.dylib"; path = "/opt/local/lib/libSDL2_ttf-2.0.0.dylib"; sourceTree = "<absolute>"; };
		CED157E61C4BF45D00FBA2DE /* libSDL2-2.0.0.dylib */ = {isa = PBXFileReference; lastKnownFileType = "compiled.mach-o.dylib"; name = "libSDL2-2.0.0.dylib"; path = "/opt/local/lib/libSDL2-2.0.0.dylib"; sourceTree = "<absolute>"; };
		CEEA01A11E2D276B00B68010 /* INSTALL.md */ = {isa = PBXFileReference; fileEncoding = 4; lastKnownFileType = net.daringfireball.markdown; path = INSTALL.md; sourceTree = "<group>"; };
		CEEA01A31E2D28B900B68010 /* INSTALL.md */ = {isa = PBXFileReference; fileEncoding = 4; lastKnownFileType = net.daringfireball.markdown; path = INSTALL.md; sourceTree = "<group>"; };
		CEF1D88B1D4265A70099A857 /* Panel.c */ = {isa = PBXFileReference; fileEncoding = 4; lastKnownFileType = sourcecode.c.c; path = Panel.c; sourceTree = "<group>"; };
		CEF1D88C1D4265A70099A857 /* Panel.h */ = {isa = PBXFileReference; fileEncoding = 4; lastKnownFileType = sourcecode.c.h; lineEnding = 0; path = Panel.h; sourceTree = "<group>"; xcLanguageSpecificationIdentifier = xcode.lang.objcpp; };
		CEF1D8901D4270150099A857 /* libObjectively.dylib */ = {isa = PBXFileReference; lastKnownFileType = "compiled.mach-o.dylib"; name = libObjectively.dylib; path = "../../Library/Developer/Xcode/DerivedData/Quetoo-eijmznjiunzbaafulkyjapfulhqz/Build/Products/Debug/libObjectively.dylib"; sourceTree = "<group>"; };
		CEF1D8921D429F7A0099A857 /* resize.png */ = {isa = PBXFileReference; lastKnownFileType = image.png; path = resize.png; sourceTree = "<group>"; };
		CEF1D8941D42ABCA0099A857 /* Makefile.am */ = {isa = PBXFileReference; fileEncoding = 4; lastKnownFileType = text; path = Makefile.am; sourceTree = "<group>"; };
		CEF1D89E1D440C7B0099A857 /* Box.c */ = {isa = PBXFileReference; fileEncoding = 4; lastKnownFileType = sourcecode.c.c; path = Box.c; sourceTree = "<group>"; };
		CEF1D89F1D440C7B0099A857 /* Box.h */ = {isa = PBXFileReference; fileEncoding = 4; lastKnownFileType = sourcecode.c.h; lineEnding = 0; path = Box.h; sourceTree = "<group>"; xcLanguageSpecificationIdentifier = xcode.lang.objcpp; };
		CEF1D8AA1D4630D20099A857 /* WindowController.c */ = {isa = PBXFileReference; fileEncoding = 4; lastKnownFileType = sourcecode.c.c; path = WindowController.c; sourceTree = "<group>"; };
		CEF1D8AB1D4630D20099A857 /* WindowController.h */ = {isa = PBXFileReference; fileEncoding = 4; lastKnownFileType = sourcecode.c.h; path = WindowController.h; sourceTree = "<group>"; };
		CEF1D8BB1D4704950099A857 /* Types.h */ = {isa = PBXFileReference; lastKnownFileType = sourcecode.c.h; path = Types.h; sourceTree = "<group>"; };
/* End PBXFileReference section */

/* Begin PBXFrameworksBuildPhase section */
		CE12D4521C4C8E8E00CD0B13 /* Frameworks */ = {
			isa = PBXFrameworksBuildPhase;
			buildActionMask = 2147483647;
			files = (
				CE12D4611C4C8F2A00CD0B13 /* libObjectivelyMVC.dylib in Frameworks */,
				CEDCFC7720497B07008A4252 /* libObjectively.dylib in Frameworks */,
				CE12D4991C55013700CD0B13 /* OpenGL.framework in Frameworks */,
				CE12D4601C4C8F2400CD0B13 /* libSDL2-2.0.0.dylib in Frameworks */,
			);
			runOnlyForDeploymentPostprocessing = 0;
		};
		CE34C89A1FB29F700025F231 /* Frameworks */ = {
			isa = PBXFrameworksBuildPhase;
			buildActionMask = 2147483647;
			files = (
				CE34C89D1FB29F700025F231 /* libObjectivelyMVC.dylib in Frameworks */,
				CE34C89C1FB29F700025F231 /* libObjectively.dylib in Frameworks */,
				CE34C89B1FB29F700025F231 /* libcheck.0.dylib in Frameworks */,
			);
			runOnlyForDeploymentPostprocessing = 0;
		};
		CE55C1C11F944C6D00D5A326 /* Frameworks */ = {
			isa = PBXFrameworksBuildPhase;
			buildActionMask = 2147483647;
			files = (
				CE55C1C41F944C6D00D5A326 /* libObjectivelyMVC.dylib in Frameworks */,
				CE55C1C31F944C6D00D5A326 /* libObjectively.dylib in Frameworks */,
				CE55C1C21F944C6D00D5A326 /* libcheck.0.dylib in Frameworks */,
			);
			runOnlyForDeploymentPostprocessing = 0;
		};
		CE88198F1F91B0BE000D5AB7 /* Frameworks */ = {
			isa = PBXFrameworksBuildPhase;
			buildActionMask = 2147483647;
			files = (
				CE8819921F91B0BE000D5AB7 /* libObjectivelyMVC.dylib in Frameworks */,
				CE8819911F91B0BE000D5AB7 /* libObjectively.dylib in Frameworks */,
				CE8819901F91B0BE000D5AB7 /* libcheck.0.dylib in Frameworks */,
			);
			runOnlyForDeploymentPostprocessing = 0;
		};
		CED157CA1C4BF3AC00FBA2DE /* Frameworks */ = {
			isa = PBXFrameworksBuildPhase;
			buildActionMask = 2147483647;
			files = (
				CE3A45A0216594D5005ACAD6 /* libObjectively.dylib in Frameworks */,
				CE12D8791C5CF4C600CD0B13 /* OpenGL.framework in Frameworks */,
				CEDCFC7520497979008A4252 /* libSDL2_image-2.0.0.dylib in Frameworks */,
				CED157E91C4BF45D00FBA2DE /* libSDL2_ttf-2.0.0.dylib in Frameworks */,
				CED157EA1C4BF45D00FBA2DE /* libSDL2-2.0.0.dylib in Frameworks */,
			);
			runOnlyForDeploymentPostprocessing = 0;
		};
/* End PBXFrameworksBuildPhase section */

/* Begin PBXGroup section */
		CE12D3DE1C4C367100CD0B13 /* ObjectivelyMVC */ = {
			isa = PBXGroup;
			children = (
				CE12D4711C4DAF6100CD0B13 /* Action.c */,
				CE12D4721C4DAF6100CD0B13 /* Action.h */,
				CEF1D89E1D440C7B0099A857 /* Box.c */,
				CEF1D89F1D440C7B0099A857 /* Box.h */,
				CE12D4691C4D810F00CD0B13 /* Button.c */,
				CE12D46A1C4D810F00CD0B13 /* Button.h */,
				CE12D47C1C4F35DF00CD0B13 /* Checkbox.c */,
				CE12D47D1C4F35DF00CD0B13 /* Checkbox.h */,
				CE562EC21D6A0A17006DF143 /* CollectionItemView.c */,
				CE562EC31D6A0A17006DF143 /* CollectionItemView.h */,
				CE562EBE1D6A08DD006DF143 /* CollectionView.c */,
				CE562EBF1D6A08DD006DF143 /* CollectionView.h */,
				CE12D4071C4C367100CD0B13 /* Colors.c */,
				CE12D4081C4C367100CD0B13 /* Colors.h */,
				CE9305C31D9B27F900D62770 /* Config.h */,
				CE9305C21D9B277E00D62770 /* Config.h.in */,
				CE12D46D1C4D82AF00CD0B13 /* Control.c */,
				CE12D46E1C4D82AF00CD0B13 /* Control.h */,
				CE84C6CC1FFC917600F72267 /* DebugViewController.c */,
				CE84C6CB1FFC917600F72267 /* DebugViewController.h */,
				CE12D4091C4C367100CD0B13 /* Font.c */,
				CE12D40A1C4C367100CD0B13 /* Font.h */,
				CE6EE3791F6EA91900FBC830 /* HSVColorPicker.c */,
				CE6EE37A1F6EA91900FBC830 /* HSVColorPicker.h */,
				CE6EE3CA1F7156BC00FBC830 /* HueColorPicker.c */,
				CE6EE3CB1F7156BC00FBC830 /* HueColorPicker.h */,
				CE12D4801C4F3A1600CD0B13 /* Image.c */,
				CE12D4811C4F3A1600CD0B13 /* Image.h */,
				CE12D40B1C4C367100CD0B13 /* ImageView.c */,
				CE12D40C1C4C367100CD0B13 /* ImageView.h */,
				CE8E7FF41C7FAD9100F4C3D4 /* Input.c */,
				CE8E7FF51C7FAD9100F4C3D4 /* Input.h */,
				CE6BC1801D837D550070FB2D /* Label.c */,
				CE6BC1811D837D550070FB2D /* Label.h */,
				CE12D4651C4D587E00CD0B13 /* Log.h */,
				CE562EBA1D6876AB006DF143 /* NavigationViewController.c */,
				CE562EBB1D6876AB006DF143 /* NavigationViewController.h */,
				CE8819641F8AAC00000D5AB7 /* Notification.c */,
				CE8819651F8AAC00000D5AB7 /* Notification.h */,
				CE14A8CE1C68CE3C00B576FB /* Option.c */,
				CE14A8CF1C68CE3C00B576FB /* Option.h */,
				CE5604DF1EADBE9400E42E53 /* PageView.c */,
				CE5604E01EADBE9400E42E53 /* PageView.h */,
				CEF1D88B1D4265A70099A857 /* Panel.c */,
				CEF1D88C1D4265A70099A857 /* Panel.h */,
				CE862AD71F79FB82005C3B10 /* ProgressBar.c */,
				CE862AD81F79FB82005C3B10 /* ProgressBar.h */,
				CE76279C1D4A5A5800EEEE78 /* Renderer.c */,
				CE76279D1D4A5A5800EEEE78 /* Renderer.h */,
				CE9EB86D1EA50FD10087BD1D /* RGBColorPicker.c */,
				CE9EB86E1EA50FD10087BD1D /* RGBColorPicker.h */,
				CE6603791CBBF93E00EB86CF /* ScrollView.c */,
				CE66037A1CBBF93E00EB86CF /* ScrollView.h */,
				CE14A8CA1C66D89900B576FB /* Select.c */,
				CE14A8CB1C66D89900B576FB /* Select.h */,
				CE88199B1F9231AE000D5AB7 /* Selector.c */,
				CE88199C1F9231AF000D5AB7 /* Selector.h */,
				CE9351661F9B6ED000B46882 /* SelectorSequence.c */,
				CE9351671F9B6ED000B46882 /* SelectorSequence.h */,
				CE55C1CB1F94CFB200D5A326 /* SimpleSelector.c */,
				CE55C1CC1F94CFB200D5A326 /* SimpleSelector.h */,
				CE0AD0981C77AF73003E3CF7 /* Slider.c */,
				CE0AD0991C77AF73003E3CF7 /* Slider.h */,
				CE12D4931C547BDD00CD0B13 /* StackView.c */,
				CE12D4941C547BDD00CD0B13 /* StackView.h */,
				CE8819841F8DAC96000D5AB7 /* Style.c */,
				CE8819851F8DAC96000D5AB7 /* Style.h */,
				CEA8FC1C1FB153A5002CCB08 /* Stylesheet.c */,
				CEA8FC1D1FB153A5002CCB08 /* Stylesheet.h */,
				CE8E80001C84F25400F4C3D4 /* TableCellView.c */,
				CE8E80011C84F25400F4C3D4 /* TableCellView.h */,
				CE0943A61D60F1A300C11408 /* TableColumn.c */,
				CE0943A81D60F23100C11408 /* TableColumn.h */,
				CE0943AE1D615CF800C11408 /* TableHeaderCellView.c */,
				CE0943AF1D615CF800C11408 /* TableHeaderCellView.h */,
				CE8E7FFC1C84E8DA00F4C3D4 /* TableHeaderView.c */,
				CE8E7FFD1C84E8DA00F4C3D4 /* TableHeaderView.h */,
				CE0943AA1D60FFEC00C11408 /* TableRowView.c */,
				CE0943AB1D60FFEC00C11408 /* TableRowView.h */,
				CE8E7FF81C84E36100F4C3D4 /* TableView.c */,
				CE8E7FF91C84E36100F4C3D4 /* TableView.h */,
				CE5604DB1EABA0FB00E42E53 /* TabView.c */,
				CE5604DC1EABA0FB00E42E53 /* TabView.h */,
				CE5604CF1EAB9F4B00E42E53 /* TabViewController.c */,
				CE5604D01EAB9F4B00E42E53 /* TabViewController.h */,
				CE5604D71EABA06E00E42E53 /* TabViewItem.c */,
				CE5604D81EABA06E00E42E53 /* TabViewItem.h */,
				CE12D40D1C4C367100CD0B13 /* Text.c */,
				CE12D40E1C4C367100CD0B13 /* Text.h */,
				CE12D49C1C568A7600CD0B13 /* TextView.c */,
				CE12D49D1C568A7600CD0B13 /* TextView.h */,
				CE8819801F8CFD60000D5AB7 /* Theme.c */,
				CE8819811F8CFD60000D5AB7 /* Theme.h */,
				CEF1D8BB1D4704950099A857 /* Types.h */,
				CE12D4231C4C367100CD0B13 /* View.c */,
				CE12D4241C4C367100CD0B13 /* View.h */,
				CE1CCDA21D9E859F00891F05 /* View+JSON.c */,
				CE1CCDA31D9E859F00891F05 /* View+JSON.h */,
				CE12D4251C4C367100CD0B13 /* ViewController.c */,
				CE12D4261C4C367100CD0B13 /* ViewController.h */,
				CE8819681F8AAC25000D5AB7 /* Window.c */,
				CE8819691F8AAC25000D5AB7 /* Window.h */,
				CEF1D8AA1D4630D20099A857 /* WindowController.c */,
				CEF1D8AB1D4630D20099A857 /* WindowController.h */,
				CE12D4211C4C367100CD0B13 /* Makefile.am */,
			);
			path = ObjectivelyMVC;
			sourceTree = "<group>";
		};
		CE12D4281C4C375300CD0B13 /* Tests */ = {
			isa = PBXGroup;
			children = (
				CE12D4291C4C377B00CD0B13 /* ObjectivelyMVC */,
				CE423A4F1F53BA44002767E7 /* Makefile.am */,
			);
			path = Tests;
			sourceTree = "<group>";
		};
		CE12D4291C4C377B00CD0B13 /* ObjectivelyMVC */ = {
			isa = PBXGroup;
			children = (
				CE55C1BB1F944C1B00D5A326 /* Selector.c */,
				CE8819891F91B094000D5AB7 /* Style.c */,
				CE34C8941FB29F3A0025F231 /* Stylesheet.c */,
				CE423A2C1F534127002767E7 /* Makefile.am */,
			);
			path = ObjectivelyMVC;
			sourceTree = "<group>";
		};
		CE12D42A1C4C37CD00CD0B13 /* Examples */ = {
			isa = PBXGroup;
			children = (
				CE12D42B1C4C37E500CD0B13 /* Hello.c */,
				CE6BC16E1D79B2920070FB2D /* HelloViewController.json */,
				CE12D4751C4EAD3100CD0B13 /* HelloViewController.c */,
				CE12D4761C4EAD3100CD0B13 /* HelloViewController.h */,
				CE12D42D1C4C383D00CD0B13 /* Makefile.am */,
			);
			path = Examples;
			sourceTree = "<group>";
		};
		CE12D4841C4F3C5900CD0B13 /* Assets */ = {
			isa = PBXGroup;
			children = (
				CE12D4851C4F3C5900CD0B13 /* check.png */,
				CE92C5161FE029BF00FDB0DF /* check.png.h */,
				CE7CBD7E202942B300C5316A /* coda.ttf */,
				CE7CBD7F20294B9B00C5316A /* coda.ttf.h */,
				CE9FECD5201D5F2A00F954ED /* debug.css */,
				CE9FECD6201D5F8000F954ED /* debug.css.h */,
				CE84C6CA1FFC8E9E00F72267 /* debug.json */,
				CE9FECD7201D5F8000F954ED /* debug.json.h */,
				CEF1D8921D429F7A0099A857 /* resize.png */,
				CE92C5171FE029C000FDB0DF /* resize.png.h */,
				CE92C5141FE01F6300FDB0DF /* stylesheet.css */,
				CE92C5151FE029BF00FDB0DF /* stylesheet.css.h */,
				CEF1D8941D42ABCA0099A857 /* Makefile.am */,
			);
			path = Assets;
			sourceTree = "<group>";
		};
		CE12D48E1C505FB400CD0B13 /* Documentation */ = {
			isa = PBXGroup;
			children = (
				CE7EA4CC1D479A9000BD37A3 /* demo.gif */,
				CE12D48F1C505FB400CD0B13 /* index.md */,
				CEEA01A31E2D28B900B68010 /* INSTALL.md */,
				CE12D4901C505FB400CD0B13 /* layout.xml */,
				CE7EA4CD1D479A9000BD37A3 /* quetoo.jpg */,
				CE0AD0971C7241DE003E3CF7 /* style.css */,
			);
			path = Documentation;
			sourceTree = "<group>";
		};
		CE12D4971C55012200CD0B13 /* Frameworks */ = {
			isa = PBXGroup;
			children = (
				CE423A431F53457D002767E7 /* libcheck.0.dylib */,
				CEF1D8901D4270150099A857 /* libObjectively.dylib */,
				CE12D49A1C5506F700CD0B13 /* GLUT.framework */,
				CE12D4981C55013700CD0B13 /* OpenGL.framework */,
			);
			name = Frameworks;
			sourceTree = "<group>";
		};
		CED157921C4BEA8900FBA2DE = {
			isa = PBXGroup;
			children = (
				CE12D4841C4F3C5900CD0B13 /* Assets */,
				CE12D48E1C505FB400CD0B13 /* Documentation */,
				CE12D42A1C4C37CD00CD0B13 /* Examples */,
				CE12D4971C55012200CD0B13 /* Frameworks */,
				CED157F01C4BF89A00FBA2DE /* Libraries */,
				CED157CE1C4BF3AC00FBA2DE /* Products */,
				CED157A01C4BF32A00FBA2DE /* Sources */,
				CE12D4281C4C375300CD0B13 /* Tests */,
				CED1579D1C4BF32A00FBA2DE /* configure.ac */,
				CE12D4921C50605000CD0B13 /* Doxyfile */,
				CEEA01A11E2D276B00B68010 /* INSTALL.md */,
				CED1579E1C4BF32A00FBA2DE /* Makefile.am */,
				CED1579F1C4BF32A00FBA2DE /* README.md */,
			);
			sourceTree = "<group>";
		};
		CED157A01C4BF32A00FBA2DE /* Sources */ = {
			isa = PBXGroup;
			children = (
				CE12D3DE1C4C367100CD0B13 /* ObjectivelyMVC */,
				CE12D4271C4C367100CD0B13 /* ObjectivelyMVC.h */,
				CE5BD5921D3EDD7400C43B85 /* ObjectivelyMVC.pc.in */,
				CED157B51C4BF32A00FBA2DE /* Makefile.am */,
			);
			path = Sources;
			sourceTree = "<group>";
		};
		CED157CE1C4BF3AC00FBA2DE /* Products */ = {
			isa = PBXGroup;
			children = (
				CED157CD1C4BF3AC00FBA2DE /* libObjectivelyMVC.dylib */,
				CE12D4551C4C8E8E00CD0B13 /* ObjectivelyMVC-Hello */,
				CE8819971F91B0BE000D5AB7 /* ObjectivelyMVC-Style */,
				CE55C1C91F944C6D00D5A326 /* ObjectivelyMVC-Selector */,
				CE34C8A21FB29F700025F231 /* ObjectivelyMVC-Stylesheet */,
			);
			name = Products;
			sourceTree = "<group>";
		};
		CED157F01C4BF89A00FBA2DE /* Libraries */ = {
			isa = PBXGroup;
			children = (
				CED157E31C4BF45C00FBA2DE /* libfontconfig.1.dylib */,
				CE12D8731C5CF43500CD0B13 /* libObjectively.dylib */,
				CED157E41C4BF45D00FBA2DE /* libSDL2_image-2.0.0.dylib */,
				CED157E51C4BF45D00FBA2DE /* libSDL2_ttf-2.0.0.dylib */,
				CED157E61C4BF45D00FBA2DE /* libSDL2-2.0.0.dylib */,
			);
			name = Libraries;
			sourceTree = "<group>";
		};
/* End PBXGroup section */

/* Begin PBXHeadersBuildPhase section */
		CED157CB1C4BF3AC00FBA2DE /* Headers */ = {
			isa = PBXHeadersBuildPhase;
			buildActionMask = 2147483647;
			files = (
				CE12D4481C4C38C700CD0B13 /* ObjectivelyMVC.h in Headers */,
				CE12D4741C4DAF6100CD0B13 /* Action.h in Headers */,
				CEF1D8A11D440C7B0099A857 /* Box.h in Headers */,
				CE12D46C1C4D810F00CD0B13 /* Button.h in Headers */,
				CE12D47F1C4F35DF00CD0B13 /* Checkbox.h in Headers */,
				CE562EC51D6A0A17006DF143 /* CollectionItemView.h in Headers */,
				CE562EC11D6A08DD006DF143 /* CollectionView.h in Headers */,
				CE12D4421C4C38C700CD0B13 /* Colors.h in Headers */,
				CE12D4701C4D82AF00CD0B13 /* Control.h in Headers */,
				CE84C6CD1FFC917600F72267 /* DebugViewController.h in Headers */,
				CE12D4431C4C38C700CD0B13 /* Font.h in Headers */,
				CE6EE37C1F6EA91900FBC830 /* HSVColorPicker.h in Headers */,
				CE6EE3CD1F7156BC00FBC830 /* HueColorPicker.h in Headers */,
				CE12D4831C4F3A1600CD0B13 /* Image.h in Headers */,
				CE12D4441C4C38C700CD0B13 /* ImageView.h in Headers */,
				CE8E7FF71C7FAD9100F4C3D4 /* Input.h in Headers */,
				CE6BC1831D837D550070FB2D /* Label.h in Headers */,
				CE12D4661C4D587E00CD0B13 /* Log.h in Headers */,
				CE562EBD1D6876AB006DF143 /* NavigationViewController.h in Headers */,
				CE8819671F8AAC00000D5AB7 /* Notification.h in Headers */,
				CE14A8D11C68CE3C00B576FB /* Option.h in Headers */,
				CE5604E21EADBE9400E42E53 /* PageView.h in Headers */,
				CEF1D88E1D4265A70099A857 /* Panel.h in Headers */,
				CE862ADA1F79FB82005C3B10 /* ProgressBar.h in Headers */,
				CE9EB8701EA50FD10087BD1D /* RGBColorPicker.h in Headers */,
				CE76279F1D4A5A5800EEEE78 /* Renderer.h in Headers */,
				CE66037C1CBBF93E00EB86CF /* ScrollView.h in Headers */,
				CE14A8CD1C66D89900B576FB /* Select.h in Headers */,
				CE88199E1F9231AF000D5AB7 /* Selector.h in Headers */,
				CE9351691F9B6ED000B46882 /* SelectorSequence.h in Headers */,
				CE55C1CE1F94CFB200D5A326 /* SimpleSelector.h in Headers */,
				CE0AD09B1C77AF73003E3CF7 /* Slider.h in Headers */,
				CE12D4961C547BDD00CD0B13 /* StackView.h in Headers */,
				CE8819871F8DAC96000D5AB7 /* Style.h in Headers */,
				CEA8FC1F1FB153A5002CCB08 /* Stylesheet.h in Headers */,
				CE8E80031C84F25400F4C3D4 /* TableCellView.h in Headers */,
				CE0943A91D60F23100C11408 /* TableColumn.h in Headers */,
				CE0943B11D615CF800C11408 /* TableHeaderCellView.h in Headers */,
				CE8E7FFF1C84E8DA00F4C3D4 /* TableHeaderView.h in Headers */,
				CE0943AD1D60FFEC00C11408 /* TableRowView.h in Headers */,
				CE8E7FFB1C84E36100F4C3D4 /* TableView.h in Headers */,
				CE5604DE1EABA0FB00E42E53 /* TabView.h in Headers */,
				CE5604DA1EABA06E00E42E53 /* TabViewItem.h in Headers */,
				CE5604D21EAB9F4B00E42E53 /* TabViewController.h in Headers */,
				CE12D4451C4C38C700CD0B13 /* Text.h in Headers */,
				CE12D49F1C568A7600CD0B13 /* TextView.h in Headers */,
				CE8819831F8CFD60000D5AB7 /* Theme.h in Headers */,
				CEBCB6D521664EB1009E6289 /* Types.h in Headers */,
				CE12D4461C4C38C700CD0B13 /* View.h in Headers */,
				CE1CCDA51D9E859F00891F05 /* View+JSON.h in Headers */,
				CE12D4471C4C38C700CD0B13 /* ViewController.h in Headers */,
				CE88196B1F8AAC25000D5AB7 /* Window.h in Headers */,
				CEF1D8AD1D4630D20099A857 /* WindowController.h in Headers */,
				CE9305C41D9B27F900D62770 /* Config.h in Headers */,
			);
			runOnlyForDeploymentPostprocessing = 0;
		};
/* End PBXHeadersBuildPhase section */

/* Begin PBXNativeTarget section */
		CE12D4541C4C8E8E00CD0B13 /* ObjectivelyMVC-Hello */ = {
			isa = PBXNativeTarget;
			buildConfigurationList = CE12D4591C4C8E8E00CD0B13 /* Build configuration list for PBXNativeTarget "ObjectivelyMVC-Hello" */;
			buildPhases = (
				CE12D4511C4C8E8E00CD0B13 /* Sources */,
				CE12D4521C4C8E8E00CD0B13 /* Frameworks */,
				CE12D4531C4C8E8E00CD0B13 /* CopyFiles */,
			);
			buildRules = (
			);
			dependencies = (
				CE12D4641C4C8F5400CD0B13 /* PBXTargetDependency */,
			);
			name = "ObjectivelyMVC-Hello";
			productName = HelloMVC;
			productReference = CE12D4551C4C8E8E00CD0B13 /* ObjectivelyMVC-Hello */;
			productType = "com.apple.product-type.tool";
		};
		CE34C8951FB29F700025F231 /* ObjectivelyMVC-Stylesheet */ = {
			isa = PBXNativeTarget;
			buildConfigurationList = CE34C89F1FB29F700025F231 /* Build configuration list for PBXNativeTarget "ObjectivelyMVC-Stylesheet" */;
			buildPhases = (
				CE34C8981FB29F700025F231 /* Sources */,
				CE34C89A1FB29F700025F231 /* Frameworks */,
				CE34C89E1FB29F700025F231 /* CopyFiles */,
			);
			buildRules = (
			);
			dependencies = (
				CE34C8961FB29F700025F231 /* PBXTargetDependency */,
			);
			name = "ObjectivelyMVC-Stylesheet";
			productName = HelloMVC;
			productReference = CE34C8A21FB29F700025F231 /* ObjectivelyMVC-Stylesheet */;
			productType = "com.apple.product-type.tool";
		};
		CE55C1BC1F944C6D00D5A326 /* ObjectivelyMVC-Selector */ = {
			isa = PBXNativeTarget;
			buildConfigurationList = CE55C1C61F944C6D00D5A326 /* Build configuration list for PBXNativeTarget "ObjectivelyMVC-Selector" */;
			buildPhases = (
				CE55C1BF1F944C6D00D5A326 /* Sources */,
				CE55C1C11F944C6D00D5A326 /* Frameworks */,
				CE55C1C51F944C6D00D5A326 /* CopyFiles */,
			);
			buildRules = (
			);
			dependencies = (
				CE55C1BD1F944C6D00D5A326 /* PBXTargetDependency */,
			);
			name = "ObjectivelyMVC-Selector";
			productName = HelloMVC;
			productReference = CE55C1C91F944C6D00D5A326 /* ObjectivelyMVC-Selector */;
			productType = "com.apple.product-type.tool";
		};
		CE88198A1F91B0BE000D5AB7 /* ObjectivelyMVC-Style */ = {
			isa = PBXNativeTarget;
			buildConfigurationList = CE8819941F91B0BE000D5AB7 /* Build configuration list for PBXNativeTarget "ObjectivelyMVC-Style" */;
			buildPhases = (
				CE88198D1F91B0BE000D5AB7 /* Sources */,
				CE88198F1F91B0BE000D5AB7 /* Frameworks */,
				CE8819931F91B0BE000D5AB7 /* CopyFiles */,
			);
			buildRules = (
			);
			dependencies = (
				CE88198B1F91B0BE000D5AB7 /* PBXTargetDependency */,
			);
			name = "ObjectivelyMVC-Style";
			productName = HelloMVC;
			productReference = CE8819971F91B0BE000D5AB7 /* ObjectivelyMVC-Style */;
			productType = "com.apple.product-type.tool";
		};
		CED157CC1C4BF3AC00FBA2DE /* ObjectivelyMVC */ = {
			isa = PBXNativeTarget;
			buildConfigurationList = CED157CF1C4BF3AC00FBA2DE /* Build configuration list for PBXNativeTarget "ObjectivelyMVC" */;
			buildPhases = (
				CE92C5181FE02B5C00FDB0DF /* Preprocess Assets */,
				CED157C91C4BF3AC00FBA2DE /* Sources */,
				CED157CA1C4BF3AC00FBA2DE /* Frameworks */,
				CED157CB1C4BF3AC00FBA2DE /* Headers */,
			);
			buildRules = (
			);
			dependencies = (
			);
			name = ObjectivelyMVC;
			productName = "SDL_mvc-Xcode";
			productReference = CED157CD1C4BF3AC00FBA2DE /* libObjectivelyMVC.dylib */;
			productType = "com.apple.product-type.library.dynamic";
		};
/* End PBXNativeTarget section */

/* Begin PBXProject section */
		CED157931C4BEA8900FBA2DE /* Project object */ = {
			isa = PBXProject;
			attributes = {
				LastUpgradeCheck = 1200;
				ORGANIZATIONNAME = "https://github.com/jdolan";
				TargetAttributes = {
					CE12D4541C4C8E8E00CD0B13 = {
						CreatedOnToolsVersion = 7.2;
					};
					CE3CB2991F40F9A100FAA016 = {
						CreatedOnToolsVersion = 8.3.3;
						ProvisioningStyle = Automatic;
					};
					CED157CC1C4BF3AC00FBA2DE = {
						CreatedOnToolsVersion = 7.2;
					};
				};
			};
			buildConfigurationList = CED157961C4BEA8900FBA2DE /* Build configuration list for PBXProject "ObjectivelyMVC" */;
			compatibilityVersion = "Xcode 3.2";
			developmentRegion = en;
			hasScannedForEncodings = 0;
			knownRegions = (
				en,
				Base,
			);
			mainGroup = CED157921C4BEA8900FBA2DE;
			productRefGroup = CED157CE1C4BF3AC00FBA2DE /* Products */;
			projectDirPath = "";
			projectRoot = "";
			targets = (
				CED157CC1C4BF3AC00FBA2DE /* ObjectivelyMVC */,
				CE55C1BC1F944C6D00D5A326 /* ObjectivelyMVC-Selector */,
				CE88198A1F91B0BE000D5AB7 /* ObjectivelyMVC-Style */,
				CE34C8951FB29F700025F231 /* ObjectivelyMVC-Stylesheet */,
				CE423A451F534657002767E7 /* ObjectivelyMVC-Tests */,
				CE12D4541C4C8E8E00CD0B13 /* ObjectivelyMVC-Hello */,
				CE3CB2991F40F9A100FAA016 /* ObjectivelyMVC-Examples */,
			);
		};
/* End PBXProject section */

/* Begin PBXShellScriptBuildPhase section */
		CE423A4D1F5346A7002767E7 /* ShellScript */ = {
			isa = PBXShellScriptBuildPhase;
			buildActionMask = 2147483647;
			files = (
			);
			inputPaths = (
			);
			outputPaths = (
			);
			runOnlyForDeploymentPostprocessing = 0;
			shellPath = /bin/sh;
			shellScript = "cd $BUILT_PRODUCTS_DIR &&\n./ObjectivelyMVC-Selector &&\n./ObjectivelyMVC-Style &&\n./ObjectivelyMVC-Stylesheet\n";
		};
		CE92C5181FE02B5C00FDB0DF /* Preprocess Assets */ = {
			isa = PBXShellScriptBuildPhase;
			buildActionMask = 2147483647;
			files = (
			);
			inputPaths = (
			);
			name = "Preprocess Assets";
			outputPaths = (
			);
			runOnlyForDeploymentPostprocessing = 0;
			shellPath = /bin/sh;
			shellScript = "pushd $SRCROOT/Assets\n\nxxd -i check.png check.png.h\nxxd -i coda.ttf coda.ttf.h\nxxd -i debug.css debug.css.h\nxxd -i debug.json debug.json.h\nxxd -i resize.png resize.png.h\nxxd -i stylesheet.css stylesheet.css.h\n";
		};
/* End PBXShellScriptBuildPhase section */

/* Begin PBXSourcesBuildPhase section */
		CE12D4511C4C8E8E00CD0B13 /* Sources */ = {
			isa = PBXSourcesBuildPhase;
			buildActionMask = 2147483647;
			files = (
				CE12D4621C4C8F4800CD0B13 /* Hello.c in Sources */,
				CE12D47A1C4EAD3C00CD0B13 /* HelloViewController.c in Sources */,
			);
			runOnlyForDeploymentPostprocessing = 0;
		};
		CE34C8981FB29F700025F231 /* Sources */ = {
			isa = PBXSourcesBuildPhase;
			buildActionMask = 2147483647;
			files = (
				CE34C8A31FB29F8B0025F231 /* Stylesheet.c in Sources */,
			);
			runOnlyForDeploymentPostprocessing = 0;
		};
		CE55C1BF1F944C6D00D5A326 /* Sources */ = {
			isa = PBXSourcesBuildPhase;
			buildActionMask = 2147483647;
			files = (
				CE55C1CA1F944C7E00D5A326 /* Selector.c in Sources */,
			);
			runOnlyForDeploymentPostprocessing = 0;
		};
		CE88198D1F91B0BE000D5AB7 /* Sources */ = {
			isa = PBXSourcesBuildPhase;
			buildActionMask = 2147483647;
			files = (
				CE8819981F91B0CE000D5AB7 /* Style.c in Sources */,
			);
			runOnlyForDeploymentPostprocessing = 0;
		};
		CED157C91C4BF3AC00FBA2DE /* Sources */ = {
			isa = PBXSourcesBuildPhase;
			buildActionMask = 2147483647;
			files = (
				CE12D4731C4DAF6100CD0B13 /* Action.c in Sources */,
				CEF1D8A01D440C7B0099A857 /* Box.c in Sources */,
				CE12D46B1C4D810F00CD0B13 /* Button.c in Sources */,
				CE12D47E1C4F35DF00CD0B13 /* Checkbox.c in Sources */,
				CE562EC41D6A0A17006DF143 /* CollectionItemView.c in Sources */,
				CE562EC01D6A08DD006DF143 /* CollectionView.c in Sources */,
				CE12D43C1C4C38B500CD0B13 /* Colors.c in Sources */,
				CE12D46F1C4D82AF00CD0B13 /* Control.c in Sources */,
				CE84C6CE1FFC917600F72267 /* DebugViewController.c in Sources */,
				CE12D43D1C4C38B500CD0B13 /* Font.c in Sources */,
				CE6EE37B1F6EA91900FBC830 /* HSVColorPicker.c in Sources */,
				CE6EE3CC1F7156BC00FBC830 /* HueColorPicker.c in Sources */,
				CE12D4821C4F3A1600CD0B13 /* Image.c in Sources */,
				CE12D43E1C4C38B500CD0B13 /* ImageView.c in Sources */,
				CE8E7FF61C7FAD9100F4C3D4 /* Input.c in Sources */,
				CE6BC1821D837D550070FB2D /* Label.c in Sources */,
				CE562EBC1D6876AB006DF143 /* NavigationViewController.c in Sources */,
				CE8819661F8AAC00000D5AB7 /* Notification.c in Sources */,
				CE14A8D01C68CE3C00B576FB /* Option.c in Sources */,
				CE5604E11EADBE9400E42E53 /* PageView.c in Sources */,
				CEF1D88F1D426F8C0099A857 /* Panel.c in Sources */,
				CE862AD91F79FB82005C3B10 /* ProgressBar.c in Sources */,
				CE76279E1D4A5A5800EEEE78 /* Renderer.c in Sources */,
				CE9EB86F1EA50FD10087BD1D /* RGBColorPicker.c in Sources */,
				CE66037B1CBBF93E00EB86CF /* ScrollView.c in Sources */,
				CE14A8CC1C66D89900B576FB /* Select.c in Sources */,
				CE88199D1F9231AF000D5AB7 /* Selector.c in Sources */,
				CE9351681F9B6ED000B46882 /* SelectorSequence.c in Sources */,
				CE55C1CD1F94CFB200D5A326 /* SimpleSelector.c in Sources */,
				CE0AD09A1C77AF73003E3CF7 /* Slider.c in Sources */,
				CE12D4951C547BDD00CD0B13 /* StackView.c in Sources */,
				CE8819861F8DAC96000D5AB7 /* Style.c in Sources */,
				CEA8FC1E1FB153A5002CCB08 /* Stylesheet.c in Sources */,
				CE8E80021C84F25400F4C3D4 /* TableCellView.c in Sources */,
				CE0943A71D60F1A300C11408 /* TableColumn.c in Sources */,
				CE0943B01D615CF800C11408 /* TableHeaderCellView.c in Sources */,
				CE8E7FFE1C84E8DA00F4C3D4 /* TableHeaderView.c in Sources */,
				CE0943AC1D60FFEC00C11408 /* TableRowView.c in Sources */,
				CE8E7FFA1C84E36100F4C3D4 /* TableView.c in Sources */,
				CE5604DD1EABA0FB00E42E53 /* TabView.c in Sources */,
				CE5604D11EAB9F4B00E42E53 /* TabViewController.c in Sources */,
				CE5604D91EABA06E00E42E53 /* TabViewItem.c in Sources */,
				CE12D43F1C4C38B500CD0B13 /* Text.c in Sources */,
				CE12D49E1C568A7600CD0B13 /* TextView.c in Sources */,
				CE8819821F8CFD60000D5AB7 /* Theme.c in Sources */,
				CE12D4401C4C38B500CD0B13 /* View.c in Sources */,
				CE1CCDA41D9E859F00891F05 /* View+JSON.c in Sources */,
				CE12D4411C4C38B500CD0B13 /* ViewController.c in Sources */,
				CE88196A1F8AAC25000D5AB7 /* Window.c in Sources */,
				CEF1D8AC1D4630D20099A857 /* WindowController.c in Sources */,
			);
			runOnlyForDeploymentPostprocessing = 0;
		};
/* End PBXSourcesBuildPhase section */

/* Begin PBXTargetDependency section */
		CE12D4641C4C8F5400CD0B13 /* PBXTargetDependency */ = {
			isa = PBXTargetDependency;
			target = CED157CC1C4BF3AC00FBA2DE /* ObjectivelyMVC */;
			targetProxy = CE12D4631C4C8F5400CD0B13 /* PBXContainerItemProxy */;
		};
		CE34C8961FB29F700025F231 /* PBXTargetDependency */ = {
			isa = PBXTargetDependency;
			target = CED157CC1C4BF3AC00FBA2DE /* ObjectivelyMVC */;
			targetProxy = CE34C8971FB29F700025F231 /* PBXContainerItemProxy */;
		};
		CE34C8A51FB2A0210025F231 /* PBXTargetDependency */ = {
			isa = PBXTargetDependency;
			target = CE55C1BC1F944C6D00D5A326 /* ObjectivelyMVC-Selector */;
			targetProxy = CE34C8A41FB2A0210025F231 /* PBXContainerItemProxy */;
		};
		CE34C8A71FB2A0210025F231 /* PBXTargetDependency */ = {
			isa = PBXTargetDependency;
			target = CE34C8951FB29F700025F231 /* ObjectivelyMVC-Stylesheet */;
			targetProxy = CE34C8A61FB2A0210025F231 /* PBXContainerItemProxy */;
		};
		CE3CB29E1F40F9A700FAA016 /* PBXTargetDependency */ = {
			isa = PBXTargetDependency;
			target = CE12D4541C4C8E8E00CD0B13 /* ObjectivelyMVC-Hello */;
			targetProxy = CE3CB29D1F40F9A700FAA016 /* PBXContainerItemProxy */;
		};
		CE55C1BD1F944C6D00D5A326 /* PBXTargetDependency */ = {
			isa = PBXTargetDependency;
			target = CED157CC1C4BF3AC00FBA2DE /* ObjectivelyMVC */;
			targetProxy = CE55C1BE1F944C6D00D5A326 /* PBXContainerItemProxy */;
		};
		CE88198B1F91B0BE000D5AB7 /* PBXTargetDependency */ = {
			isa = PBXTargetDependency;
			target = CED157CC1C4BF3AC00FBA2DE /* ObjectivelyMVC */;
			targetProxy = CE88198C1F91B0BE000D5AB7 /* PBXContainerItemProxy */;
		};
		CE88199A1F91B0DA000D5AB7 /* PBXTargetDependency */ = {
			isa = PBXTargetDependency;
			target = CE88198A1F91B0BE000D5AB7 /* ObjectivelyMVC-Style */;
			targetProxy = CE8819991F91B0DA000D5AB7 /* PBXContainerItemProxy */;
		};
/* End PBXTargetDependency section */

/* Begin XCBuildConfiguration section */
		CE12D45A1C4C8E8E00CD0B13 /* Debug */ = {
			isa = XCBuildConfiguration;
			buildSettings = {
				PRODUCT_NAME = "$(TARGET_NAME)";
			};
			name = Debug;
		};
		CE12D45B1C4C8E8E00CD0B13 /* Release */ = {
			isa = XCBuildConfiguration;
			buildSettings = {
				PRODUCT_NAME = "$(TARGET_NAME)";
			};
			name = Release;
		};
		CE34C8A01FB29F700025F231 /* Debug */ = {
			isa = XCBuildConfiguration;
			buildSettings = {
				PRODUCT_NAME = "$(TARGET_NAME)";
			};
			name = Debug;
		};
		CE34C8A11FB29F700025F231 /* Release */ = {
			isa = XCBuildConfiguration;
			buildSettings = {
				PRODUCT_NAME = "$(TARGET_NAME)";
			};
			name = Release;
		};
		CE3CB29A1F40F9A100FAA016 /* Debug */ = {
			isa = XCBuildConfiguration;
			buildSettings = {
				PRODUCT_NAME = "$(TARGET_NAME)";
			};
			name = Debug;
		};
		CE3CB29B1F40F9A100FAA016 /* Release */ = {
			isa = XCBuildConfiguration;
			buildSettings = {
				PRODUCT_NAME = "$(TARGET_NAME)";
			};
			name = Release;
		};
		CE423A491F534657002767E7 /* Debug */ = {
			isa = XCBuildConfiguration;
			buildSettings = {
				PRODUCT_NAME = "$(TARGET_NAME)";
			};
			name = Debug;
		};
		CE423A4A1F534657002767E7 /* Release */ = {
			isa = XCBuildConfiguration;
			buildSettings = {
				PRODUCT_NAME = "$(TARGET_NAME)";
			};
			name = Release;
		};
		CE55C1C71F944C6D00D5A326 /* Debug */ = {
			isa = XCBuildConfiguration;
			buildSettings = {
				PRODUCT_NAME = "$(TARGET_NAME)";
			};
			name = Debug;
		};
		CE55C1C81F944C6D00D5A326 /* Release */ = {
			isa = XCBuildConfiguration;
			buildSettings = {
				PRODUCT_NAME = "$(TARGET_NAME)";
			};
			name = Release;
		};
		CE8819951F91B0BE000D5AB7 /* Debug */ = {
			isa = XCBuildConfiguration;
			buildSettings = {
				PRODUCT_NAME = "$(TARGET_NAME)";
			};
			name = Debug;
		};
		CE8819961F91B0BE000D5AB7 /* Release */ = {
			isa = XCBuildConfiguration;
			buildSettings = {
				PRODUCT_NAME = "$(TARGET_NAME)";
			};
			name = Release;
		};
		CED157981C4BEA8900FBA2DE /* Debug */ = {
			isa = XCBuildConfiguration;
			buildSettings = {
				ALWAYS_SEARCH_USER_PATHS = NO;
				CLANG_WARN_BOOL_CONVERSION = YES;
				CLANG_WARN_COMMA = YES;
				CLANG_WARN_CONSTANT_CONVERSION = YES;
				CLANG_WARN_EMPTY_BODY = YES;
				CLANG_WARN_ENUM_CONVERSION = YES;
				CLANG_WARN_INFINITE_RECURSION = YES;
				CLANG_WARN_INT_CONVERSION = YES;
				CLANG_WARN_NON_LITERAL_NULL_CONVERSION = YES;
				CLANG_WARN_STRICT_PROTOTYPES = YES;
				CLANG_WARN_UNREACHABLE_CODE = YES;
				GCC_NO_COMMON_BLOCKS = YES;
				GCC_OPTIMIZATION_LEVEL = 0;
				GCC_WARN_64_TO_32_BIT_CONVERSION = YES;
				GCC_WARN_ABOUT_RETURN_TYPE = YES;
				GCC_WARN_SIGN_COMPARE = YES;
				GCC_WARN_UNINITIALIZED_AUTOS = YES;
				GCC_WARN_UNUSED_FUNCTION = YES;
				GCC_WARN_UNUSED_VARIABLE = YES;
				HEADER_SEARCH_PATHS = (
					/usr/local/include,
					/opt/local/include,
					/opt/local/include/SDL2,
				);
				LIBRARY_SEARCH_PATHS = (
					/usr/local/lib,
					/opt/local/lib,
				);
				MACOSX_DEPLOYMENT_TARGET = 10.15;
				ONLY_ACTIVE_ARCH = YES;
				VALIDATE_WORKSPACE_SKIPPED_SDK_FRAMEWORKS = OpenGL;
			};
			name = Debug;
		};
		CED157991C4BEA8900FBA2DE /* Release */ = {
			isa = XCBuildConfiguration;
			buildSettings = {
				ALWAYS_SEARCH_USER_PATHS = NO;
				CLANG_WARN_BOOL_CONVERSION = YES;
				CLANG_WARN_COMMA = YES;
				CLANG_WARN_CONSTANT_CONVERSION = YES;
				CLANG_WARN_EMPTY_BODY = YES;
				CLANG_WARN_ENUM_CONVERSION = YES;
				CLANG_WARN_INFINITE_RECURSION = YES;
				CLANG_WARN_INT_CONVERSION = YES;
				CLANG_WARN_NON_LITERAL_NULL_CONVERSION = YES;
				CLANG_WARN_STRICT_PROTOTYPES = YES;
				CLANG_WARN_UNREACHABLE_CODE = YES;
				GCC_NO_COMMON_BLOCKS = YES;
				GCC_WARN_64_TO_32_BIT_CONVERSION = YES;
				GCC_WARN_ABOUT_RETURN_TYPE = YES;
				GCC_WARN_SIGN_COMPARE = YES;
				GCC_WARN_UNINITIALIZED_AUTOS = YES;
				GCC_WARN_UNUSED_FUNCTION = YES;
				GCC_WARN_UNUSED_VARIABLE = YES;
				HEADER_SEARCH_PATHS = (
					/usr/local/include,
					/opt/local/include,
					/opt/local/include/SDL2,
				);
				LIBRARY_SEARCH_PATHS = (
					/usr/local/lib,
					/opt/local/lib,
				);
				MACOSX_DEPLOYMENT_TARGET = 10.15;
				ONLY_ACTIVE_ARCH = YES;
				VALIDATE_WORKSPACE_SKIPPED_SDK_FRAMEWORKS = OpenGL;
			};
			name = Release;
		};
		CED157D01C4BF3AC00FBA2DE /* Debug */ = {
			isa = XCBuildConfiguration;
			buildSettings = {
				EXECUTABLE_PREFIX = lib;
				PRIVATE_HEADERS_FOLDER_PATH = "/usr/local/include/$(PRODUCT_NAME)";
				PRODUCT_NAME = ObjectivelyMVC;
			};
			name = Debug;
		};
		CED157D11C4BF3AC00FBA2DE /* Release */ = {
			isa = XCBuildConfiguration;
			buildSettings = {
				EXECUTABLE_PREFIX = lib;
				PRIVATE_HEADERS_FOLDER_PATH = "/usr/local/include/$(PRODUCT_NAME)";
				PRODUCT_NAME = ObjectivelyMVC;
			};
			name = Release;
		};
/* End XCBuildConfiguration section */

/* Begin XCConfigurationList section */
		CE12D4591C4C8E8E00CD0B13 /* Build configuration list for PBXNativeTarget "ObjectivelyMVC-Hello" */ = {
			isa = XCConfigurationList;
			buildConfigurations = (
				CE12D45A1C4C8E8E00CD0B13 /* Debug */,
				CE12D45B1C4C8E8E00CD0B13 /* Release */,
			);
			defaultConfigurationIsVisible = 0;
			defaultConfigurationName = Release;
		};
		CE34C89F1FB29F700025F231 /* Build configuration list for PBXNativeTarget "ObjectivelyMVC-Stylesheet" */ = {
			isa = XCConfigurationList;
			buildConfigurations = (
				CE34C8A01FB29F700025F231 /* Debug */,
				CE34C8A11FB29F700025F231 /* Release */,
			);
			defaultConfigurationIsVisible = 0;
			defaultConfigurationName = Release;
		};
		CE3CB29C1F40F9A100FAA016 /* Build configuration list for PBXAggregateTarget "ObjectivelyMVC-Examples" */ = {
			isa = XCConfigurationList;
			buildConfigurations = (
				CE3CB29A1F40F9A100FAA016 /* Debug */,
				CE3CB29B1F40F9A100FAA016 /* Release */,
			);
			defaultConfigurationIsVisible = 0;
			defaultConfigurationName = Release;
		};
		CE423A481F534657002767E7 /* Build configuration list for PBXAggregateTarget "ObjectivelyMVC-Tests" */ = {
			isa = XCConfigurationList;
			buildConfigurations = (
				CE423A491F534657002767E7 /* Debug */,
				CE423A4A1F534657002767E7 /* Release */,
			);
			defaultConfigurationIsVisible = 0;
			defaultConfigurationName = Release;
		};
		CE55C1C61F944C6D00D5A326 /* Build configuration list for PBXNativeTarget "ObjectivelyMVC-Selector" */ = {
			isa = XCConfigurationList;
			buildConfigurations = (
				CE55C1C71F944C6D00D5A326 /* Debug */,
				CE55C1C81F944C6D00D5A326 /* Release */,
			);
			defaultConfigurationIsVisible = 0;
			defaultConfigurationName = Release;
		};
		CE8819941F91B0BE000D5AB7 /* Build configuration list for PBXNativeTarget "ObjectivelyMVC-Style" */ = {
			isa = XCConfigurationList;
			buildConfigurations = (
				CE8819951F91B0BE000D5AB7 /* Debug */,
				CE8819961F91B0BE000D5AB7 /* Release */,
			);
			defaultConfigurationIsVisible = 0;
			defaultConfigurationName = Release;
		};
		CED157961C4BEA8900FBA2DE /* Build configuration list for PBXProject "ObjectivelyMVC" */ = {
			isa = XCConfigurationList;
			buildConfigurations = (
				CED157981C4BEA8900FBA2DE /* Debug */,
				CED157991C4BEA8900FBA2DE /* Release */,
			);
			defaultConfigurationIsVisible = 0;
			defaultConfigurationName = Release;
		};
		CED157CF1C4BF3AC00FBA2DE /* Build configuration list for PBXNativeTarget "ObjectivelyMVC" */ = {
			isa = XCConfigurationList;
			buildConfigurations = (
				CED157D01C4BF3AC00FBA2DE /* Debug */,
				CED157D11C4BF3AC00FBA2DE /* Release */,
			);
			defaultConfigurationIsVisible = 0;
			defaultConfigurationName = Release;
		};
/* End XCConfigurationList section */
	};
	rootObject = CED157931C4BEA8900FBA2DE /* Project object */;
}
