// !$*UTF8*$!
{
	archiveVersion = 1;
	classes = {
	};
	objectVersion = 46;
	objects = {

/* Begin PBXBuildFile section */
		CE0943A71D60F1A300C11408 /* TableColumn.c in Sources */ = {isa = PBXBuildFile; fileRef = CE0943A61D60F1A300C11408 /* TableColumn.c */; };
		CE0943A91D60F23100C11408 /* TableColumn.h in Headers */ = {isa = PBXBuildFile; fileRef = CE0943A81D60F23100C11408 /* TableColumn.h */; settings = {ATTRIBUTES = (Public, ); }; };
		CE0943AC1D60FFEC00C11408 /* TableRowView.c in Sources */ = {isa = PBXBuildFile; fileRef = CE0943AA1D60FFEC00C11408 /* TableRowView.c */; };
		CE0943AD1D60FFEC00C11408 /* TableRowView.h in Headers */ = {isa = PBXBuildFile; fileRef = CE0943AB1D60FFEC00C11408 /* TableRowView.h */; settings = {ATTRIBUTES = (Public, ); }; };
		CE0943B01D615CF800C11408 /* TableHeaderCellView.c in Sources */ = {isa = PBXBuildFile; fileRef = CE0943AE1D615CF800C11408 /* TableHeaderCellView.c */; };
		CE0943B11D615CF800C11408 /* TableHeaderCellView.h in Headers */ = {isa = PBXBuildFile; fileRef = CE0943AF1D615CF800C11408 /* TableHeaderCellView.h */; settings = {ATTRIBUTES = (Public, ); }; };
		CE0AD09A1C77AF73003E3CF7 /* Slider.c in Sources */ = {isa = PBXBuildFile; fileRef = CE0AD0981C77AF73003E3CF7 /* Slider.c */; };
		CE0AD09B1C77AF73003E3CF7 /* Slider.h in Headers */ = {isa = PBXBuildFile; fileRef = CE0AD0991C77AF73003E3CF7 /* Slider.h */; settings = {ATTRIBUTES = (Public, ); }; };
		CE12D43C1C4C38B500CD0B13 /* Colors.c in Sources */ = {isa = PBXBuildFile; fileRef = CE12D4071C4C367100CD0B13 /* Colors.c */; };
		CE12D43D1C4C38B500CD0B13 /* Font.c in Sources */ = {isa = PBXBuildFile; fileRef = CE12D4091C4C367100CD0B13 /* Font.c */; };
		CE12D43E1C4C38B500CD0B13 /* ImageView.c in Sources */ = {isa = PBXBuildFile; fileRef = CE12D40B1C4C367100CD0B13 /* ImageView.c */; };
		CE12D43F1C4C38B500CD0B13 /* Text.c in Sources */ = {isa = PBXBuildFile; fileRef = CE12D40D1C4C367100CD0B13 /* Text.c */; };
		CE12D4401C4C38B500CD0B13 /* View.c in Sources */ = {isa = PBXBuildFile; fileRef = CE12D4231C4C367100CD0B13 /* View.c */; };
		CE12D4411C4C38B500CD0B13 /* ViewController.c in Sources */ = {isa = PBXBuildFile; fileRef = CE12D4251C4C367100CD0B13 /* ViewController.c */; };
		CE12D4421C4C38C700CD0B13 /* Colors.h in Headers */ = {isa = PBXBuildFile; fileRef = CE12D4081C4C367100CD0B13 /* Colors.h */; settings = {ATTRIBUTES = (Public, ); }; };
		CE12D4431C4C38C700CD0B13 /* Font.h in Headers */ = {isa = PBXBuildFile; fileRef = CE12D40A1C4C367100CD0B13 /* Font.h */; settings = {ATTRIBUTES = (Public, ); }; };
		CE12D4441C4C38C700CD0B13 /* ImageView.h in Headers */ = {isa = PBXBuildFile; fileRef = CE12D40C1C4C367100CD0B13 /* ImageView.h */; settings = {ATTRIBUTES = (Public, ); }; };
		CE12D4451C4C38C700CD0B13 /* Text.h in Headers */ = {isa = PBXBuildFile; fileRef = CE12D40E1C4C367100CD0B13 /* Text.h */; settings = {ATTRIBUTES = (Public, ); }; };
		CE12D4461C4C38C700CD0B13 /* View.h in Headers */ = {isa = PBXBuildFile; fileRef = CE12D4241C4C367100CD0B13 /* View.h */; settings = {ATTRIBUTES = (Public, ); }; };
		CE12D4471C4C38C700CD0B13 /* ViewController.h in Headers */ = {isa = PBXBuildFile; fileRef = CE12D4261C4C367100CD0B13 /* ViewController.h */; settings = {ATTRIBUTES = (Public, ); }; };
		CE12D4481C4C38C700CD0B13 /* ObjectivelyMVC.h in Headers */ = {isa = PBXBuildFile; fileRef = CE12D4271C4C367100CD0B13 /* ObjectivelyMVC.h */; settings = {ATTRIBUTES = (Public, ); }; };
		CE12D45C1C4C8F2400CD0B13 /* libfontconfig.1.dylib in Frameworks */ = {isa = PBXBuildFile; fileRef = CED157E31C4BF45C00FBA2DE /* libfontconfig.1.dylib */; };
		CE12D45E1C4C8F2400CD0B13 /* libSDL2_image-2.0.0.dylib in Frameworks */ = {isa = PBXBuildFile; fileRef = CED157E41C4BF45D00FBA2DE /* libSDL2_image-2.0.0.dylib */; };
		CE12D45F1C4C8F2400CD0B13 /* libSDL2_ttf-2.0.0.dylib in Frameworks */ = {isa = PBXBuildFile; fileRef = CED157E51C4BF45D00FBA2DE /* libSDL2_ttf-2.0.0.dylib */; };
		CE12D4601C4C8F2400CD0B13 /* libSDL2-2.0.0.dylib in Frameworks */ = {isa = PBXBuildFile; fileRef = CED157E61C4BF45D00FBA2DE /* libSDL2-2.0.0.dylib */; };
		CE12D4611C4C8F2A00CD0B13 /* libObjectivelyMVC.dylib in Frameworks */ = {isa = PBXBuildFile; fileRef = CED157CD1C4BF3AC00FBA2DE /* libObjectivelyMVC.dylib */; };
		CE12D4621C4C8F4800CD0B13 /* Hello.c in Sources */ = {isa = PBXBuildFile; fileRef = CE12D42B1C4C37E500CD0B13 /* Hello.c */; };
		CE12D4661C4D587E00CD0B13 /* Log.h in Headers */ = {isa = PBXBuildFile; fileRef = CE12D4651C4D587E00CD0B13 /* Log.h */; settings = {ATTRIBUTES = (Public, ); }; };
		CE12D46B1C4D810F00CD0B13 /* Button.c in Sources */ = {isa = PBXBuildFile; fileRef = CE12D4691C4D810F00CD0B13 /* Button.c */; };
		CE12D46C1C4D810F00CD0B13 /* Button.h in Headers */ = {isa = PBXBuildFile; fileRef = CE12D46A1C4D810F00CD0B13 /* Button.h */; settings = {ATTRIBUTES = (Public, ); }; };
		CE12D46F1C4D82AF00CD0B13 /* Control.c in Sources */ = {isa = PBXBuildFile; fileRef = CE12D46D1C4D82AF00CD0B13 /* Control.c */; };
		CE12D4701C4D82AF00CD0B13 /* Control.h in Headers */ = {isa = PBXBuildFile; fileRef = CE12D46E1C4D82AF00CD0B13 /* Control.h */; settings = {ATTRIBUTES = (Public, ); }; };
		CE12D4731C4DAF6100CD0B13 /* Action.c in Sources */ = {isa = PBXBuildFile; fileRef = CE12D4711C4DAF6100CD0B13 /* Action.c */; };
		CE12D4741C4DAF6100CD0B13 /* Action.h in Headers */ = {isa = PBXBuildFile; fileRef = CE12D4721C4DAF6100CD0B13 /* Action.h */; settings = {ATTRIBUTES = (Public, ); }; };
		CE12D47A1C4EAD3C00CD0B13 /* HelloViewController.c in Sources */ = {isa = PBXBuildFile; fileRef = CE12D4751C4EAD3100CD0B13 /* HelloViewController.c */; };
		CE12D47E1C4F35DF00CD0B13 /* Checkbox.c in Sources */ = {isa = PBXBuildFile; fileRef = CE12D47C1C4F35DF00CD0B13 /* Checkbox.c */; };
		CE12D47F1C4F35DF00CD0B13 /* Checkbox.h in Headers */ = {isa = PBXBuildFile; fileRef = CE12D47D1C4F35DF00CD0B13 /* Checkbox.h */; settings = {ATTRIBUTES = (Public, ); }; };
		CE12D4821C4F3A1600CD0B13 /* Image.c in Sources */ = {isa = PBXBuildFile; fileRef = CE12D4801C4F3A1600CD0B13 /* Image.c */; };
		CE12D4831C4F3A1600CD0B13 /* Image.h in Headers */ = {isa = PBXBuildFile; fileRef = CE12D4811C4F3A1600CD0B13 /* Image.h */; settings = {ATTRIBUTES = (Public, ); }; };
		CE12D4861C4F3D3500CD0B13 /* check.png in CopyFiles */ = {isa = PBXBuildFile; fileRef = CE12D4851C4F3C5900CD0B13 /* check.png */; };
		CE12D4881C4FBAC200CD0B13 /* config.h in Headers */ = {isa = PBXBuildFile; fileRef = CE12D4871C4FBAC200CD0B13 /* config.h */; };
		CE12D4951C547BDD00CD0B13 /* StackView.c in Sources */ = {isa = PBXBuildFile; fileRef = CE12D4931C547BDD00CD0B13 /* StackView.c */; };
		CE12D4961C547BDD00CD0B13 /* StackView.h in Headers */ = {isa = PBXBuildFile; fileRef = CE12D4941C547BDD00CD0B13 /* StackView.h */; settings = {ATTRIBUTES = (Public, ); }; };
		CE12D4991C55013700CD0B13 /* OpenGL.framework in Frameworks */ = {isa = PBXBuildFile; fileRef = CE12D4981C55013700CD0B13 /* OpenGL.framework */; };
		CE12D49E1C568A7600CD0B13 /* TextView.c in Sources */ = {isa = PBXBuildFile; fileRef = CE12D49C1C568A7600CD0B13 /* TextView.c */; };
		CE12D49F1C568A7600CD0B13 /* TextView.h in Headers */ = {isa = PBXBuildFile; fileRef = CE12D49D1C568A7600CD0B13 /* TextView.h */; settings = {ATTRIBUTES = (Public, ); }; };
		CE12D8741C5CF43500CD0B13 /* libObjectively.dylib in Frameworks */ = {isa = PBXBuildFile; fileRef = CE12D8731C5CF43500CD0B13 /* libObjectively.dylib */; };
		CE12D8791C5CF4C600CD0B13 /* OpenGL.framework in Frameworks */ = {isa = PBXBuildFile; fileRef = CE12D4981C55013700CD0B13 /* OpenGL.framework */; };
		CE14A8CC1C66D89900B576FB /* Select.c in Sources */ = {isa = PBXBuildFile; fileRef = CE14A8CA1C66D89900B576FB /* Select.c */; };
		CE14A8CD1C66D89900B576FB /* Select.h in Headers */ = {isa = PBXBuildFile; fileRef = CE14A8CB1C66D89900B576FB /* Select.h */; settings = {ATTRIBUTES = (Public, ); }; };
		CE14A8D01C68CE3C00B576FB /* Option.c in Sources */ = {isa = PBXBuildFile; fileRef = CE14A8CE1C68CE3C00B576FB /* Option.c */; };
		CE14A8D11C68CE3C00B576FB /* Option.h in Headers */ = {isa = PBXBuildFile; fileRef = CE14A8CF1C68CE3C00B576FB /* Option.h */; settings = {ATTRIBUTES = (Public, ); }; };
		CE562EBC1D6876AB006DF143 /* NavigationViewController.c in Sources */ = {isa = PBXBuildFile; fileRef = CE562EBA1D6876AB006DF143 /* NavigationViewController.c */; };
		CE562EBD1D6876AB006DF143 /* NavigationViewController.h in Headers */ = {isa = PBXBuildFile; fileRef = CE562EBB1D6876AB006DF143 /* NavigationViewController.h */; settings = {ATTRIBUTES = (Public, ); }; };
		CE562EC01D6A08DD006DF143 /* CollectionView.c in Sources */ = {isa = PBXBuildFile; fileRef = CE562EBE1D6A08DD006DF143 /* CollectionView.c */; };
		CE562EC11D6A08DD006DF143 /* CollectionView.h in Headers */ = {isa = PBXBuildFile; fileRef = CE562EBF1D6A08DD006DF143 /* CollectionView.h */; settings = {ATTRIBUTES = (Public, ); }; };
		CE562EC41D6A0A17006DF143 /* CollectionItemView.c in Sources */ = {isa = PBXBuildFile; fileRef = CE562EC21D6A0A17006DF143 /* CollectionItemView.c */; };
		CE562EC51D6A0A17006DF143 /* CollectionItemView.h in Headers */ = {isa = PBXBuildFile; fileRef = CE562EC31D6A0A17006DF143 /* CollectionItemView.h */; settings = {ATTRIBUTES = (Public, ); }; };
		CE66037B1CBBF93E00EB86CF /* ScrollView.c in Sources */ = {isa = PBXBuildFile; fileRef = CE6603791CBBF93E00EB86CF /* ScrollView.c */; };
		CE66037C1CBBF93E00EB86CF /* ScrollView.h in Headers */ = {isa = PBXBuildFile; fileRef = CE66037A1CBBF93E00EB86CF /* ScrollView.h */; settings = {ATTRIBUTES = (Public, ); }; };
		CE6BC16F1D79B3840070FB2D /* HelloViewController.json in CopyFiles */ = {isa = PBXBuildFile; fileRef = CE6BC16E1D79B2920070FB2D /* HelloViewController.json */; };
		CE6BC17E1D821B0D0070FB2D /* Label.c in Sources */ = {isa = PBXBuildFile; fileRef = CE6BC17C1D821B0D0070FB2D /* Label.c */; };
		CE6BC17F1D821B0D0070FB2D /* Label.h in Headers */ = {isa = PBXBuildFile; fileRef = CE6BC17D1D821B0D0070FB2D /* Label.h */; settings = {ATTRIBUTES = (Public, ); }; };
		CE76279E1D4A5A5800EEEE78 /* Renderer.c in Sources */ = {isa = PBXBuildFile; fileRef = CE76279C1D4A5A5800EEEE78 /* Renderer.c */; };
		CE76279F1D4A5A5800EEEE78 /* Renderer.h in Headers */ = {isa = PBXBuildFile; fileRef = CE76279D1D4A5A5800EEEE78 /* Renderer.h */; settings = {ATTRIBUTES = (Public, ); }; };
		CE8E7FF61C7FAD9100F4C3D4 /* Input.c in Sources */ = {isa = PBXBuildFile; fileRef = CE8E7FF41C7FAD9100F4C3D4 /* Input.c */; };
		CE8E7FF71C7FAD9100F4C3D4 /* Input.h in Headers */ = {isa = PBXBuildFile; fileRef = CE8E7FF51C7FAD9100F4C3D4 /* Input.h */; settings = {ATTRIBUTES = (Public, ); }; };
		CE8E7FFA1C84E36100F4C3D4 /* TableView.c in Sources */ = {isa = PBXBuildFile; fileRef = CE8E7FF81C84E36100F4C3D4 /* TableView.c */; };
		CE8E7FFB1C84E36100F4C3D4 /* TableView.h in Headers */ = {isa = PBXBuildFile; fileRef = CE8E7FF91C84E36100F4C3D4 /* TableView.h */; settings = {ATTRIBUTES = (Public, ); }; };
		CE8E7FFE1C84E8DA00F4C3D4 /* TableHeaderView.c in Sources */ = {isa = PBXBuildFile; fileRef = CE8E7FFC1C84E8DA00F4C3D4 /* TableHeaderView.c */; };
		CE8E7FFF1C84E8DA00F4C3D4 /* TableHeaderView.h in Headers */ = {isa = PBXBuildFile; fileRef = CE8E7FFD1C84E8DA00F4C3D4 /* TableHeaderView.h */; settings = {ATTRIBUTES = (Public, ); }; };
		CE8E80021C84F25400F4C3D4 /* TableCellView.c in Sources */ = {isa = PBXBuildFile; fileRef = CE8E80001C84F25400F4C3D4 /* TableCellView.c */; };
		CE8E80031C84F25400F4C3D4 /* TableCellView.h in Headers */ = {isa = PBXBuildFile; fileRef = CE8E80011C84F25400F4C3D4 /* TableCellView.h */; settings = {ATTRIBUTES = (Public, ); }; };
		CED157E71C4BF45D00FBA2DE /* libfontconfig.1.dylib in Frameworks */ = {isa = PBXBuildFile; fileRef = CED157E31C4BF45C00FBA2DE /* libfontconfig.1.dylib */; };
		CED157E81C4BF45D00FBA2DE /* libSDL2_image-2.0.0.dylib in Frameworks */ = {isa = PBXBuildFile; fileRef = CED157E41C4BF45D00FBA2DE /* libSDL2_image-2.0.0.dylib */; };
		CED157E91C4BF45D00FBA2DE /* libSDL2_ttf-2.0.0.dylib in Frameworks */ = {isa = PBXBuildFile; fileRef = CED157E51C4BF45D00FBA2DE /* libSDL2_ttf-2.0.0.dylib */; };
		CED157EA1C4BF45D00FBA2DE /* libSDL2-2.0.0.dylib in Frameworks */ = {isa = PBXBuildFile; fileRef = CED157E61C4BF45D00FBA2DE /* libSDL2-2.0.0.dylib */; };
		CEF1D88E1D4265A70099A857 /* Panel.h in Headers */ = {isa = PBXBuildFile; fileRef = CEF1D88C1D4265A70099A857 /* Panel.h */; settings = {ATTRIBUTES = (Public, ); }; };
		CEF1D88F1D426F8C0099A857 /* Panel.c in Sources */ = {isa = PBXBuildFile; fileRef = CEF1D88B1D4265A70099A857 /* Panel.c */; };
		CEF1D8911D4270150099A857 /* libObjectively.dylib in Frameworks */ = {isa = PBXBuildFile; fileRef = CEF1D8901D4270150099A857 /* libObjectively.dylib */; };
		CEF1D8931D42A2C70099A857 /* resize.png in CopyFiles */ = {isa = PBXBuildFile; fileRef = CEF1D8921D429F7A0099A857 /* resize.png */; };
		CEF1D8A01D440C7B0099A857 /* Box.c in Sources */ = {isa = PBXBuildFile; fileRef = CEF1D89E1D440C7B0099A857 /* Box.c */; };
		CEF1D8A11D440C7B0099A857 /* Box.h in Headers */ = {isa = PBXBuildFile; fileRef = CEF1D89F1D440C7B0099A857 /* Box.h */; settings = {ATTRIBUTES = (Public, ); }; };
		CEF1D8AC1D4630D20099A857 /* WindowController.c in Sources */ = {isa = PBXBuildFile; fileRef = CEF1D8AA1D4630D20099A857 /* WindowController.c */; };
		CEF1D8AD1D4630D20099A857 /* WindowController.h in Headers */ = {isa = PBXBuildFile; fileRef = CEF1D8AB1D4630D20099A857 /* WindowController.h */; settings = {ATTRIBUTES = (Public, ); }; };
/* End PBXBuildFile section */

/* Begin PBXContainerItemProxy section */
		CE12D4631C4C8F5400CD0B13 /* PBXContainerItemProxy */ = {
			isa = PBXContainerItemProxy;
			containerPortal = CED157931C4BEA8900FBA2DE /* Project object */;
			proxyType = 1;
			remoteGlobalIDString = CED157CC1C4BF3AC00FBA2DE;
			remoteInfo = "ObjectivelyMVC-Xcode";
		};
/* End PBXContainerItemProxy section */

/* Begin PBXCopyFilesBuildPhase section */
		CE12D4531C4C8E8E00CD0B13 /* CopyFiles */ = {
			isa = PBXCopyFilesBuildPhase;
			buildActionMask = 12;
			dstPath = "";
			dstSubfolderSpec = 7;
			files = (
				CE6BC16F1D79B3840070FB2D /* HelloViewController.json in CopyFiles */,
				CEF1D8931D42A2C70099A857 /* resize.png in CopyFiles */,
				CE12D4861C4F3D3500CD0B13 /* check.png in CopyFiles */,
			);
			runOnlyForDeploymentPostprocessing = 0;
		};
/* End PBXCopyFilesBuildPhase section */

/* Begin PBXFileReference section */
		CE0943A61D60F1A300C11408 /* TableColumn.c */ = {isa = PBXFileReference; fileEncoding = 4; lastKnownFileType = sourcecode.c.c; path = TableColumn.c; sourceTree = "<group>"; };
		CE0943A81D60F23100C11408 /* TableColumn.h */ = {isa = PBXFileReference; fileEncoding = 4; lastKnownFileType = sourcecode.c.h; path = TableColumn.h; sourceTree = "<group>"; };
		CE0943AA1D60FFEC00C11408 /* TableRowView.c */ = {isa = PBXFileReference; fileEncoding = 4; lastKnownFileType = sourcecode.c.c; path = TableRowView.c; sourceTree = "<group>"; };
		CE0943AB1D60FFEC00C11408 /* TableRowView.h */ = {isa = PBXFileReference; fileEncoding = 4; lastKnownFileType = sourcecode.c.h; path = TableRowView.h; sourceTree = "<group>"; };
		CE0943AE1D615CF800C11408 /* TableHeaderCellView.c */ = {isa = PBXFileReference; fileEncoding = 4; lastKnownFileType = sourcecode.c.c; path = TableHeaderCellView.c; sourceTree = "<group>"; };
		CE0943AF1D615CF800C11408 /* TableHeaderCellView.h */ = {isa = PBXFileReference; fileEncoding = 4; lastKnownFileType = sourcecode.c.h; path = TableHeaderCellView.h; sourceTree = "<group>"; };
		CE0AD0971C7241DE003E3CF7 /* styles.css */ = {isa = PBXFileReference; fileEncoding = 4; lastKnownFileType = text.css; path = styles.css; sourceTree = "<group>"; };
		CE0AD0981C77AF73003E3CF7 /* Slider.c */ = {isa = PBXFileReference; fileEncoding = 4; lastKnownFileType = sourcecode.c.c; path = Slider.c; sourceTree = "<group>"; };
		CE0AD0991C77AF73003E3CF7 /* Slider.h */ = {isa = PBXFileReference; fileEncoding = 4; lastKnownFileType = sourcecode.c.h; path = Slider.h; sourceTree = "<group>"; };
		CE12D4071C4C367100CD0B13 /* Colors.c */ = {isa = PBXFileReference; fileEncoding = 4; lastKnownFileType = sourcecode.c.c; path = Colors.c; sourceTree = "<group>"; };
		CE12D4081C4C367100CD0B13 /* Colors.h */ = {isa = PBXFileReference; fileEncoding = 4; lastKnownFileType = sourcecode.c.h; path = Colors.h; sourceTree = "<group>"; };
		CE12D4091C4C367100CD0B13 /* Font.c */ = {isa = PBXFileReference; fileEncoding = 4; lastKnownFileType = sourcecode.c.c; path = Font.c; sourceTree = "<group>"; };
		CE12D40A1C4C367100CD0B13 /* Font.h */ = {isa = PBXFileReference; fileEncoding = 4; lastKnownFileType = sourcecode.c.h; path = Font.h; sourceTree = "<group>"; };
		CE12D40B1C4C367100CD0B13 /* ImageView.c */ = {isa = PBXFileReference; fileEncoding = 4; lastKnownFileType = sourcecode.c.c; path = ImageView.c; sourceTree = "<group>"; };
		CE12D40C1C4C367100CD0B13 /* ImageView.h */ = {isa = PBXFileReference; fileEncoding = 4; lastKnownFileType = sourcecode.c.h; path = ImageView.h; sourceTree = "<group>"; };
		CE12D40D1C4C367100CD0B13 /* Text.c */ = {isa = PBXFileReference; fileEncoding = 4; lastKnownFileType = sourcecode.c.c; path = Text.c; sourceTree = "<group>"; };
		CE12D40E1C4C367100CD0B13 /* Text.h */ = {isa = PBXFileReference; fileEncoding = 4; lastKnownFileType = sourcecode.c.h; path = Text.h; sourceTree = "<group>"; };
		CE12D4211C4C367100CD0B13 /* Makefile.am */ = {isa = PBXFileReference; fileEncoding = 4; lastKnownFileType = text; path = Makefile.am; sourceTree = "<group>"; };
		CE12D4231C4C367100CD0B13 /* View.c */ = {isa = PBXFileReference; fileEncoding = 4; lastKnownFileType = sourcecode.c.c; path = View.c; sourceTree = "<group>"; };
		CE12D4241C4C367100CD0B13 /* View.h */ = {isa = PBXFileReference; fileEncoding = 4; lastKnownFileType = sourcecode.c.h; path = View.h; sourceTree = "<group>"; };
		CE12D4251C4C367100CD0B13 /* ViewController.c */ = {isa = PBXFileReference; fileEncoding = 4; lastKnownFileType = sourcecode.c.c; path = ViewController.c; sourceTree = "<group>"; };
		CE12D4261C4C367100CD0B13 /* ViewController.h */ = {isa = PBXFileReference; fileEncoding = 4; lastKnownFileType = sourcecode.c.h; path = ViewController.h; sourceTree = "<group>"; };
		CE12D4271C4C367100CD0B13 /* ObjectivelyMVC.h */ = {isa = PBXFileReference; fileEncoding = 4; lastKnownFileType = sourcecode.c.h; path = ObjectivelyMVC.h; sourceTree = "<group>"; };
		CE12D42B1C4C37E500CD0B13 /* Hello.c */ = {isa = PBXFileReference; fileEncoding = 4; lastKnownFileType = sourcecode.c.c; path = Hello.c; sourceTree = "<group>"; };
		CE12D42D1C4C383D00CD0B13 /* Makefile.am */ = {isa = PBXFileReference; fileEncoding = 4; lastKnownFileType = text; path = Makefile.am; sourceTree = "<group>"; };
		CE12D4551C4C8E8E00CD0B13 /* ObjectivelyMVC-Hello */ = {isa = PBXFileReference; explicitFileType = "compiled.mach-o.executable"; includeInIndex = 0; path = "ObjectivelyMVC-Hello"; sourceTree = BUILT_PRODUCTS_DIR; };
		CE12D4651C4D587E00CD0B13 /* Log.h */ = {isa = PBXFileReference; fileEncoding = 4; lastKnownFileType = sourcecode.c.h; path = Log.h; sourceTree = "<group>"; };
		CE12D4691C4D810F00CD0B13 /* Button.c */ = {isa = PBXFileReference; fileEncoding = 4; lastKnownFileType = sourcecode.c.c; path = Button.c; sourceTree = "<group>"; };
		CE12D46A1C4D810F00CD0B13 /* Button.h */ = {isa = PBXFileReference; fileEncoding = 4; lastKnownFileType = sourcecode.c.h; path = Button.h; sourceTree = "<group>"; };
		CE12D46D1C4D82AF00CD0B13 /* Control.c */ = {isa = PBXFileReference; fileEncoding = 4; lastKnownFileType = sourcecode.c.c; path = Control.c; sourceTree = "<group>"; };
		CE12D46E1C4D82AF00CD0B13 /* Control.h */ = {isa = PBXFileReference; fileEncoding = 4; lastKnownFileType = sourcecode.c.h; path = Control.h; sourceTree = "<group>"; };
		CE12D4711C4DAF6100CD0B13 /* Action.c */ = {isa = PBXFileReference; fileEncoding = 4; lastKnownFileType = sourcecode.c.c; path = Action.c; sourceTree = "<group>"; };
		CE12D4721C4DAF6100CD0B13 /* Action.h */ = {isa = PBXFileReference; fileEncoding = 4; lastKnownFileType = sourcecode.c.h; path = Action.h; sourceTree = "<group>"; };
		CE12D4751C4EAD3100CD0B13 /* HelloViewController.c */ = {isa = PBXFileReference; fileEncoding = 4; lastKnownFileType = sourcecode.c.c; path = HelloViewController.c; sourceTree = "<group>"; };
		CE12D4761C4EAD3100CD0B13 /* HelloViewController.h */ = {isa = PBXFileReference; fileEncoding = 4; lastKnownFileType = sourcecode.c.h; path = HelloViewController.h; sourceTree = "<group>"; };
		CE12D47C1C4F35DF00CD0B13 /* Checkbox.c */ = {isa = PBXFileReference; fileEncoding = 4; lastKnownFileType = sourcecode.c.c; path = Checkbox.c; sourceTree = "<group>"; };
		CE12D47D1C4F35DF00CD0B13 /* Checkbox.h */ = {isa = PBXFileReference; fileEncoding = 4; lastKnownFileType = sourcecode.c.h; path = Checkbox.h; sourceTree = "<group>"; };
		CE12D4801C4F3A1600CD0B13 /* Image.c */ = {isa = PBXFileReference; fileEncoding = 4; lastKnownFileType = sourcecode.c.c; path = Image.c; sourceTree = "<group>"; };
		CE12D4811C4F3A1600CD0B13 /* Image.h */ = {isa = PBXFileReference; fileEncoding = 4; lastKnownFileType = sourcecode.c.h; path = Image.h; sourceTree = "<group>"; };
		CE12D4851C4F3C5900CD0B13 /* check.png */ = {isa = PBXFileReference; lastKnownFileType = image.png; path = check.png; sourceTree = "<group>"; };
		CE12D4871C4FBAC200CD0B13 /* config.h */ = {isa = PBXFileReference; fileEncoding = 4; lastKnownFileType = sourcecode.c.h; path = config.h; sourceTree = "<group>"; };
		CE12D4891C4FBC1D00CD0B13 /* config.h.in */ = {isa = PBXFileReference; fileEncoding = 4; lastKnownFileType = text; path = config.h.in; sourceTree = "<group>"; };
		CE12D48F1C505FB400CD0B13 /* index.md */ = {isa = PBXFileReference; fileEncoding = 4; lastKnownFileType = net.daringfireball.markdown; path = index.md; sourceTree = "<group>"; };
		CE12D4901C505FB400CD0B13 /* layout.xml */ = {isa = PBXFileReference; fileEncoding = 4; lastKnownFileType = text.xml; path = layout.xml; sourceTree = "<group>"; };
		CE12D4921C50605000CD0B13 /* Doxyfile */ = {isa = PBXFileReference; fileEncoding = 4; lastKnownFileType = text; path = Doxyfile; sourceTree = "<group>"; };
		CE12D4931C547BDD00CD0B13 /* StackView.c */ = {isa = PBXFileReference; fileEncoding = 4; lastKnownFileType = sourcecode.c.c; path = StackView.c; sourceTree = "<group>"; };
		CE12D4941C547BDD00CD0B13 /* StackView.h */ = {isa = PBXFileReference; fileEncoding = 4; lastKnownFileType = sourcecode.c.h; path = StackView.h; sourceTree = "<group>"; };
		CE12D4981C55013700CD0B13 /* OpenGL.framework */ = {isa = PBXFileReference; lastKnownFileType = wrapper.framework; name = OpenGL.framework; path = System/Library/Frameworks/OpenGL.framework; sourceTree = SDKROOT; };
		CE12D49A1C5506F700CD0B13 /* GLUT.framework */ = {isa = PBXFileReference; lastKnownFileType = wrapper.framework; name = GLUT.framework; path = System/Library/Frameworks/GLUT.framework; sourceTree = SDKROOT; };
		CE12D49C1C568A7600CD0B13 /* TextView.c */ = {isa = PBXFileReference; fileEncoding = 4; lastKnownFileType = sourcecode.c.c; path = TextView.c; sourceTree = "<group>"; };
		CE12D49D1C568A7600CD0B13 /* TextView.h */ = {isa = PBXFileReference; fileEncoding = 4; lastKnownFileType = sourcecode.c.h; path = TextView.h; sourceTree = "<group>"; };
		CE12D8731C5CF43500CD0B13 /* libObjectively.dylib */ = {isa = PBXFileReference; lastKnownFileType = "compiled.mach-o.dylib"; name = libObjectively.dylib; path = "../../Library/Developer/Xcode/DerivedData/ObjectivelyMVC-fspcccelrviltualajoobfoxkekj/Build/Products/Debug/libObjectively.dylib"; sourceTree = "<group>"; };
		CE14A8CA1C66D89900B576FB /* Select.c */ = {isa = PBXFileReference; fileEncoding = 4; lastKnownFileType = sourcecode.c.c; path = Select.c; sourceTree = "<group>"; };
		CE14A8CB1C66D89900B576FB /* Select.h */ = {isa = PBXFileReference; fileEncoding = 4; lastKnownFileType = sourcecode.c.h; path = Select.h; sourceTree = "<group>"; };
		CE14A8CE1C68CE3C00B576FB /* Option.c */ = {isa = PBXFileReference; fileEncoding = 4; lastKnownFileType = sourcecode.c.c; path = Option.c; sourceTree = "<group>"; };
		CE14A8CF1C68CE3C00B576FB /* Option.h */ = {isa = PBXFileReference; fileEncoding = 4; lastKnownFileType = sourcecode.c.h; path = Option.h; sourceTree = "<group>"; };
		CE562EBA1D6876AB006DF143 /* NavigationViewController.c */ = {isa = PBXFileReference; fileEncoding = 4; lastKnownFileType = sourcecode.c.c; path = NavigationViewController.c; sourceTree = "<group>"; };
		CE562EBB1D6876AB006DF143 /* NavigationViewController.h */ = {isa = PBXFileReference; fileEncoding = 4; lastKnownFileType = sourcecode.c.h; path = NavigationViewController.h; sourceTree = "<group>"; };
		CE562EBE1D6A08DD006DF143 /* CollectionView.c */ = {isa = PBXFileReference; fileEncoding = 4; lastKnownFileType = sourcecode.c.c; path = CollectionView.c; sourceTree = "<group>"; };
		CE562EBF1D6A08DD006DF143 /* CollectionView.h */ = {isa = PBXFileReference; fileEncoding = 4; lastKnownFileType = sourcecode.c.h; path = CollectionView.h; sourceTree = "<group>"; };
		CE562EC21D6A0A17006DF143 /* CollectionItemView.c */ = {isa = PBXFileReference; fileEncoding = 4; lastKnownFileType = sourcecode.c.c; path = CollectionItemView.c; sourceTree = "<group>"; };
		CE562EC31D6A0A17006DF143 /* CollectionItemView.h */ = {isa = PBXFileReference; fileEncoding = 4; lastKnownFileType = sourcecode.c.h; path = CollectionItemView.h; sourceTree = "<group>"; };
		CE5BD5921D3EDD7400C43B85 /* ObjectivelyMVC.pc.in */ = {isa = PBXFileReference; fileEncoding = 4; lastKnownFileType = text; path = ObjectivelyMVC.pc.in; sourceTree = "<group>"; };
		CE6603791CBBF93E00EB86CF /* ScrollView.c */ = {isa = PBXFileReference; fileEncoding = 4; lastKnownFileType = sourcecode.c.c; path = ScrollView.c; sourceTree = "<group>"; };
		CE66037A1CBBF93E00EB86CF /* ScrollView.h */ = {isa = PBXFileReference; fileEncoding = 4; lastKnownFileType = sourcecode.c.h; path = ScrollView.h; sourceTree = "<group>"; };
		CE6BC16E1D79B2920070FB2D /* HelloViewController.json */ = {isa = PBXFileReference; fileEncoding = 4; lastKnownFileType = text.json; path = HelloViewController.json; sourceTree = "<group>"; };
		CE6BC17C1D821B0D0070FB2D /* Label.c */ = {isa = PBXFileReference; fileEncoding = 4; lastKnownFileType = sourcecode.c.c; path = Label.c; sourceTree = "<group>"; };
		CE6BC17D1D821B0D0070FB2D /* Label.h */ = {isa = PBXFileReference; fileEncoding = 4; lastKnownFileType = sourcecode.c.h; path = Label.h; sourceTree = "<group>"; };
		CE76279C1D4A5A5800EEEE78 /* Renderer.c */ = {isa = PBXFileReference; fileEncoding = 4; lastKnownFileType = sourcecode.c.c; path = Renderer.c; sourceTree = "<group>"; };
		CE76279D1D4A5A5800EEEE78 /* Renderer.h */ = {isa = PBXFileReference; fileEncoding = 4; lastKnownFileType = sourcecode.c.h; path = Renderer.h; sourceTree = "<group>"; };
		CE7EA4CC1D479A9000BD37A3 /* demo.gif */ = {isa = PBXFileReference; lastKnownFileType = image.gif; path = demo.gif; sourceTree = "<group>"; };
		CE7EA4CD1D479A9000BD37A3 /* quetoo.jpg */ = {isa = PBXFileReference; lastKnownFileType = image.jpeg; path = quetoo.jpg; sourceTree = "<group>"; };
		CE8E7FF41C7FAD9100F4C3D4 /* Input.c */ = {isa = PBXFileReference; fileEncoding = 4; lastKnownFileType = sourcecode.c.c; lineEnding = 0; path = Input.c; sourceTree = "<group>"; xcLanguageSpecificationIdentifier = xcode.lang.c; };
		CE8E7FF51C7FAD9100F4C3D4 /* Input.h */ = {isa = PBXFileReference; fileEncoding = 4; lastKnownFileType = sourcecode.c.h; lineEnding = 0; path = Input.h; sourceTree = "<group>"; xcLanguageSpecificationIdentifier = xcode.lang.objcpp; };
		CE8E7FF81C84E36100F4C3D4 /* TableView.c */ = {isa = PBXFileReference; fileEncoding = 4; lastKnownFileType = sourcecode.c.c; path = TableView.c; sourceTree = "<group>"; };
		CE8E7FF91C84E36100F4C3D4 /* TableView.h */ = {isa = PBXFileReference; fileEncoding = 4; lastKnownFileType = sourcecode.c.h; path = TableView.h; sourceTree = "<group>"; };
		CE8E7FFC1C84E8DA00F4C3D4 /* TableHeaderView.c */ = {isa = PBXFileReference; fileEncoding = 4; lastKnownFileType = sourcecode.c.c; path = TableHeaderView.c; sourceTree = "<group>"; };
		CE8E7FFD1C84E8DA00F4C3D4 /* TableHeaderView.h */ = {isa = PBXFileReference; fileEncoding = 4; lastKnownFileType = sourcecode.c.h; path = TableHeaderView.h; sourceTree = "<group>"; };
		CE8E80001C84F25400F4C3D4 /* TableCellView.c */ = {isa = PBXFileReference; fileEncoding = 4; lastKnownFileType = sourcecode.c.c; path = TableCellView.c; sourceTree = "<group>"; };
		CE8E80011C84F25400F4C3D4 /* TableCellView.h */ = {isa = PBXFileReference; fileEncoding = 4; lastKnownFileType = sourcecode.c.h; path = TableCellView.h; sourceTree = "<group>"; };
		CED1579D1C4BF32A00FBA2DE /* configure.ac */ = {isa = PBXFileReference; fileEncoding = 4; lastKnownFileType = text; path = configure.ac; sourceTree = "<group>"; };
		CED1579E1C4BF32A00FBA2DE /* Makefile.am */ = {isa = PBXFileReference; fileEncoding = 4; lastKnownFileType = text; path = Makefile.am; sourceTree = "<group>"; };
		CED1579F1C4BF32A00FBA2DE /* README.md */ = {isa = PBXFileReference; fileEncoding = 4; lastKnownFileType = net.daringfireball.markdown; path = README.md; sourceTree = "<group>"; };
		CED157B51C4BF32A00FBA2DE /* Makefile.am */ = {isa = PBXFileReference; fileEncoding = 4; lastKnownFileType = text; path = Makefile.am; sourceTree = "<group>"; };
		CED157CD1C4BF3AC00FBA2DE /* libObjectivelyMVC.dylib */ = {isa = PBXFileReference; explicitFileType = "compiled.mach-o.dylib"; includeInIndex = 0; path = libObjectivelyMVC.dylib; sourceTree = BUILT_PRODUCTS_DIR; };
		CED157E31C4BF45C00FBA2DE /* libfontconfig.1.dylib */ = {isa = PBXFileReference; lastKnownFileType = "compiled.mach-o.dylib"; name = libfontconfig.1.dylib; path = /opt/local/lib/libfontconfig.1.dylib; sourceTree = "<absolute>"; };
		CED157E41C4BF45D00FBA2DE /* libSDL2_image-2.0.0.dylib */ = {isa = PBXFileReference; lastKnownFileType = "compiled.mach-o.dylib"; name = "libSDL2_image-2.0.0.dylib"; path = "/opt/local/lib/libSDL2_image-2.0.0.dylib"; sourceTree = "<absolute>"; };
		CED157E51C4BF45D00FBA2DE /* libSDL2_ttf-2.0.0.dylib */ = {isa = PBXFileReference; lastKnownFileType = "compiled.mach-o.dylib"; name = "libSDL2_ttf-2.0.0.dylib"; path = "/opt/local/lib/libSDL2_ttf-2.0.0.dylib"; sourceTree = "<absolute>"; };
		CED157E61C4BF45D00FBA2DE /* libSDL2-2.0.0.dylib */ = {isa = PBXFileReference; lastKnownFileType = "compiled.mach-o.dylib"; name = "libSDL2-2.0.0.dylib"; path = "/opt/local/lib/libSDL2-2.0.0.dylib"; sourceTree = "<absolute>"; };
		CEF1D88B1D4265A70099A857 /* Panel.c */ = {isa = PBXFileReference; fileEncoding = 4; lastKnownFileType = sourcecode.c.c; path = Panel.c; sourceTree = "<group>"; };
		CEF1D88C1D4265A70099A857 /* Panel.h */ = {isa = PBXFileReference; fileEncoding = 4; lastKnownFileType = sourcecode.c.h; path = Panel.h; sourceTree = "<group>"; };
		CEF1D8901D4270150099A857 /* libObjectively.dylib */ = {isa = PBXFileReference; lastKnownFileType = "compiled.mach-o.dylib"; name = libObjectively.dylib; path = "../../Library/Developer/Xcode/DerivedData/Quetoo-eijmznjiunzbaafulkyjapfulhqz/Build/Products/Debug/libObjectively.dylib"; sourceTree = "<group>"; };
		CEF1D8921D429F7A0099A857 /* resize.png */ = {isa = PBXFileReference; lastKnownFileType = image.png; path = resize.png; sourceTree = "<group>"; };
		CEF1D8941D42ABCA0099A857 /* Makefile.am */ = {isa = PBXFileReference; fileEncoding = 4; lastKnownFileType = text; path = Makefile.am; sourceTree = "<group>"; };
		CEF1D89E1D440C7B0099A857 /* Box.c */ = {isa = PBXFileReference; fileEncoding = 4; lastKnownFileType = sourcecode.c.c; path = Box.c; sourceTree = "<group>"; };
		CEF1D89F1D440C7B0099A857 /* Box.h */ = {isa = PBXFileReference; fileEncoding = 4; lastKnownFileType = sourcecode.c.h; path = Box.h; sourceTree = "<group>"; };
		CEF1D8AA1D4630D20099A857 /* WindowController.c */ = {isa = PBXFileReference; fileEncoding = 4; lastKnownFileType = sourcecode.c.c; path = WindowController.c; sourceTree = "<group>"; };
		CEF1D8AB1D4630D20099A857 /* WindowController.h */ = {isa = PBXFileReference; fileEncoding = 4; lastKnownFileType = sourcecode.c.h; path = WindowController.h; sourceTree = "<group>"; };
		CEF1D8BB1D4704950099A857 /* Types.h */ = {isa = PBXFileReference; lastKnownFileType = sourcecode.c.h; path = Types.h; sourceTree = "<group>"; };
/* End PBXFileReference section */

/* Begin PBXFrameworksBuildPhase section */
		CE12D4521C4C8E8E00CD0B13 /* Frameworks */ = {
			isa = PBXFrameworksBuildPhase;
			buildActionMask = 2147483647;
			files = (
				CEF1D8911D4270150099A857 /* libObjectively.dylib in Frameworks */,
				CE12D4611C4C8F2A00CD0B13 /* libObjectivelyMVC.dylib in Frameworks */,
				CE12D4991C55013700CD0B13 /* OpenGL.framework in Frameworks */,
				CE12D45C1C4C8F2400CD0B13 /* libfontconfig.1.dylib in Frameworks */,
				CE12D45E1C4C8F2400CD0B13 /* libSDL2_image-2.0.0.dylib in Frameworks */,
				CE12D45F1C4C8F2400CD0B13 /* libSDL2_ttf-2.0.0.dylib in Frameworks */,
				CE12D4601C4C8F2400CD0B13 /* libSDL2-2.0.0.dylib in Frameworks */,
			);
			runOnlyForDeploymentPostprocessing = 0;
		};
		CED157CA1C4BF3AC00FBA2DE /* Frameworks */ = {
			isa = PBXFrameworksBuildPhase;
			buildActionMask = 2147483647;
			files = (
				CE12D8741C5CF43500CD0B13 /* libObjectively.dylib in Frameworks */,
				CE12D8791C5CF4C600CD0B13 /* OpenGL.framework in Frameworks */,
				CED157E71C4BF45D00FBA2DE /* libfontconfig.1.dylib in Frameworks */,
				CED157E81C4BF45D00FBA2DE /* libSDL2_image-2.0.0.dylib in Frameworks */,
				CED157E91C4BF45D00FBA2DE /* libSDL2_ttf-2.0.0.dylib in Frameworks */,
				CED157EA1C4BF45D00FBA2DE /* libSDL2-2.0.0.dylib in Frameworks */,
			);
			runOnlyForDeploymentPostprocessing = 0;
		};
/* End PBXFrameworksBuildPhase section */

/* Begin PBXGroup section */
		CE12D3DE1C4C367100CD0B13 /* ObjectivelyMVC */ = {
			isa = PBXGroup;
			children = (
				CE12D4711C4DAF6100CD0B13 /* Action.c */,
				CE12D4721C4DAF6100CD0B13 /* Action.h */,
				CEF1D89E1D440C7B0099A857 /* Box.c */,
				CEF1D89F1D440C7B0099A857 /* Box.h */,
				CE12D4691C4D810F00CD0B13 /* Button.c */,
				CE12D46A1C4D810F00CD0B13 /* Button.h */,
				CE12D47C1C4F35DF00CD0B13 /* Checkbox.c */,
				CE12D47D1C4F35DF00CD0B13 /* Checkbox.h */,
				CE562EC21D6A0A17006DF143 /* CollectionItemView.c */,
				CE562EC31D6A0A17006DF143 /* CollectionItemView.h */,
				CE562EBE1D6A08DD006DF143 /* CollectionView.c */,
				CE562EBF1D6A08DD006DF143 /* CollectionView.h */,
				CE12D4071C4C367100CD0B13 /* Colors.c */,
				CE12D4081C4C367100CD0B13 /* Colors.h */,
				CE12D46D1C4D82AF00CD0B13 /* Control.c */,
				CE12D46E1C4D82AF00CD0B13 /* Control.h */,
				CE12D4091C4C367100CD0B13 /* Font.c */,
				CE12D40A1C4C367100CD0B13 /* Font.h */,
				CE12D4801C4F3A1600CD0B13 /* Image.c */,
				CE12D4811C4F3A1600CD0B13 /* Image.h */,
				CE12D40B1C4C367100CD0B13 /* ImageView.c */,
				CE12D40C1C4C367100CD0B13 /* ImageView.h */,
				CE8E7FF41C7FAD9100F4C3D4 /* Input.c */,
				CE8E7FF51C7FAD9100F4C3D4 /* Input.h */,
				CE6BC17C1D821B0D0070FB2D /* Label.c */,
				CE6BC17D1D821B0D0070FB2D /* Label.h */,
				CE12D4651C4D587E00CD0B13 /* Log.h */,
				CE12D4211C4C367100CD0B13 /* Makefile.am */,
				CE562EBA1D6876AB006DF143 /* NavigationViewController.c */,
				CE562EBB1D6876AB006DF143 /* NavigationViewController.h */,
				CE14A8CE1C68CE3C00B576FB /* Option.c */,
				CE14A8CF1C68CE3C00B576FB /* Option.h */,
				CEF1D88B1D4265A70099A857 /* Panel.c */,
				CEF1D88C1D4265A70099A857 /* Panel.h */,
				CE76279C1D4A5A5800EEEE78 /* Renderer.c */,
				CE76279D1D4A5A5800EEEE78 /* Renderer.h */,
				CE6603791CBBF93E00EB86CF /* ScrollView.c */,
				CE66037A1CBBF93E00EB86CF /* ScrollView.h */,
				CE14A8CA1C66D89900B576FB /* Select.c */,
				CE14A8CB1C66D89900B576FB /* Select.h */,
				CE0AD0981C77AF73003E3CF7 /* Slider.c */,
				CE0AD0991C77AF73003E3CF7 /* Slider.h */,
				CE12D4931C547BDD00CD0B13 /* StackView.c */,
				CE12D4941C547BDD00CD0B13 /* StackView.h */,
				CE8E80001C84F25400F4C3D4 /* TableCellView.c */,
				CE8E80011C84F25400F4C3D4 /* TableCellView.h */,
				CE0943A61D60F1A300C11408 /* TableColumn.c */,
				CE0943A81D60F23100C11408 /* TableColumn.h */,
				CE0943AE1D615CF800C11408 /* TableHeaderCellView.c */,
				CE0943AF1D615CF800C11408 /* TableHeaderCellView.h */,
				CE8E7FFC1C84E8DA00F4C3D4 /* TableHeaderView.c */,
				CE8E7FFD1C84E8DA00F4C3D4 /* TableHeaderView.h */,
				CE0943AA1D60FFEC00C11408 /* TableRowView.c */,
				CE0943AB1D60FFEC00C11408 /* TableRowView.h */,
				CE8E7FF81C84E36100F4C3D4 /* TableView.c */,
				CE8E7FF91C84E36100F4C3D4 /* TableView.h */,
				CE12D40D1C4C367100CD0B13 /* Text.c */,
				CE12D40E1C4C367100CD0B13 /* Text.h */,
				CE12D49C1C568A7600CD0B13 /* TextView.c */,
				CE12D49D1C568A7600CD0B13 /* TextView.h */,
				CEF1D8BB1D4704950099A857 /* Types.h */,
				CE12D4231C4C367100CD0B13 /* View.c */,
				CE12D4241C4C367100CD0B13 /* View.h */,
				CE12D4251C4C367100CD0B13 /* ViewController.c */,
				CE12D4261C4C367100CD0B13 /* ViewController.h */,
				CEF1D8AA1D4630D20099A857 /* WindowController.c */,
				CEF1D8AB1D4630D20099A857 /* WindowController.h */,
			);
			path = ObjectivelyMVC;
			sourceTree = "<group>";
		};
		CE12D4281C4C375300CD0B13 /* Tests */ = {
			isa = PBXGroup;
			children = (
				CE12D4291C4C377B00CD0B13 /* ObjectivelyMVC */,
			);
			path = Tests;
			sourceTree = "<group>";
		};
		CE12D4291C4C377B00CD0B13 /* ObjectivelyMVC */ = {
			isa = PBXGroup;
			children = (
			);
			path = ObjectivelyMVC;
			sourceTree = "<group>";
		};
		CE12D42A1C4C37CD00CD0B13 /* Examples */ = {
			isa = PBXGroup;
			children = (
				CE12D42B1C4C37E500CD0B13 /* Hello.c */,
				CE6BC16E1D79B2920070FB2D /* HelloViewController.json */,
				CE12D4751C4EAD3100CD0B13 /* HelloViewController.c */,
				CE12D4761C4EAD3100CD0B13 /* HelloViewController.h */,
				CE12D42D1C4C383D00CD0B13 /* Makefile.am */,
			);
			path = Examples;
			sourceTree = "<group>";
		};
		CE12D4841C4F3C5900CD0B13 /* Assets */ = {
			isa = PBXGroup;
			children = (
				CE12D4851C4F3C5900CD0B13 /* check.png */,
				CEF1D8921D429F7A0099A857 /* resize.png */,
				CEF1D8941D42ABCA0099A857 /* Makefile.am */,
			);
			path = Assets;
			sourceTree = "<group>";
		};
		CE12D48E1C505FB400CD0B13 /* Documentation */ = {
			isa = PBXGroup;
			children = (
				CE7EA4CC1D479A9000BD37A3 /* demo.gif */,
				CE12D48F1C505FB400CD0B13 /* index.md */,
				CE12D4901C505FB400CD0B13 /* layout.xml */,
				CE7EA4CD1D479A9000BD37A3 /* quetoo.jpg */,
				CE0AD0971C7241DE003E3CF7 /* styles.css */,
			);
			path = Documentation;
			sourceTree = "<group>";
		};
		CE12D4971C55012200CD0B13 /* Frameworks */ = {
			isa = PBXGroup;
			children = (
				CEF1D8901D4270150099A857 /* libObjectively.dylib */,
				CE12D49A1C5506F700CD0B13 /* GLUT.framework */,
				CE12D4981C55013700CD0B13 /* OpenGL.framework */,
			);
			name = Frameworks;
			sourceTree = "<group>";
		};
		CED157921C4BEA8900FBA2DE = {
			isa = PBXGroup;
			children = (
				CE12D4841C4F3C5900CD0B13 /* Assets */,
				CE12D48E1C505FB400CD0B13 /* Documentation */,
				CE12D42A1C4C37CD00CD0B13 /* Examples */,
				CE12D4971C55012200CD0B13 /* Frameworks */,
				CED157F01C4BF89A00FBA2DE /* Libraries */,
				CED157CE1C4BF3AC00FBA2DE /* Products */,
				CED157A01C4BF32A00FBA2DE /* Sources */,
				CE12D4281C4C375300CD0B13 /* Tests */,
				CE12D4871C4FBAC200CD0B13 /* config.h */,
				CE12D4891C4FBC1D00CD0B13 /* config.h.in */,
				CED1579D1C4BF32A00FBA2DE /* configure.ac */,
				CE12D4921C50605000CD0B13 /* Doxyfile */,
				CED1579E1C4BF32A00FBA2DE /* Makefile.am */,
				CED1579F1C4BF32A00FBA2DE /* README.md */,
			);
			sourceTree = "<group>";
		};
		CED157A01C4BF32A00FBA2DE /* Sources */ = {
			isa = PBXGroup;
			children = (
				CE12D3DE1C4C367100CD0B13 /* ObjectivelyMVC */,
				CE12D4271C4C367100CD0B13 /* ObjectivelyMVC.h */,
				CE5BD5921D3EDD7400C43B85 /* ObjectivelyMVC.pc.in */,
				CED157B51C4BF32A00FBA2DE /* Makefile.am */,
			);
			path = Sources;
			sourceTree = "<group>";
		};
		CED157CE1C4BF3AC00FBA2DE /* Products */ = {
			isa = PBXGroup;
			children = (
				CED157CD1C4BF3AC00FBA2DE /* libObjectivelyMVC.dylib */,
				CE12D4551C4C8E8E00CD0B13 /* ObjectivelyMVC-Hello */,
			);
			name = Products;
			sourceTree = "<group>";
		};
		CED157F01C4BF89A00FBA2DE /* Libraries */ = {
			isa = PBXGroup;
			children = (
				CED157E31C4BF45C00FBA2DE /* libfontconfig.1.dylib */,
				CE12D8731C5CF43500CD0B13 /* libObjectively.dylib */,
				CED157E41C4BF45D00FBA2DE /* libSDL2_image-2.0.0.dylib */,
				CED157E51C4BF45D00FBA2DE /* libSDL2_ttf-2.0.0.dylib */,
				CED157E61C4BF45D00FBA2DE /* libSDL2-2.0.0.dylib */,
			);
			name = Libraries;
			sourceTree = "<group>";
		};
/* End PBXGroup section */

/* Begin PBXHeadersBuildPhase section */
		CED157CB1C4BF3AC00FBA2DE /* Headers */ = {
			isa = PBXHeadersBuildPhase;
			buildActionMask = 2147483647;
			files = (
				CE12D4741C4DAF6100CD0B13 /* Action.h in Headers */,
				CEF1D8A11D440C7B0099A857 /* Box.h in Headers */,
				CE12D46C1C4D810F00CD0B13 /* Button.h in Headers */,
				CE12D47F1C4F35DF00CD0B13 /* Checkbox.h in Headers */,
				CE562EC51D6A0A17006DF143 /* CollectionItemView.h in Headers */,
				CE562EC11D6A08DD006DF143 /* CollectionView.h in Headers */,
				CE12D4421C4C38C700CD0B13 /* Colors.h in Headers */,
				CE12D4701C4D82AF00CD0B13 /* Control.h in Headers */,
				CE12D4431C4C38C700CD0B13 /* Font.h in Headers */,
				CE12D4831C4F3A1600CD0B13 /* Image.h in Headers */,
				CE12D4441C4C38C700CD0B13 /* ImageView.h in Headers */,
				CE6BC17F1D821B0D0070FB2D /* Label.h in Headers */,
				CE12D4661C4D587E00CD0B13 /* Log.h in Headers */,
				CE8E7FF71C7FAD9100F4C3D4 /* Input.h in Headers */,
				CE562EBD1D6876AB006DF143 /* NavigationViewController.h in Headers */,
				CE12D4481C4C38C700CD0B13 /* ObjectivelyMVC.h in Headers */,
				CE14A8D11C68CE3C00B576FB /* Option.h in Headers */,
				CEF1D88E1D4265A70099A857 /* Panel.h in Headers */,
				CE76279F1D4A5A5800EEEE78 /* Renderer.h in Headers */,
				CE66037C1CBBF93E00EB86CF /* ScrollView.h in Headers */,
				CE14A8CD1C66D89900B576FB /* Select.h in Headers */,
				CE0AD09B1C77AF73003E3CF7 /* Slider.h in Headers */,
				CE12D4961C547BDD00CD0B13 /* StackView.h in Headers */,
				CE8E80031C84F25400F4C3D4 /* TableCellView.h in Headers */,
				CE0943A91D60F23100C11408 /* TableColumn.h in Headers */,
				CE0943B11D615CF800C11408 /* TableHeaderCellView.h in Headers */,
				CE8E7FFF1C84E8DA00F4C3D4 /* TableHeaderView.h in Headers */,
				CE0943AD1D60FFEC00C11408 /* TableRowView.h in Headers */,
				CE8E7FFB1C84E36100F4C3D4 /* TableView.h in Headers */,
				CE12D4451C4C38C700CD0B13 /* Text.h in Headers */,
				CE12D49F1C568A7600CD0B13 /* TextView.h in Headers */,
				CE12D4471C4C38C700CD0B13 /* ViewController.h in Headers */,
				CE12D4461C4C38C700CD0B13 /* View.h in Headers */,
				CEF1D8AD1D4630D20099A857 /* WindowController.h in Headers */,
				CE12D4881C4FBAC200CD0B13 /* config.h in Headers */,
			);
			runOnlyForDeploymentPostprocessing = 0;
		};
/* End PBXHeadersBuildPhase section */

/* Begin PBXNativeTarget section */
		CE12D4541C4C8E8E00CD0B13 /* ObjectivelyMVC-Hello */ = {
			isa = PBXNativeTarget;
			buildConfigurationList = CE12D4591C4C8E8E00CD0B13 /* Build configuration list for PBXNativeTarget "ObjectivelyMVC-Hello" */;
			buildPhases = (
				CE12D4511C4C8E8E00CD0B13 /* Sources */,
				CE12D4521C4C8E8E00CD0B13 /* Frameworks */,
				CE12D4531C4C8E8E00CD0B13 /* CopyFiles */,
			);
			buildRules = (
			);
			dependencies = (
				CE12D4641C4C8F5400CD0B13 /* PBXTargetDependency */,
			);
			name = "ObjectivelyMVC-Hello";
			productName = HelloMVC;
			productReference = CE12D4551C4C8E8E00CD0B13 /* ObjectivelyMVC-Hello */;
			productType = "com.apple.product-type.tool";
		};
		CED157CC1C4BF3AC00FBA2DE /* ObjectivelyMVC */ = {
			isa = PBXNativeTarget;
			buildConfigurationList = CED157CF1C4BF3AC00FBA2DE /* Build configuration list for PBXNativeTarget "ObjectivelyMVC" */;
			buildPhases = (
				CED157C91C4BF3AC00FBA2DE /* Sources */,
				CED157CA1C4BF3AC00FBA2DE /* Frameworks */,
				CED157CB1C4BF3AC00FBA2DE /* Headers */,
			);
			buildRules = (
			);
			dependencies = (
			);
			name = ObjectivelyMVC;
			productName = "SDL_mvc-Xcode";
			productReference = CED157CD1C4BF3AC00FBA2DE /* libObjectivelyMVC.dylib */;
			productType = "com.apple.product-type.library.dynamic";
		};
/* End PBXNativeTarget section */

/* Begin PBXProject section */
		CED157931C4BEA8900FBA2DE /* Project object */ = {
			isa = PBXProject;
			attributes = {
				LastUpgradeCheck = 0730;
				ORGANIZATIONNAME = "https://github.com/jdolan";
				TargetAttributes = {
					CE12D4541C4C8E8E00CD0B13 = {
						CreatedOnToolsVersion = 7.2;
					};
					CED157CC1C4BF3AC00FBA2DE = {
						CreatedOnToolsVersion = 7.2;
					};
				};
			};
			buildConfigurationList = CED157961C4BEA8900FBA2DE /* Build configuration list for PBXProject "ObjectivelyMVC" */;
			compatibilityVersion = "Xcode 3.2";
			developmentRegion = English;
			hasScannedForEncodings = 0;
			knownRegions = (
				en,
			);
			mainGroup = CED157921C4BEA8900FBA2DE;
			productRefGroup = CED157CE1C4BF3AC00FBA2DE /* Products */;
			projectDirPath = "";
			projectRoot = "";
			targets = (
				CED157CC1C4BF3AC00FBA2DE /* ObjectivelyMVC */,
				CE12D4541C4C8E8E00CD0B13 /* ObjectivelyMVC-Hello */,
			);
		};
/* End PBXProject section */

/* Begin PBXSourcesBuildPhase section */
		CE12D4511C4C8E8E00CD0B13 /* Sources */ = {
			isa = PBXSourcesBuildPhase;
			buildActionMask = 2147483647;
			files = (
				CE12D4621C4C8F4800CD0B13 /* Hello.c in Sources */,
				CE12D47A1C4EAD3C00CD0B13 /* HelloViewController.c in Sources */,
			);
			runOnlyForDeploymentPostprocessing = 0;
		};
		CED157C91C4BF3AC00FBA2DE /* Sources */ = {
			isa = PBXSourcesBuildPhase;
			buildActionMask = 2147483647;
			files = (
				CEF1D8AC1D4630D20099A857 /* WindowController.c in Sources */,
				CE0943A71D60F1A300C11408 /* TableColumn.c in Sources */,
				CE12D4731C4DAF6100CD0B13 /* Action.c in Sources */,
				CE12D46B1C4D810F00CD0B13 /* Button.c in Sources */,
				CE0943B01D615CF800C11408 /* TableHeaderCellView.c in Sources */,
				CE12D47E1C4F35DF00CD0B13 /* Checkbox.c in Sources */,
				CE12D43C1C4C38B500CD0B13 /* Colors.c in Sources */,
				CE12D46F1C4D82AF00CD0B13 /* Control.c in Sources */,
				CE12D43D1C4C38B500CD0B13 /* Font.c in Sources */,
				CE12D4821C4F3A1600CD0B13 /* Image.c in Sources */,
				CE12D43E1C4C38B500CD0B13 /* ImageView.c in Sources */,
				CE0943AC1D60FFEC00C11408 /* TableRowView.c in Sources */,
				CE562EC41D6A0A17006DF143 /* CollectionItemView.c in Sources */,
				CE562EBC1D6876AB006DF143 /* NavigationViewController.c in Sources */,
				CE8E7FF61C7FAD9100F4C3D4 /* Input.c in Sources */,
				CE14A8D01C68CE3C00B576FB /* Option.c in Sources */,
				CE76279E1D4A5A5800EEEE78 /* Renderer.c in Sources */,
				CEF1D88F1D426F8C0099A857 /* Panel.c in Sources */,
				CE66037B1CBBF93E00EB86CF /* ScrollView.c in Sources */,
				CE14A8CC1C66D89900B576FB /* Select.c in Sources */,
				CE0AD09A1C77AF73003E3CF7 /* Slider.c in Sources */,
				CE562EC01D6A08DD006DF143 /* CollectionView.c in Sources */,
				CEF1D8A01D440C7B0099A857 /* Box.c in Sources */,
				CE12D4951C547BDD00CD0B13 /* StackView.c in Sources */,
				CE6BC17E1D821B0D0070FB2D /* Label.c in Sources */,
				CE8E80021C84F25400F4C3D4 /* TableCellView.c in Sources */,
				CE8E7FFE1C84E8DA00F4C3D4 /* TableHeaderView.c in Sources */,
				CE8E7FFA1C84E36100F4C3D4 /* TableView.c in Sources */,
				CE12D43F1C4C38B500CD0B13 /* Text.c in Sources */,
				CE12D49E1C568A7600CD0B13 /* TextView.c in Sources */,
				CE12D4401C4C38B500CD0B13 /* View.c in Sources */,
				CE12D4411C4C38B500CD0B13 /* ViewController.c in Sources */,
			);
			runOnlyForDeploymentPostprocessing = 0;
		};
/* End PBXSourcesBuildPhase section */

/* Begin PBXTargetDependency section */
		CE12D4641C4C8F5400CD0B13 /* PBXTargetDependency */ = {
			isa = PBXTargetDependency;
			target = CED157CC1C4BF3AC00FBA2DE /* ObjectivelyMVC */;
			targetProxy = CE12D4631C4C8F5400CD0B13 /* PBXContainerItemProxy */;
		};
/* End PBXTargetDependency section */

/* Begin XCBuildConfiguration section */
		CE12D45A1C4C8E8E00CD0B13 /* Debug */ = {
			isa = XCBuildConfiguration;
			buildSettings = {
				DEBUG_INFORMATION_FORMAT = dwarf;
				ENABLE_TESTABILITY = YES;
				LIBRARY_SEARCH_PATHS = (
					"$(inherited)",
					/opt/local/lib,
				);
				PRODUCT_NAME = "$(TARGET_NAME)";
			};
			name = Debug;
		};
		CE12D45B1C4C8E8E00CD0B13 /* Release */ = {
			isa = XCBuildConfiguration;
			buildSettings = {
				DEBUG_INFORMATION_FORMAT = "dwarf-with-dsym";
				LIBRARY_SEARCH_PATHS = (
					"$(inherited)",
					/opt/local/lib,
				);
				PRODUCT_NAME = "$(TARGET_NAME)";
			};
			name = Release;
		};
		CED157981C4BEA8900FBA2DE /* Debug */ = {
			isa = XCBuildConfiguration;
			buildSettings = {
				CLANG_CXX_LANGUAGE_STANDARD = "gnu++0x";
				CLANG_CXX_LIBRARY = "libc++";
				CLANG_ENABLE_OBJC_ARC = YES;
				CLANG_WARN_DIRECT_OBJC_ISA_USAGE = YES_ERROR;
				CLANG_WARN_EMPTY_BODY = YES;
				CLANG_WARN_OBJC_ROOT_CLASS = YES_ERROR;
				CLANG_WARN_UNREACHABLE_CODE = YES;
				CLANG_WARN__DUPLICATE_METHOD_MATCH = YES;
				COPY_PHASE_STRIP = NO;
				ENABLE_STRICT_OBJC_MSGSEND = YES;
				ENABLE_TESTABILITY = YES;
				GCC_C_LANGUAGE_STANDARD = gnu99;
				GCC_OPTIMIZATION_LEVEL = 0;
				GCC_PREPROCESSOR_DEFINITIONS = (
					"DEBUG=1",
					"$(inherited)",
				);
				GCC_WARN_UNDECLARED_SELECTOR = YES;
				GCC_WARN_UNINITIALIZED_AUTOS = YES;
				GCC_WARN_UNUSED_FUNCTION = YES;
				GCC_WARN_UNUSED_VARIABLE = YES;
				HEADER_SEARCH_PATHS = (
					/usr/local/include,
					/opt/local/include,
				);
				LIBRARY_SEARCH_PATHS = (
					/usr/local/lib,
					/opt/local/lib,
				);
				MTL_ENABLE_DEBUG_INFO = YES;
				ONLY_ACTIVE_ARCH = YES;
				OTHER_CFLAGS = "-I$(SRCROOT)/Sources";
				USER_HEADER_SEARCH_PATHS = "$(SRCROOT)/Sources";
				USE_HEADERMAP = NO;
			};
			name = Debug;
		};
		CED157991C4BEA8900FBA2DE /* Release */ = {
			isa = XCBuildConfiguration;
			buildSettings = {
				CLANG_CXX_LANGUAGE_STANDARD = "gnu++0x";
				CLANG_CXX_LIBRARY = "libc++";
				CLANG_ENABLE_OBJC_ARC = YES;
				CLANG_WARN_DIRECT_OBJC_ISA_USAGE = YES_ERROR;
				CLANG_WARN_EMPTY_BODY = YES;
				CLANG_WARN_OBJC_ROOT_CLASS = YES_ERROR;
				CLANG_WARN_UNREACHABLE_CODE = YES;
				CLANG_WARN__DUPLICATE_METHOD_MATCH = YES;
				COPY_PHASE_STRIP = NO;
				ENABLE_NS_ASSERTIONS = NO;
				ENABLE_STRICT_OBJC_MSGSEND = YES;
				GCC_C_LANGUAGE_STANDARD = gnu99;
				GCC_OPTIMIZATION_LEVEL = 0;
				GCC_WARN_UNDECLARED_SELECTOR = YES;
				GCC_WARN_UNINITIALIZED_AUTOS = YES;
				GCC_WARN_UNUSED_FUNCTION = YES;
				GCC_WARN_UNUSED_VARIABLE = YES;
				HEADER_SEARCH_PATHS = (
					/usr/local/include,
					/opt/local/include,
				);
				LIBRARY_SEARCH_PATHS = (
					/usr/local/lib,
					/opt/local/lib,
				);
				MTL_ENABLE_DEBUG_INFO = NO;
				ONLY_ACTIVE_ARCH = YES;
				OTHER_CFLAGS = "-I$(SRCROOT)/Sources";
				USER_HEADER_SEARCH_PATHS = "$(SRCROOT)/Sources";
				USE_HEADERMAP = NO;
			};
			name = Release;
		};
		CED157D01C4BF3AC00FBA2DE /* Debug */ = {
			isa = XCBuildConfiguration;
			buildSettings = {
				CODE_SIGN_IDENTITY = "-";
				COMBINE_HIDPI_IMAGES = YES;
				DYLIB_COMPATIBILITY_VERSION = 1;
				DYLIB_CURRENT_VERSION = 1;
				EXECUTABLE_PREFIX = lib;
				MACOSX_DEPLOYMENT_TARGET = 10.11;
				PRODUCT_NAME = ObjectivelyMVC;
			};
			name = Debug;
		};
		CED157D11C4BF3AC00FBA2DE /* Release */ = {
			isa = XCBuildConfiguration;
			buildSettings = {
				CODE_SIGN_IDENTITY = "-";
				COMBINE_HIDPI_IMAGES = YES;
				DYLIB_COMPATIBILITY_VERSION = 1;
				DYLIB_CURRENT_VERSION = 1;
				EXECUTABLE_PREFIX = lib;
				MACOSX_DEPLOYMENT_TARGET = 10.11;
				PRODUCT_NAME = ObjectivelyMVC;
			};
			name = Release;
		};
/* End XCBuildConfiguration section */

/* Begin XCConfigurationList section */
		CE12D4591C4C8E8E00CD0B13 /* Build configuration list for PBXNativeTarget "ObjectivelyMVC-Hello" */ = {
			isa = XCConfigurationList;
			buildConfigurations = (
				CE12D45A1C4C8E8E00CD0B13 /* Debug */,
				CE12D45B1C4C8E8E00CD0B13 /* Release */,
			);
			defaultConfigurationIsVisible = 0;
			defaultConfigurationName = Release;
		};
		CED157961C4BEA8900FBA2DE /* Build configuration list for PBXProject "ObjectivelyMVC" */ = {
			isa = XCConfigurationList;
			buildConfigurations = (
				CED157981C4BEA8900FBA2DE /* Debug */,
				CED157991C4BEA8900FBA2DE /* Release */,
			);
			defaultConfigurationIsVisible = 0;
			defaultConfigurationName = Release;
		};
		CED157CF1C4BF3AC00FBA2DE /* Build configuration list for PBXNativeTarget "ObjectivelyMVC" */ = {
			isa = XCConfigurationList;
			buildConfigurations = (
				CED157D01C4BF3AC00FBA2DE /* Debug */,
				CED157D11C4BF3AC00FBA2DE /* Release */,
			);
			defaultConfigurationIsVisible = 0;
			defaultConfigurationName = Release;
		};
/* End XCConfigurationList section */
	};
	rootObject = CED157931C4BEA8900FBA2DE /* Project object */;
}
